{
  "version": 4,
  "terraform_version": "1.13.0",
  "serial": 306,
  "lineage": "585cf19d-31a2-378b-86bf-11299034d19b",
  "outputs": {},
  "resources": [
    {
      "mode": "managed",
      "type": "aws_cloudwatch_metric_alarm",
      "name": "Auto-Scaling-groups-per-region",
      "provider": "provider[\"registry.terraform.io/hashicorp/aws\"]",
      "instances": [
        {
          "schema_version": 1,
          "attributes": {
            "actions_enabled": true,
            "alarm_actions": [
              "arn:aws:sns:us-west-2:585008069642:service-quota"
            ],
            "alarm_description": "This alarm triggers when 80% of the applied Service Quota limit is reached.",
            "alarm_name": "Service: autoscaling | Quota: Auto Scaling groups per region",
            "arn": "arn:aws:cloudwatch:us-west-2:585008069642:alarm:Service: autoscaling | Quota: Auto Scaling groups per region",
            "comparison_operator": "GreaterThanOrEqualToThreshold",
            "datapoints_to_alarm": 5,
            "dimensions": null,
            "evaluate_low_sample_count_percentiles": "",
            "evaluation_periods": 5,
            "extended_statistic": "",
            "id": "Service: autoscaling | Quota: Auto Scaling groups per region",
            "insufficient_data_actions": null,
            "metric_name": "",
            "metric_query": [
              {
                "account_id": "",
                "expression": "",
                "id": "usage_data",
                "label": "",
                "metric": [
                  {
                    "dimensions": {
                      "Class": "None",
                      "Resource": "NumberOfAutoScalingGroup",
                      "Service": "AutoScaling",
                      "Type": "Resource"
                    },
                    "metric_name": "ResourceCount",
                    "namespace": "AWS/Usage",
                    "period": 60,
                    "stat": "Maximum",
                    "unit": ""
                  }
                ],
                "period": 0,
                "return_data": false
              },
              {
                "account_id": "",
                "expression": "(usage_data/SERVICE_QUOTA(usage_data))*100",
                "id": "pct_utilization",
                "label": "% Utilization",
                "metric": [],
                "period": null,
                "return_data": true
              }
            ],
            "namespace": "",
            "ok_actions": null,
            "period": 0,
            "statistic": "",
            "tags": null,
            "tags_all": {},
            "threshold": 80,
            "threshold_metric_id": "",
            "treat_missing_data": "missing",
            "unit": ""
          },
          "sensitive_attributes": [],
          "identity_schema_version": 0,
          "private": "eyJzY2hlbWFfdmVyc2lvbiI6IjEifQ==",
          "dependencies": [
            "aws_sns_topic.sns"
          ]
        }
      ]
    },
    {
      "mode": "managed",
      "type": "aws_cloudwatch_metric_alarm",
      "name": "Maximum-number-of-applications",
      "provider": "provider[\"registry.terraform.io/hashicorp/aws\"]",
      "instances": [
        {
          "schema_version": 1,
          "attributes": {
            "actions_enabled": true,
            "alarm_actions": [
              "arn:aws:sns:us-west-2:585008069642:service-quota"
            ],
            "alarm_description": "This alarm triggers when 80% of the applied Service Quota limit is reached.",
            "alarm_name": "Service: appconfig | Quota: Maximum number of applications",
            "arn": "arn:aws:cloudwatch:us-west-2:585008069642:alarm:Service: appconfig | Quota: Maximum number of applications",
            "comparison_operator": "GreaterThanOrEqualToThreshold",
            "datapoints_to_alarm": 5,
            "dimensions": null,
            "evaluate_low_sample_count_percentiles": "",
            "evaluation_periods": 5,
            "extended_statistic": "",
            "id": "Service: appconfig | Quota: Maximum number of applications",
            "insufficient_data_actions": null,
            "metric_name": "",
            "metric_query": [
              {
                "account_id": "",
                "expression": "",
                "id": "usage_data",
                "label": "",
                "metric": [
                  {
                    "dimensions": {
                      "Class": "None",
                      "Resource": "Application",
                      "Service": "AWS AppConfig",
                      "Type": "Resource"
                    },
                    "metric_name": "ResourceCount",
                    "namespace": "AWS/Usage",
                    "period": 60,
                    "stat": "Maximum",
                    "unit": ""
                  }
                ],
                "period": 0,
                "return_data": false
              },
              {
                "account_id": "",
                "expression": "(usage_data/SERVICE_QUOTA(usage_data))*100",
                "id": "pct_utilization",
                "label": "% Utilization",
                "metric": [],
                "period": null,
                "return_data": true
              }
            ],
            "namespace": "",
            "ok_actions": null,
            "period": 0,
            "statistic": "",
            "tags": null,
            "tags_all": {},
            "threshold": 80,
            "threshold_metric_id": "",
            "treat_missing_data": "missing",
            "unit": ""
          },
          "sensitive_attributes": [],
          "identity_schema_version": 0,
          "private": "eyJzY2hlbWFfdmVyc2lvbiI6IjEifQ==",
          "dependencies": [
            "aws_sns_topic.sns"
          ]
        }
      ]
    },
    {
      "mode": "managed",
      "type": "aws_cloudwatch_metric_alarm",
      "name": "Maximum-number-of-deployment-strategies",
      "provider": "provider[\"registry.terraform.io/hashicorp/aws\"]",
      "instances": [
        {
          "schema_version": 1,
          "attributes": {
            "actions_enabled": true,
            "alarm_actions": [
              "arn:aws:sns:us-west-2:585008069642:service-quota"
            ],
            "alarm_description": "This alarm triggers when 80% of the applied Service Quota limit is reached.",
            "alarm_name": "Service: appconfig | Quota: Maximum number of deployment strategies",
            "arn": "arn:aws:cloudwatch:us-west-2:585008069642:alarm:Service: appconfig | Quota: Maximum number of deployment strategies",
            "comparison_operator": "GreaterThanOrEqualToThreshold",
            "datapoints_to_alarm": 5,
            "dimensions": null,
            "evaluate_low_sample_count_percentiles": "",
            "evaluation_periods": 5,
            "extended_statistic": "",
            "id": "Service: appconfig | Quota: Maximum number of deployment strategies",
            "insufficient_data_actions": null,
            "metric_name": "",
            "metric_query": [
              {
                "account_id": "",
                "expression": "",
                "id": "usage_data",
                "label": "",
                "metric": [
                  {
                    "dimensions": {
                      "Class": "None",
                      "Resource": "DeploymentStrategy",
                      "Service": "AWS AppConfig",
                      "Type": "Resource"
                    },
                    "metric_name": "ResourceCount",
                    "namespace": "AWS/Usage",
                    "period": 60,
                    "stat": "Maximum",
                    "unit": ""
                  }
                ],
                "period": 0,
                "return_data": false
              },
              {
                "account_id": "",
                "expression": "(usage_data/SERVICE_QUOTA(usage_data))*100",
                "id": "pct_utilization",
                "label": "% Utilization",
                "metric": [],
                "period": null,
                "return_data": true
              }
            ],
            "namespace": "",
            "ok_actions": null,
            "period": 0,
            "statistic": "",
            "tags": null,
            "tags_all": {},
            "threshold": 80,
            "threshold_metric_id": "",
            "treat_missing_data": "missing",
            "unit": ""
          },
          "sensitive_attributes": [],
          "identity_schema_version": 0,
          "private": "eyJzY2hlbWFfdmVyc2lvbiI6IjEifQ==",
          "dependencies": [
            "aws_sns_topic.sns"
          ]
        }
      ]
    },
    {
      "mode": "managed",
      "type": "aws_cloudwatch_metric_alarm",
      "name": "application-load-balancers-per-region",
      "provider": "provider[\"registry.terraform.io/hashicorp/aws\"]",
      "instances": [
        {
          "schema_version": 1,
          "attributes": {
            "actions_enabled": true,
            "alarm_actions": [
              "arn:aws:sns:us-west-2:585008069642:service-quota"
            ],
            "alarm_description": "This alarm triggers when 80% of the applied Service Quota limit is reached.",
            "alarm_name": "Service: elasticloadbalancing | Quota: Application Load Balancers per Region",
            "arn": "arn:aws:cloudwatch:us-west-2:585008069642:alarm:Service: elasticloadbalancing | Quota: Application Load Balancers per Region",
            "comparison_operator": "GreaterThanOrEqualToThreshold",
            "datapoints_to_alarm": 5,
            "dimensions": null,
            "evaluate_low_sample_count_percentiles": "",
            "evaluation_periods": 5,
            "extended_statistic": "",
            "id": "Service: elasticloadbalancing | Quota: Application Load Balancers per Region",
            "insufficient_data_actions": null,
            "metric_name": "",
            "metric_query": [
              {
                "account_id": "",
                "expression": "",
                "id": "usage_data",
                "label": "",
                "metric": [
                  {
                    "dimensions": {
                      "Class": "None",
                      "Resource": "ApplicationLoadBalancersPerRegion",
                      "Service": "Elastic Load Balancing",
                      "Type": "Resource"
                    },
                    "metric_name": "ResourceCount",
                    "namespace": "AWS/Usage",
                    "period": 60,
                    "stat": "Maximum",
                    "unit": ""
                  }
                ],
                "period": 0,
                "return_data": false
              },
              {
                "account_id": "",
                "expression": "(usage_data/SERVICE_QUOTA(usage_data))*100",
                "id": "pct_utilization",
                "label": "% Utilization",
                "metric": [],
                "period": null,
                "return_data": true
              }
            ],
            "namespace": "",
            "ok_actions": null,
            "period": 0,
            "statistic": "",
            "tags": null,
            "tags_all": {},
            "threshold": 80,
            "threshold_metric_id": "",
            "treat_missing_data": "missing",
            "unit": ""
          },
          "sensitive_attributes": [],
          "identity_schema_version": 0,
          "private": "eyJzY2hlbWFfdmVyc2lvbiI6IjEifQ==",
          "dependencies": [
            "aws_sns_topic.sns"
          ]
        }
      ]
    },
    {
      "mode": "managed",
      "type": "aws_cloudwatch_metric_alarm",
      "name": "certificates-per-application-load-balancer",
      "provider": "provider[\"registry.terraform.io/hashicorp/aws\"]",
      "instances": [
        {
          "schema_version": 1,
          "attributes": {
            "actions_enabled": true,
            "alarm_actions": [
              "arn:aws:sns:us-west-2:585008069642:service-quota"
            ],
            "alarm_description": "This alarm triggers when 80% of the applied Service Quota limit is reached.",
            "alarm_name": "Service: elasticloadbalancing | Quota: Certificates per Application Load Balancer",
            "arn": "arn:aws:cloudwatch:us-west-2:585008069642:alarm:Service: elasticloadbalancing | Quota: Certificates per Application Load Balancer",
            "comparison_operator": "GreaterThanOrEqualToThreshold",
            "datapoints_to_alarm": 5,
            "dimensions": null,
            "evaluate_low_sample_count_percentiles": "",
            "evaluation_periods": 5,
            "extended_statistic": "",
            "id": "Service: elasticloadbalancing | Quota: Certificates per Application Load Balancer",
            "insufficient_data_actions": null,
            "metric_name": "",
            "metric_query": [
              {
                "account_id": "",
                "expression": "",
                "id": "usage_data",
                "label": "",
                "metric": [
                  {
                    "dimensions": {
                      "Class": "None",
                      "Resource": "CertificatesPerApplicationLoadBalancer",
                      "Service": "Elastic Load Balancing",
                      "Type": "Resource"
                    },
                    "metric_name": "ResourceCount",
                    "namespace": "AWS/Usage",
                    "period": 60,
                    "stat": "Maximum",
                    "unit": ""
                  }
                ],
                "period": 0,
                "return_data": false
              },
              {
                "account_id": "",
                "expression": "(usage_data/SERVICE_QUOTA(usage_data))*100",
                "id": "pct_utilization",
                "label": "% Utilization",
                "metric": [],
                "period": null,
                "return_data": true
              }
            ],
            "namespace": "",
            "ok_actions": null,
            "period": 0,
            "statistic": "",
            "tags": null,
            "tags_all": {},
            "threshold": 80,
            "threshold_metric_id": "",
            "treat_missing_data": "missing",
            "unit": ""
          },
          "sensitive_attributes": [],
          "identity_schema_version": 0,
          "private": "eyJzY2hlbWFfdmVyc2lvbiI6IjEifQ==",
          "dependencies": [
            "aws_sns_topic.sns"
          ]
        }
      ]
    },
    {
      "mode": "managed",
      "type": "aws_cloudwatch_metric_alarm",
      "name": "certificates-per-network-load-balancer",
      "provider": "provider[\"registry.terraform.io/hashicorp/aws\"]",
      "instances": [
        {
          "schema_version": 1,
          "attributes": {
            "actions_enabled": true,
            "alarm_actions": [
              "arn:aws:sns:us-west-2:585008069642:service-quota"
            ],
            "alarm_description": "This alarm triggers when 80% of the applied Service Quota limit is reached.",
            "alarm_name": "Service: elasticloadbalancing | Quota: Certificates per Network Load Balancer",
            "arn": "arn:aws:cloudwatch:us-west-2:585008069642:alarm:Service: elasticloadbalancing | Quota: Certificates per Network Load Balancer",
            "comparison_operator": "GreaterThanOrEqualToThreshold",
            "datapoints_to_alarm": 5,
            "dimensions": null,
            "evaluate_low_sample_count_percentiles": "",
            "evaluation_periods": 5,
            "extended_statistic": "",
            "id": "Service: elasticloadbalancing | Quota: Certificates per Network Load Balancer",
            "insufficient_data_actions": null,
            "metric_name": "",
            "metric_query": [
              {
                "account_id": "",
                "expression": "",
                "id": "usage_data",
                "label": "",
                "metric": [
                  {
                    "dimensions": {
                      "Class": "None",
                      "Resource": "CertificatesPerNetworkLoadBalancer",
                      "Service": "Elastic Load Balancing",
                      "Type": "Resource"
                    },
                    "metric_name": "ResourceCount",
                    "namespace": "AWS/Usage",
                    "period": 60,
                    "stat": "Maximum",
                    "unit": ""
                  }
                ],
                "period": 0,
                "return_data": false
              },
              {
                "account_id": "",
                "expression": "(usage_data/SERVICE_QUOTA(usage_data))*100",
                "id": "pct_utilization",
                "label": "% Utilization",
                "metric": [],
                "period": null,
                "return_data": true
              }
            ],
            "namespace": "",
            "ok_actions": null,
            "period": 0,
            "statistic": "",
            "tags": null,
            "tags_all": {},
            "threshold": 80,
            "threshold_metric_id": "",
            "treat_missing_data": "missing",
            "unit": ""
          },
          "sensitive_attributes": [],
          "identity_schema_version": 0,
          "private": "eyJzY2hlbWFfdmVyc2lvbiI6IjEifQ==",
          "dependencies": [
            "aws_sns_topic.sns"
          ]
        }
      ]
    },
    {
      "mode": "managed",
      "type": "aws_cloudwatch_metric_alarm",
      "name": "concurrently-executing-automations",
      "provider": "provider[\"registry.terraform.io/hashicorp/aws\"]",
      "instances": [
        {
          "schema_version": 1,
          "attributes": {
            "actions_enabled": true,
            "alarm_actions": [
              "arn:aws:sns:us-west-2:585008069642:service-quota"
            ],
            "alarm_description": "This alarm triggers when 80% of the applied Service Quota limit is reached.",
            "alarm_name": "Service: ssm | Quota: Concurrently executing Automations",
            "arn": "arn:aws:cloudwatch:us-west-2:585008069642:alarm:Service: ssm | Quota: Concurrently executing Automations",
            "comparison_operator": "GreaterThanOrEqualToThreshold",
            "datapoints_to_alarm": 5,
            "dimensions": null,
            "evaluate_low_sample_count_percentiles": "",
            "evaluation_periods": 5,
            "extended_statistic": "",
            "id": "Service: ssm | Quota: Concurrently executing Automations",
            "insufficient_data_actions": null,
            "metric_name": "",
            "metric_query": [
              {
                "account_id": "",
                "expression": "",
                "id": "usage_data",
                "label": "",
                "metric": [
                  {
                    "dimensions": {
                      "Class": "None",
                      "Resource": "ConcurrentAutomationUsage",
                      "Service": "SSM",
                      "Type": "Resource"
                    },
                    "metric_name": "ResourceCount",
                    "namespace": "AWS/Usage",
                    "period": 60,
                    "stat": "Maximum",
                    "unit": ""
                  }
                ],
                "period": 0,
                "return_data": false
              },
              {
                "account_id": "",
                "expression": "(usage_data/SERVICE_QUOTA(usage_data))*100",
                "id": "pct_utilization",
                "label": "% Utilization",
                "metric": [],
                "period": null,
                "return_data": true
              }
            ],
            "namespace": "",
            "ok_actions": null,
            "period": 0,
            "statistic": "",
            "tags": null,
            "tags_all": {},
            "threshold": 80,
            "threshold_metric_id": "",
            "treat_missing_data": "missing",
            "unit": ""
          },
          "sensitive_attributes": [],
          "identity_schema_version": 0,
          "private": "eyJzY2hlbWFfdmVyc2lvbiI6IjEifQ==",
          "dependencies": [
            "aws_sns_topic.sns"
          ]
        }
      ]
    },
    {
      "mode": "managed",
      "type": "aws_cloudwatch_metric_alarm",
      "name": "concurrently-executing-rate-control-automation",
      "provider": "provider[\"registry.terraform.io/hashicorp/aws\"]",
      "instances": [
        {
          "schema_version": 1,
          "attributes": {
            "actions_enabled": true,
            "alarm_actions": [
              "arn:aws:sns:us-west-2:585008069642:service-quota"
            ],
            "alarm_description": "This alarm triggers when 80% of the applied Service Quota limit is reached.",
            "alarm_name": "Service: ssm | Quota: Concurrently executing rate control automation",
            "arn": "arn:aws:cloudwatch:us-west-2:585008069642:alarm:Service: ssm | Quota: Concurrently executing rate control automation",
            "comparison_operator": "GreaterThanOrEqualToThreshold",
            "datapoints_to_alarm": 5,
            "dimensions": null,
            "evaluate_low_sample_count_percentiles": "",
            "evaluation_periods": 5,
            "extended_statistic": "",
            "id": "Service: ssm | Quota: Concurrently executing rate control automation",
            "insufficient_data_actions": null,
            "metric_name": "",
            "metric_query": [
              {
                "account_id": "",
                "expression": "",
                "id": "usage_data",
                "label": "",
                "metric": [
                  {
                    "dimensions": {
                      "Class": "None",
                      "Resource": "ParentConcurrentAutomationUsage",
                      "Service": "SSM",
                      "Type": "Resource"
                    },
                    "metric_name": "ResourceCount",
                    "namespace": "AWS/Usage",
                    "period": 60,
                    "stat": "Maximum",
                    "unit": ""
                  }
                ],
                "period": 0,
                "return_data": false
              },
              {
                "account_id": "",
                "expression": "(usage_data/SERVICE_QUOTA(usage_data))*100",
                "id": "pct_utilization",
                "label": "% Utilization",
                "metric": [],
                "period": null,
                "return_data": true
              }
            ],
            "namespace": "",
            "ok_actions": null,
            "period": 0,
            "statistic": "",
            "tags": null,
            "tags_all": {},
            "threshold": 80,
            "threshold_metric_id": "",
            "treat_missing_data": "missing",
            "unit": ""
          },
          "sensitive_attributes": [],
          "identity_schema_version": 0,
          "private": "eyJzY2hlbWFfdmVyc2lvbiI6IjEifQ==",
          "dependencies": [
            "aws_sns_topic.sns"
          ]
        }
      ]
    },
    {
      "mode": "managed",
      "type": "aws_cloudwatch_metric_alarm",
      "name": "condition-values-per-rule",
      "provider": "provider[\"registry.terraform.io/hashicorp/aws\"]",
      "instances": [
        {
          "schema_version": 1,
          "attributes": {
            "actions_enabled": true,
            "alarm_actions": [
              "arn:aws:sns:us-west-2:585008069642:service-quota"
            ],
            "alarm_description": "This alarm triggers when 80% of the applied Service Quota limit is reached.",
            "alarm_name": "Service: elasticloadbalancing | Quota: Condition Values per Rule",
            "arn": "arn:aws:cloudwatch:us-west-2:585008069642:alarm:Service: elasticloadbalancing | Quota: Condition Values per Rule",
            "comparison_operator": "GreaterThanOrEqualToThreshold",
            "datapoints_to_alarm": 5,
            "dimensions": null,
            "evaluate_low_sample_count_percentiles": "",
            "evaluation_periods": 5,
            "extended_statistic": "",
            "id": "Service: elasticloadbalancing | Quota: Condition Values per Rule",
            "insufficient_data_actions": null,
            "metric_name": "",
            "metric_query": [
              {
                "account_id": "",
                "expression": "",
                "id": "usage_data",
                "label": "",
                "metric": [
                  {
                    "dimensions": {
                      "Class": "None",
                      "Resource": "ConditionValuesPerRule",
                      "Service": "Elastic Load Balancing",
                      "Type": "Resource"
                    },
                    "metric_name": "ResourceCount",
                    "namespace": "AWS/Usage",
                    "period": 60,
                    "stat": "Maximum",
                    "unit": ""
                  }
                ],
                "period": 0,
                "return_data": false
              },
              {
                "account_id": "",
                "expression": "(usage_data/SERVICE_QUOTA(usage_data))*100",
                "id": "pct_utilization",
                "label": "% Utilization",
                "metric": [],
                "period": null,
                "return_data": true
              }
            ],
            "namespace": "",
            "ok_actions": null,
            "period": 0,
            "statistic": "",
            "tags": null,
            "tags_all": {},
            "threshold": 80,
            "threshold_metric_id": "",
            "treat_missing_data": "missing",
            "unit": ""
          },
          "sensitive_attributes": [],
          "identity_schema_version": 0,
          "private": "eyJzY2hlbWFfdmVyc2lvbiI6IjEifQ==",
          "dependencies": [
            "aws_sns_topic.sns"
          ]
        }
      ]
    },
    {
      "mode": "managed",
      "type": "aws_cloudwatch_metric_alarm",
      "name": "condition-wildcards-per-rule",
      "provider": "provider[\"registry.terraform.io/hashicorp/aws\"]",
      "instances": [
        {
          "schema_version": 1,
          "attributes": {
            "actions_enabled": true,
            "alarm_actions": [
              "arn:aws:sns:us-west-2:585008069642:service-quota"
            ],
            "alarm_description": "This alarm triggers when 80% of the applied Service Quota limit is reached.",
            "alarm_name": "Service: elasticloadbalancing | Quota: Condition Wildcards per Rule",
            "arn": "arn:aws:cloudwatch:us-west-2:585008069642:alarm:Service: elasticloadbalancing | Quota: Condition Wildcards per Rule",
            "comparison_operator": "GreaterThanOrEqualToThreshold",
            "datapoints_to_alarm": 5,
            "dimensions": null,
            "evaluate_low_sample_count_percentiles": "",
            "evaluation_periods": 5,
            "extended_statistic": "",
            "id": "Service: elasticloadbalancing | Quota: Condition Wildcards per Rule",
            "insufficient_data_actions": null,
            "metric_name": "",
            "metric_query": [
              {
                "account_id": "",
                "expression": "",
                "id": "usage_data",
                "label": "",
                "metric": [
                  {
                    "dimensions": {
                      "Class": "None",
                      "Resource": "ConditionWildcardsPerRule",
                      "Service": "Elastic Load Balancing",
                      "Type": "Resource"
                    },
                    "metric_name": "ResourceCount",
                    "namespace": "AWS/Usage",
                    "period": 60,
                    "stat": "Maximum",
                    "unit": ""
                  }
                ],
                "period": 0,
                "return_data": false
              },
              {
                "account_id": "",
                "expression": "(usage_data/SERVICE_QUOTA(usage_data))*100",
                "id": "pct_utilization",
                "label": "% Utilization",
                "metric": [],
                "period": null,
                "return_data": true
              }
            ],
            "namespace": "",
            "ok_actions": null,
            "period": 0,
            "statistic": "",
            "tags": null,
            "tags_all": {},
            "threshold": 80,
            "threshold_metric_id": "",
            "treat_missing_data": "missing",
            "unit": ""
          },
          "sensitive_attributes": [],
          "identity_schema_version": 0,
          "private": "eyJzY2hlbWFfdmVyc2lvbiI6IjEifQ==",
          "dependencies": [
            "aws_sns_topic.sns"
          ]
        }
      ]
    },
    {
      "mode": "managed",
      "type": "aws_cloudwatch_metric_alarm",
      "name": "creategrant-request-rate",
      "provider": "provider[\"registry.terraform.io/hashicorp/aws\"]",
      "instances": [
        {
          "schema_version": 1,
          "attributes": {
            "actions_enabled": true,
            "alarm_actions": [
              "arn:aws:sns:us-west-2:585008069642:service-quota"
            ],
            "alarm_description": "This alarm triggers when 80% of the applied Service Quota limit is reached.",
            "alarm_name": "Service: kms | Quota: CreateGrant request rate",
            "arn": "arn:aws:cloudwatch:us-west-2:585008069642:alarm:Service: kms | Quota: CreateGrant request rate",
            "comparison_operator": "GreaterThanOrEqualToThreshold",
            "datapoints_to_alarm": 5,
            "dimensions": null,
            "evaluate_low_sample_count_percentiles": "",
            "evaluation_periods": 5,
            "extended_statistic": "",
            "id": "Service: kms | Quota: CreateGrant request rate",
            "insufficient_data_actions": null,
            "metric_name": "",
            "metric_query": [
              {
                "account_id": "",
                "expression": "",
                "id": "usage_data",
                "label": "",
                "metric": [
                  {
                    "dimensions": {
                      "Class": "None",
                      "Resource": "CreateGrant",
                      "Service": "KMS",
                      "Type": "API"
                    },
                    "metric_name": "CallCount",
                    "namespace": "AWS/Usage",
                    "period": 60,
                    "stat": "Sum",
                    "unit": ""
                  }
                ],
                "period": 0,
                "return_data": false
              },
              {
                "account_id": "",
                "expression": "(usage_data/SERVICE_QUOTA(usage_data))*100",
                "id": "pct_utilization",
                "label": "% Utilization",
                "metric": [],
                "period": null,
                "return_data": true
              }
            ],
            "namespace": "",
            "ok_actions": null,
            "period": 0,
            "statistic": "",
            "tags": null,
            "tags_all": {},
            "threshold": 80,
            "threshold_metric_id": "",
            "treat_missing_data": "missing",
            "unit": ""
          },
          "sensitive_attributes": [],
          "identity_schema_version": 0,
          "private": "eyJzY2hlbWFfdmVyc2lvbiI6IjEifQ==",
          "dependencies": [
            "aws_sns_topic.sns"
          ]
        }
      ]
    },
    {
      "mode": "managed",
      "type": "aws_cloudwatch_metric_alarm",
      "name": "createloggroup-throttle-limit-in-transactions-per-second",
      "provider": "provider[\"registry.terraform.io/hashicorp/aws\"]",
      "instances": [
        {
          "schema_version": 1,
          "attributes": {
            "actions_enabled": true,
            "alarm_actions": [
              "arn:aws:sns:us-west-2:585008069642:service-quota"
            ],
            "alarm_description": "This alarm triggers when 80% of the applied Service Quota limit is reached.",
            "alarm_name": "Service: logs | Quota: CreateLogGroup throttle limit in transactions per second",
            "arn": "arn:aws:cloudwatch:us-west-2:585008069642:alarm:Service: logs | Quota: CreateLogGroup throttle limit in transactions per second",
            "comparison_operator": "GreaterThanOrEqualToThreshold",
            "datapoints_to_alarm": 5,
            "dimensions": null,
            "evaluate_low_sample_count_percentiles": "",
            "evaluation_periods": 5,
            "extended_statistic": "",
            "id": "Service: logs | Quota: CreateLogGroup throttle limit in transactions per second",
            "insufficient_data_actions": null,
            "metric_name": "",
            "metric_query": [
              {
                "account_id": "",
                "expression": "",
                "id": "usage_data",
                "label": "",
                "metric": [
                  {
                    "dimensions": {
                      "Class": "None",
                      "Resource": "CreateLogGroup",
                      "Service": "Logs",
                      "Type": "API"
                    },
                    "metric_name": "CallCount",
                    "namespace": "AWS/Usage",
                    "period": 60,
                    "stat": "Sum",
                    "unit": ""
                  }
                ],
                "period": 0,
                "return_data": false
              },
              {
                "account_id": "",
                "expression": "(usage_data/SERVICE_QUOTA(usage_data))*100",
                "id": "pct_utilization",
                "label": "% Utilization",
                "metric": [],
                "period": null,
                "return_data": true
              }
            ],
            "namespace": "",
            "ok_actions": null,
            "period": 0,
            "statistic": "",
            "tags": null,
            "tags_all": {},
            "threshold": 80,
            "threshold_metric_id": "",
            "treat_missing_data": "missing",
            "unit": ""
          },
          "sensitive_attributes": [],
          "identity_schema_version": 0,
          "private": "eyJzY2hlbWFfdmVyc2lvbiI6IjEifQ==",
          "dependencies": [
            "aws_sns_topic.sns"
          ]
        }
      ]
    },
    {
      "mode": "managed",
      "type": "aws_cloudwatch_metric_alarm",
      "name": "createlogstream-throttle-limit-in-transactions-per-second",
      "provider": "provider[\"registry.terraform.io/hashicorp/aws\"]",
      "instances": [
        {
          "schema_version": 1,
          "attributes": {
            "actions_enabled": true,
            "alarm_actions": [
              "arn:aws:sns:us-west-2:585008069642:service-quota"
            ],
            "alarm_description": "This alarm triggers when 80% of the applied Service Quota limit is reached.",
            "alarm_name": "Service: logs | Quota: CreateLogStream throttle limit in transactions per second",
            "arn": "arn:aws:cloudwatch:us-west-2:585008069642:alarm:Service: logs | Quota: CreateLogStream throttle limit in transactions per second",
            "comparison_operator": "GreaterThanOrEqualToThreshold",
            "datapoints_to_alarm": 5,
            "dimensions": null,
            "evaluate_low_sample_count_percentiles": "",
            "evaluation_periods": 5,
            "extended_statistic": "",
            "id": "Service: logs | Quota: CreateLogStream throttle limit in transactions per second",
            "insufficient_data_actions": null,
            "metric_name": "",
            "metric_query": [
              {
                "account_id": "",
                "expression": "",
                "id": "usage_data",
                "label": "",
                "metric": [
                  {
                    "dimensions": {
                      "Class": "None",
                      "Resource": "CreateLogStream",
                      "Service": "Logs",
                      "Type": "API"
                    },
                    "metric_name": "CallCount",
                    "namespace": "AWS/Usage",
                    "period": 60,
                    "stat": "Sum",
                    "unit": ""
                  }
                ],
                "period": 0,
                "return_data": false
              },
              {
                "account_id": "",
                "expression": "(usage_data/SERVICE_QUOTA(usage_data))*100",
                "id": "pct_utilization",
                "label": "% Utilization",
                "metric": [],
                "period": null,
                "return_data": true
              }
            ],
            "namespace": "",
            "ok_actions": null,
            "period": 0,
            "statistic": "",
            "tags": null,
            "tags_all": {},
            "threshold": 80,
            "threshold_metric_id": "",
            "treat_missing_data": "missing",
            "unit": ""
          },
          "sensitive_attributes": [],
          "identity_schema_version": 0,
          "private": "eyJzY2hlbWFfdmVyc2lvbiI6IjEifQ==",
          "dependencies": [
            "aws_sns_topic.sns"
          ]
        }
      ]
    },
    {
      "mode": "managed",
      "type": "aws_cloudwatch_metric_alarm",
      "name": "cryptographic-operations-symmetric-request-rate",
      "provider": "provider[\"registry.terraform.io/hashicorp/aws\"]",
      "instances": [
        {
          "schema_version": 1,
          "attributes": {
            "actions_enabled": true,
            "alarm_actions": [
              "arn:aws:sns:us-west-2:585008069642:service-quota"
            ],
            "alarm_description": "This alarm triggers when 80% of the applied Service Quota limit is reached.",
            "alarm_name": "Service: kms | Quota: Cryptographic operations (symmetric) request rate",
            "arn": "arn:aws:cloudwatch:us-west-2:585008069642:alarm:Service: kms | Quota: Cryptographic operations (symmetric) request rate",
            "comparison_operator": "GreaterThanOrEqualToThreshold",
            "datapoints_to_alarm": 5,
            "dimensions": null,
            "evaluate_low_sample_count_percentiles": "",
            "evaluation_periods": 5,
            "extended_statistic": "",
            "id": "Service: kms | Quota: Cryptographic operations (symmetric) request rate",
            "insufficient_data_actions": null,
            "metric_name": "",
            "metric_query": [
              {
                "account_id": "",
                "expression": "",
                "id": "usage_data",
                "label": "",
                "metric": [
                  {
                    "dimensions": {
                      "Class": "None",
                      "Resource": "CryptographicOperationsSymmetric",
                      "Service": "KMS",
                      "Type": "API"
                    },
                    "metric_name": "CallCount",
                    "namespace": "AWS/Usage",
                    "period": 60,
                    "stat": "Sum",
                    "unit": ""
                  }
                ],
                "period": 0,
                "return_data": false
              },
              {
                "account_id": "",
                "expression": "(usage_data/SERVICE_QUOTA(usage_data))*100",
                "id": "pct_utilization",
                "label": "% Utilization",
                "metric": [],
                "period": null,
                "return_data": true
              }
            ],
            "namespace": "",
            "ok_actions": null,
            "period": 0,
            "statistic": "",
            "tags": null,
            "tags_all": {},
            "threshold": 80,
            "threshold_metric_id": "",
            "treat_missing_data": "missing",
            "unit": ""
          },
          "sensitive_attributes": [],
          "identity_schema_version": 0,
          "private": "eyJzY2hlbWFfdmVyc2lvbiI6IjEifQ==",
          "dependencies": [
            "aws_sns_topic.sns"
          ]
        }
      ]
    },
    {
      "mode": "managed",
      "type": "aws_cloudwatch_metric_alarm",
      "name": "customer-master-keys-cmks",
      "provider": "provider[\"registry.terraform.io/hashicorp/aws\"]",
      "instances": [
        {
          "schema_version": 1,
          "attributes": {
            "actions_enabled": true,
            "alarm_actions": [
              "arn:aws:sns:us-west-2:585008069642:service-quota"
            ],
            "alarm_description": "This alarm triggers when 80% of the applied Service Quota limit is reached.",
            "alarm_name": "Service: kms | Quota: Customer Master Keys (CMKs)",
            "arn": "arn:aws:cloudwatch:us-west-2:585008069642:alarm:Service: kms | Quota: Customer Master Keys (CMKs)",
            "comparison_operator": "GreaterThanOrEqualToThreshold",
            "datapoints_to_alarm": 5,
            "dimensions": null,
            "evaluate_low_sample_count_percentiles": "",
            "evaluation_periods": 5,
            "extended_statistic": "",
            "id": "Service: kms | Quota: Customer Master Keys (CMKs)",
            "insufficient_data_actions": null,
            "metric_name": "",
            "metric_query": [
              {
                "account_id": "",
                "expression": "",
                "id": "usage_data",
                "label": "",
                "metric": [
                  {
                    "dimensions": {
                      "Class": "None",
                      "Resource": "KeysPerAccount",
                      "Service": "KMS",
                      "Type": "Resource"
                    },
                    "metric_name": "ResourceCount",
                    "namespace": "AWS/Usage",
                    "period": 60,
                    "stat": "Maximum",
                    "unit": ""
                  }
                ],
                "period": 0,
                "return_data": false
              },
              {
                "account_id": "",
                "expression": "(usage_data/SERVICE_QUOTA(usage_data))*100",
                "id": "pct_utilization",
                "label": "% Utilization",
                "metric": [],
                "period": null,
                "return_data": true
              }
            ],
            "namespace": "",
            "ok_actions": null,
            "period": 0,
            "statistic": "",
            "tags": null,
            "tags_all": {},
            "threshold": 80,
            "threshold_metric_id": "",
            "treat_missing_data": "missing",
            "unit": ""
          },
          "sensitive_attributes": [],
          "identity_schema_version": 0,
          "private": "eyJzY2hlbWFfdmVyc2lvbiI6IjEifQ==",
          "dependencies": [
            "aws_sns_topic.sns"
          ]
        }
      ]
    },
    {
      "mode": "managed",
      "type": "aws_cloudwatch_metric_alarm",
      "name": "db-instances",
      "provider": "provider[\"registry.terraform.io/hashicorp/aws\"]",
      "instances": [
        {
          "schema_version": 1,
          "attributes": {
            "actions_enabled": true,
            "alarm_actions": [
              "arn:aws:sns:us-west-2:585008069642:service-quota"
            ],
            "alarm_description": "This alarm triggers when 80% of the applied Service Quota limit is reached.",
            "alarm_name": "Service: rds | Quota: DB instances",
            "arn": "arn:aws:cloudwatch:us-west-2:585008069642:alarm:Service: rds | Quota: DB instances",
            "comparison_operator": "GreaterThanOrEqualToThreshold",
            "datapoints_to_alarm": 5,
            "dimensions": null,
            "evaluate_low_sample_count_percentiles": "",
            "evaluation_periods": 5,
            "extended_statistic": "",
            "id": "Service: rds | Quota: DB instances",
            "insufficient_data_actions": null,
            "metric_name": "",
            "metric_query": [
              {
                "account_id": "",
                "expression": "",
                "id": "usage_data",
                "label": "",
                "metric": [
                  {
                    "dimensions": {
                      "Class": "None",
                      "Resource": "DBInstances",
                      "Service": "RDS",
                      "Type": "Resource"
                    },
                    "metric_name": "ResourceCount",
                    "namespace": "AWS/Usage",
                    "period": 60,
                    "stat": "Maximum",
                    "unit": ""
                  }
                ],
                "period": 0,
                "return_data": false
              },
              {
                "account_id": "",
                "expression": "(usage_data/SERVICE_QUOTA(usage_data))*100",
                "id": "pct_utilization",
                "label": "% Utilization",
                "metric": [],
                "period": null,
                "return_data": true
              }
            ],
            "namespace": "",
            "ok_actions": null,
            "period": 0,
            "statistic": "",
            "tags": null,
            "tags_all": {},
            "threshold": 80,
            "threshold_metric_id": "",
            "treat_missing_data": "missing",
            "unit": ""
          },
          "sensitive_attributes": [],
          "identity_schema_version": 0,
          "private": "eyJzY2hlbWFfdmVyc2lvbiI6IjEifQ==",
          "dependencies": [
            "aws_sns_topic.sns"
          ]
        }
      ]
    },
    {
      "mode": "managed",
      "type": "aws_cloudwatch_metric_alarm",
      "name": "db-subnet-groups",
      "provider": "provider[\"registry.terraform.io/hashicorp/aws\"]",
      "instances": [
        {
          "schema_version": 1,
          "attributes": {
            "actions_enabled": true,
            "alarm_actions": [
              "arn:aws:sns:us-west-2:585008069642:service-quota"
            ],
            "alarm_description": "This alarm triggers when 80% of the applied Service Quota limit is reached.",
            "alarm_name": "Service: rds | Quota: DB subnet groups",
            "arn": "arn:aws:cloudwatch:us-west-2:585008069642:alarm:Service: rds | Quota: DB subnet groups",
            "comparison_operator": "GreaterThanOrEqualToThreshold",
            "datapoints_to_alarm": 5,
            "dimensions": null,
            "evaluate_low_sample_count_percentiles": "",
            "evaluation_periods": 5,
            "extended_statistic": "",
            "id": "Service: rds | Quota: DB subnet groups",
            "insufficient_data_actions": null,
            "metric_name": "",
            "metric_query": [
              {
                "account_id": "",
                "expression": "",
                "id": "usage_data",
                "label": "",
                "metric": [
                  {
                    "dimensions": {
                      "Class": "None",
                      "Resource": "DBSubnetGroups",
                      "Service": "RDS",
                      "Type": "Resource"
                    },
                    "metric_name": "ResourceCount",
                    "namespace": "AWS/Usage",
                    "period": 60,
                    "stat": "Maximum",
                    "unit": ""
                  }
                ],
                "period": 0,
                "return_data": false
              },
              {
                "account_id": "",
                "expression": "(usage_data/SERVICE_QUOTA(usage_data))*100",
                "id": "pct_utilization",
                "label": "% Utilization",
                "metric": [],
                "period": null,
                "return_data": true
              }
            ],
            "namespace": "",
            "ok_actions": null,
            "period": 0,
            "statistic": "",
            "tags": null,
            "tags_all": {},
            "threshold": 80,
            "threshold_metric_id": "",
            "treat_missing_data": "missing",
            "unit": ""
          },
          "sensitive_attributes": [],
          "identity_schema_version": 0,
          "private": "eyJzY2hlbWFfdmVyc2lvbiI6IjEifQ==",
          "dependencies": [
            "aws_sns_topic.sns"
          ]
        }
      ]
    },
    {
      "mode": "managed",
      "type": "aws_cloudwatch_metric_alarm",
      "name": "delivery-streams",
      "provider": "provider[\"registry.terraform.io/hashicorp/aws\"]",
      "instances": [
        {
          "schema_version": 1,
          "attributes": {
            "actions_enabled": true,
            "alarm_actions": [
              "arn:aws:sns:us-west-2:585008069642:service-quota"
            ],
            "alarm_description": "This alarm triggers when 80% of the applied Service Quota limit is reached.",
            "alarm_name": "Service: firehose | Quota: Delivery streams",
            "arn": "arn:aws:cloudwatch:us-west-2:585008069642:alarm:Service: firehose | Quota: Delivery streams",
            "comparison_operator": "GreaterThanOrEqualToThreshold",
            "datapoints_to_alarm": 5,
            "dimensions": null,
            "evaluate_low_sample_count_percentiles": "",
            "evaluation_periods": 5,
            "extended_statistic": "",
            "id": "Service: firehose | Quota: Delivery streams",
            "insufficient_data_actions": null,
            "metric_name": "",
            "metric_query": [
              {
                "account_id": "",
                "expression": "",
                "id": "usage_data",
                "label": "",
                "metric": [
                  {
                    "dimensions": {
                      "Class": "None",
                      "Resource": "DeliveryStreams",
                      "Service": "Firehose",
                      "Type": "Resource"
                    },
                    "metric_name": "ResourceCount",
                    "namespace": "AWS/Usage",
                    "period": 60,
                    "stat": "Maximum",
                    "unit": ""
                  }
                ],
                "period": 0,
                "return_data": false
              },
              {
                "account_id": "",
                "expression": "(usage_data/SERVICE_QUOTA(usage_data))*100",
                "id": "pct_utilization",
                "label": "% Utilization",
                "metric": [],
                "period": null,
                "return_data": true
              }
            ],
            "namespace": "",
            "ok_actions": null,
            "period": 0,
            "statistic": "",
            "tags": null,
            "tags_all": {},
            "threshold": 80,
            "threshold_metric_id": "",
            "treat_missing_data": "missing",
            "unit": ""
          },
          "sensitive_attributes": [],
          "identity_schema_version": 0,
          "private": "eyJzY2hlbWFfdmVyc2lvbiI6IjEifQ==",
          "dependencies": [
            "aws_sns_topic.sns"
          ]
        }
      ]
    },
    {
      "mode": "managed",
      "type": "aws_cloudwatch_metric_alarm",
      "name": "describe-instance-node-info-rate",
      "provider": "provider[\"registry.terraform.io/hashicorp/aws\"]",
      "instances": [
        {
          "schema_version": 1,
          "attributes": {
            "actions_enabled": true,
            "alarm_actions": [
              "arn:aws:sns:us-west-2:585008069642:service-quota"
            ],
            "alarm_description": "This alarm triggers when 80% of the applied Service Quota limit is reached.",
            "alarm_name": "Service: ssm | Quota: Describe instance (node) information rate",
            "arn": "arn:aws:cloudwatch:us-west-2:585008069642:alarm:Service: ssm | Quota: Describe instance (node) information rate",
            "comparison_operator": "GreaterThanOrEqualToThreshold",
            "datapoints_to_alarm": 5,
            "dimensions": null,
            "evaluate_low_sample_count_percentiles": "",
            "evaluation_periods": 5,
            "extended_statistic": "",
            "id": "Service: ssm | Quota: Describe instance (node) information rate",
            "insufficient_data_actions": null,
            "metric_name": "",
            "metric_query": [
              {
                "account_id": "",
                "expression": "",
                "id": "usage_data",
                "label": "",
                "metric": [
                  {
                    "dimensions": {
                      "Class": "None",
                      "Resource": "DescribeInstanceProperties",
                      "Service": "SSM",
                      "Type": "API"
                    },
                    "metric_name": "CallCount",
                    "namespace": "AWS/Usage",
                    "period": 60,
                    "stat": "Sum",
                    "unit": ""
                  }
                ],
                "period": 0,
                "return_data": false
              },
              {
                "account_id": "",
                "expression": "(usage_data/SERVICE_QUOTA(usage_data))*100",
                "id": "pct_utilization",
                "label": "% Utilization",
                "metric": [],
                "period": null,
                "return_data": true
              }
            ],
            "namespace": "",
            "ok_actions": null,
            "period": 0,
            "statistic": "",
            "tags": {
              "ServiceQuotaMonitor": "L-63DB636A"
            },
            "tags_all": {
              "ServiceQuotaMonitor": "L-63DB636A"
            },
            "threshold": 80,
            "threshold_metric_id": "",
            "treat_missing_data": "missing",
            "unit": ""
          },
          "sensitive_attributes": [],
          "identity_schema_version": 0,
          "private": "eyJzY2hlbWFfdmVyc2lvbiI6IjEifQ==",
          "dependencies": [
            "aws_sns_topic.sns"
          ]
        }
      ]
    },
    {
      "mode": "managed",
      "type": "aws_cloudwatch_metric_alarm",
      "name": "describeassociation-tps",
      "provider": "provider[\"registry.terraform.io/hashicorp/aws\"]",
      "instances": [
        {
          "schema_version": 1,
          "attributes": {
            "actions_enabled": true,
            "alarm_actions": [
              "arn:aws:sns:us-west-2:585008069642:service-quota"
            ],
            "alarm_description": "This alarm triggers when 80% of the applied Service Quota limit is reached.",
            "alarm_name": "Service: ssm | Quota: Transactions per second (TPS) for the DescribeAssociation API",
            "arn": "arn:aws:cloudwatch:us-west-2:585008069642:alarm:Service: ssm | Quota: Transactions per second (TPS) for the DescribeAssociation API",
            "comparison_operator": "GreaterThanOrEqualToThreshold",
            "datapoints_to_alarm": 5,
            "dimensions": null,
            "evaluate_low_sample_count_percentiles": "",
            "evaluation_periods": 5,
            "extended_statistic": "",
            "id": "Service: ssm | Quota: Transactions per second (TPS) for the DescribeAssociation API",
            "insufficient_data_actions": null,
            "metric_name": "",
            "metric_query": [
              {
                "account_id": "",
                "expression": "",
                "id": "usage_data",
                "label": "",
                "metric": [
                  {
                    "dimensions": {
                      "Class": "None",
                      "Resource": "DescribeAssociation",
                      "Service": "SSM",
                      "Type": "API"
                    },
                    "metric_name": "CallCount",
                    "namespace": "AWS/Usage",
                    "period": 60,
                    "stat": "Sum",
                    "unit": ""
                  }
                ],
                "period": 0,
                "return_data": false
              },
              {
                "account_id": "",
                "expression": "(usage_data/SERVICE_QUOTA(usage_data))*100",
                "id": "pct_utilization",
                "label": "% Utilization",
                "metric": [],
                "period": null,
                "return_data": true
              }
            ],
            "namespace": "",
            "ok_actions": null,
            "period": 0,
            "statistic": "",
            "tags": null,
            "tags_all": {},
            "threshold": 80,
            "threshold_metric_id": "",
            "treat_missing_data": "missing",
            "unit": ""
          },
          "sensitive_attributes": [],
          "identity_schema_version": 0,
          "private": "eyJzY2hlbWFfdmVyc2lvbiI6IjEifQ==",
          "dependencies": [
            "aws_sns_topic.sns"
          ]
        }
      ]
    },
    {
      "mode": "managed",
      "type": "aws_cloudwatch_metric_alarm",
      "name": "describekey-request-rate",
      "provider": "provider[\"registry.terraform.io/hashicorp/aws\"]",
      "instances": [
        {
          "schema_version": 1,
          "attributes": {
            "actions_enabled": true,
            "alarm_actions": [
              "arn:aws:sns:us-west-2:585008069642:service-quota"
            ],
            "alarm_description": "This alarm triggers when 80% of the applied Service Quota limit is reached.",
            "alarm_name": "Service: kms | Quota: DescribeKey request rate",
            "arn": "arn:aws:cloudwatch:us-west-2:585008069642:alarm:Service: kms | Quota: DescribeKey request rate",
            "comparison_operator": "GreaterThanOrEqualToThreshold",
            "datapoints_to_alarm": 5,
            "dimensions": null,
            "evaluate_low_sample_count_percentiles": "",
            "evaluation_periods": 5,
            "extended_statistic": "",
            "id": "Service: kms | Quota: DescribeKey request rate",
            "insufficient_data_actions": null,
            "metric_name": "",
            "metric_query": [
              {
                "account_id": "",
                "expression": "",
                "id": "usage_data",
                "label": "",
                "metric": [
                  {
                    "dimensions": {
                      "Class": "None",
                      "Resource": "DescribeKey",
                      "Service": "KMS",
                      "Type": "API"
                    },
                    "metric_name": "CallCount",
                    "namespace": "AWS/Usage",
                    "period": 60,
                    "stat": "Sum",
                    "unit": ""
                  }
                ],
                "period": 0,
                "return_data": false
              },
              {
                "account_id": "",
                "expression": "(usage_data/SERVICE_QUOTA(usage_data))*100",
                "id": "pct_utilization",
                "label": "% Utilization",
                "metric": [],
                "period": null,
                "return_data": true
              }
            ],
            "namespace": "",
            "ok_actions": null,
            "period": 0,
            "statistic": "",
            "tags": null,
            "tags_all": {},
            "threshold": 80,
            "threshold_metric_id": "",
            "treat_missing_data": "missing",
            "unit": ""
          },
          "sensitive_attributes": [],
          "identity_schema_version": 0,
          "private": "eyJzY2hlbWFfdmVyc2lvbiI6IjEifQ==",
          "dependencies": [
            "aws_sns_topic.sns"
          ]
        }
      ]
    },
    {
      "mode": "managed",
      "type": "aws_cloudwatch_metric_alarm",
      "name": "describeloggroups-throttle-limit-in-transactions-per-second",
      "provider": "provider[\"registry.terraform.io/hashicorp/aws\"]",
      "instances": [
        {
          "schema_version": 1,
          "attributes": {
            "actions_enabled": true,
            "alarm_actions": [
              "arn:aws:sns:us-west-2:585008069642:service-quota"
            ],
            "alarm_description": "This alarm triggers when 80% of the applied Service Quota limit is reached.",
            "alarm_name": "Service: logs | Quota: DescribeLogGroups throttle limit in transactions per second",
            "arn": "arn:aws:cloudwatch:us-west-2:585008069642:alarm:Service: logs | Quota: DescribeLogGroups throttle limit in transactions per second",
            "comparison_operator": "GreaterThanOrEqualToThreshold",
            "datapoints_to_alarm": 5,
            "dimensions": null,
            "evaluate_low_sample_count_percentiles": "",
            "evaluation_periods": 5,
            "extended_statistic": "",
            "id": "Service: logs | Quota: DescribeLogGroups throttle limit in transactions per second",
            "insufficient_data_actions": null,
            "metric_name": "",
            "metric_query": [
              {
                "account_id": "",
                "expression": "",
                "id": "usage_data",
                "label": "",
                "metric": [
                  {
                    "dimensions": {
                      "Class": "None",
                      "Resource": "DescribeLogGroups",
                      "Service": "Logs",
                      "Type": "API"
                    },
                    "metric_name": "CallCount",
                    "namespace": "AWS/Usage",
                    "period": 60,
                    "stat": "Sum",
                    "unit": ""
                  }
                ],
                "period": 0,
                "return_data": false
              },
              {
                "account_id": "",
                "expression": "(usage_data/SERVICE_QUOTA(usage_data))*100",
                "id": "pct_utilization",
                "label": "% Utilization",
                "metric": [],
                "period": null,
                "return_data": true
              }
            ],
            "namespace": "",
            "ok_actions": null,
            "period": 0,
            "statistic": "",
            "tags": null,
            "tags_all": {},
            "threshold": 80,
            "threshold_metric_id": "",
            "treat_missing_data": "missing",
            "unit": ""
          },
          "sensitive_attributes": [],
          "identity_schema_version": 0,
          "private": "eyJzY2hlbWFfdmVyc2lvbiI6IjEifQ==",
          "dependencies": [
            "aws_sns_topic.sns"
          ]
        }
      ]
    },
    {
      "mode": "managed",
      "type": "aws_cloudwatch_metric_alarm",
      "name": "describelogstreams-throttle-limit-in-transactions-per-second",
      "provider": "provider[\"registry.terraform.io/hashicorp/aws\"]",
      "instances": [
        {
          "schema_version": 1,
          "attributes": {
            "actions_enabled": true,
            "alarm_actions": [
              "arn:aws:sns:us-west-2:585008069642:service-quota"
            ],
            "alarm_description": "This alarm triggers when 80% of the applied Service Quota limit is reached.",
            "alarm_name": "Service: logs | Quota: DescribeLogStreams throttle limit in transactions per second",
            "arn": "arn:aws:cloudwatch:us-west-2:585008069642:alarm:Service: logs | Quota: DescribeLogStreams throttle limit in transactions per second",
            "comparison_operator": "GreaterThanOrEqualToThreshold",
            "datapoints_to_alarm": 5,
            "dimensions": null,
            "evaluate_low_sample_count_percentiles": "",
            "evaluation_periods": 5,
            "extended_statistic": "",
            "id": "Service: logs | Quota: DescribeLogStreams throttle limit in transactions per second",
            "insufficient_data_actions": null,
            "metric_name": "",
            "metric_query": [
              {
                "account_id": "",
                "expression": "",
                "id": "usage_data",
                "label": "",
                "metric": [
                  {
                    "dimensions": {
                      "Class": "None",
                      "Resource": "DescribeLogStreams",
                      "Service": "Logs",
                      "Type": "API"
                    },
                    "metric_name": "CallCount",
                    "namespace": "AWS/Usage",
                    "period": 60,
                    "stat": "Sum",
                    "unit": ""
                  }
                ],
                "period": 0,
                "return_data": false
              },
              {
                "account_id": "",
                "expression": "(usage_data/SERVICE_QUOTA(usage_data))*100",
                "id": "pct_utilization",
                "label": "% Utilization",
                "metric": [],
                "period": null,
                "return_data": true
              }
            ],
            "namespace": "",
            "ok_actions": null,
            "period": 0,
            "statistic": "",
            "tags": null,
            "tags_all": {},
            "threshold": 80,
            "threshold_metric_id": "",
            "treat_missing_data": "missing",
            "unit": ""
          },
          "sensitive_attributes": [],
          "identity_schema_version": 0,
          "private": "eyJzY2hlbWFfdmVyc2lvbiI6IjEifQ==",
          "dependencies": [
            "aws_sns_topic.sns"
          ]
        }
      ]
    },
    {
      "mode": "managed",
      "type": "aws_cloudwatch_metric_alarm",
      "name": "describemetricfilters-throttle-limit-in-transactions-per-second",
      "provider": "provider[\"registry.terraform.io/hashicorp/aws\"]",
      "instances": [
        {
          "schema_version": 1,
          "attributes": {
            "actions_enabled": true,
            "alarm_actions": [
              "arn:aws:sns:us-west-2:585008069642:service-quota"
            ],
            "alarm_description": "This alarm triggers when 80% of the applied Service Quota limit is reached.",
            "alarm_name": "Service: logs | Quota: DescribeMetricFilters throttle limit in transactions per second",
            "arn": "arn:aws:cloudwatch:us-west-2:585008069642:alarm:Service: logs | Quota: DescribeMetricFilters throttle limit in transactions per second",
            "comparison_operator": "GreaterThanOrEqualToThreshold",
            "datapoints_to_alarm": 5,
            "dimensions": null,
            "evaluate_low_sample_count_percentiles": "",
            "evaluation_periods": 5,
            "extended_statistic": "",
            "id": "Service: logs | Quota: DescribeMetricFilters throttle limit in transactions per second",
            "insufficient_data_actions": null,
            "metric_name": "",
            "metric_query": [
              {
                "account_id": "",
                "expression": "",
                "id": "usage_data",
                "label": "",
                "metric": [
                  {
                    "dimensions": {
                      "Class": "None",
                      "Resource": "DescribeMetricFilters",
                      "Service": "Logs",
                      "Type": "API"
                    },
                    "metric_name": "CallCount",
                    "namespace": "AWS/Usage",
                    "period": 60,
                    "stat": "Sum",
                    "unit": ""
                  }
                ],
                "period": 0,
                "return_data": false
              },
              {
                "account_id": "",
                "expression": "(usage_data/SERVICE_QUOTA(usage_data))*100",
                "id": "pct_utilization",
                "label": "% Utilization",
                "metric": [],
                "period": null,
                "return_data": true
              }
            ],
            "namespace": "",
            "ok_actions": null,
            "period": 0,
            "statistic": "",
            "tags": null,
            "tags_all": {},
            "threshold": 80,
            "threshold_metric_id": "",
            "treat_missing_data": "missing",
            "unit": ""
          },
          "sensitive_attributes": [],
          "identity_schema_version": 0,
          "private": "eyJzY2hlbWFfdmVyc2lvbiI6IjEifQ==",
          "dependencies": [
            "aws_sns_topic.sns"
          ]
        }
      ]
    },
    {
      "mode": "managed",
      "type": "aws_cloudwatch_metric_alarm",
      "name": "ec2_quota_running_on_demand_standard_instances",
      "provider": "provider[\"registry.terraform.io/hashicorp/aws\"]",
      "instances": [
        {
          "schema_version": 1,
          "attributes": {
            "actions_enabled": true,
            "alarm_actions": [
              "arn:aws:sns:us-west-2:585008069642:service-quota"
            ],
            "alarm_description": "This alarm triggers when 80% of the applied Service Quota limit is reached.",
            "alarm_name": "Service: ec2 | Quota: Running On-Demand Standard (A, C, D, H, I, M, R, T, Z) instances",
            "arn": "arn:aws:cloudwatch:us-west-2:585008069642:alarm:Service: ec2 | Quota: Running On-Demand Standard (A, C, D, H, I, M, R, T, Z) instances",
            "comparison_operator": "GreaterThanOrEqualToThreshold",
            "datapoints_to_alarm": 5,
            "dimensions": null,
            "evaluate_low_sample_count_percentiles": "",
            "evaluation_periods": 5,
            "extended_statistic": "",
            "id": "Service: ec2 | Quota: Running On-Demand Standard (A, C, D, H, I, M, R, T, Z) instances",
            "insufficient_data_actions": null,
            "metric_name": "",
            "metric_query": [
              {
                "account_id": "",
                "expression": "",
                "id": "usage_data",
                "label": "",
                "metric": [
                  {
                    "dimensions": {
                      "Class": "Standard/OnDemand",
                      "Resource": "vCPU",
                      "Service": "EC2",
                      "Type": "Resource"
                    },
                    "metric_name": "ResourceCount",
                    "namespace": "AWS/Usage",
                    "period": 60,
                    "stat": "Maximum",
                    "unit": ""
                  }
                ],
                "period": 0,
                "return_data": false
              },
              {
                "account_id": "",
                "expression": "(usage_data/SERVICE_QUOTA(usage_data))*100",
                "id": "pct_utilization",
                "label": "% Utilization",
                "metric": [],
                "period": null,
                "return_data": true
              }
            ],
            "namespace": "",
            "ok_actions": null,
            "period": 0,
            "statistic": "",
            "tags": {
              "ServiceQuotaMonitor": "L-1216C47A"
            },
            "tags_all": {
              "ServiceQuotaMonitor": "L-1216C47A"
            },
            "threshold": 80,
            "threshold_metric_id": "",
            "treat_missing_data": "missing",
            "unit": ""
          },
          "sensitive_attributes": [],
          "identity_schema_version": 0,
          "private": "eyJzY2hlbWFfdmVyc2lvbiI6IjEifQ==",
          "dependencies": [
            "aws_sns_topic.sns"
          ]
        }
      ]
    },
    {
      "mode": "managed",
      "type": "aws_cloudwatch_metric_alarm",
      "name": "filterlogevents-throttle-limit-in-transactions-per-second",
      "provider": "provider[\"registry.terraform.io/hashicorp/aws\"]",
      "instances": [
        {
          "schema_version": 1,
          "attributes": {
            "actions_enabled": true,
            "alarm_actions": [
              "arn:aws:sns:us-west-2:585008069642:service-quota"
            ],
            "alarm_description": "This alarm triggers when 80% of the applied Service Quota limit is reached.",
            "alarm_name": "Service: logs | Quota: FilterLogEvents throttle limit in transactions per second",
            "arn": "arn:aws:cloudwatch:us-west-2:585008069642:alarm:Service: logs | Quota: FilterLogEvents throttle limit in transactions per second",
            "comparison_operator": "GreaterThanOrEqualToThreshold",
            "datapoints_to_alarm": 5,
            "dimensions": null,
            "evaluate_low_sample_count_percentiles": "",
            "evaluation_periods": 5,
            "extended_statistic": "",
            "id": "Service: logs | Quota: FilterLogEvents throttle limit in transactions per second",
            "insufficient_data_actions": null,
            "metric_name": "",
            "metric_query": [
              {
                "account_id": "",
                "expression": "",
                "id": "usage_data",
                "label": "",
                "metric": [
                  {
                    "dimensions": {
                      "Class": "None",
                      "Resource": "FilterLogEvents",
                      "Service": "Logs",
                      "Type": "API"
                    },
                    "metric_name": "CallCount",
                    "namespace": "AWS/Usage",
                    "period": 60,
                    "stat": "Sum",
                    "unit": ""
                  }
                ],
                "period": 0,
                "return_data": false
              },
              {
                "account_id": "",
                "expression": "(usage_data/SERVICE_QUOTA(usage_data))*100",
                "id": "pct_utilization",
                "label": "% Utilization",
                "metric": [],
                "period": null,
                "return_data": true
              }
            ],
            "namespace": "",
            "ok_actions": null,
            "period": 0,
            "statistic": "",
            "tags": null,
            "tags_all": {},
            "threshold": 80,
            "threshold_metric_id": "",
            "treat_missing_data": "missing",
            "unit": ""
          },
          "sensitive_attributes": [],
          "identity_schema_version": 0,
          "private": "eyJzY2hlbWFfdmVyc2lvbiI6IjEifQ==",
          "dependencies": [
            "aws_sns_topic.sns"
          ]
        }
      ]
    },
    {
      "mode": "managed",
      "type": "aws_cloudwatch_metric_alarm",
      "name": "getautomationexecution-api-tps",
      "provider": "provider[\"registry.terraform.io/hashicorp/aws\"]",
      "instances": [
        {
          "schema_version": 1,
          "attributes": {
            "actions_enabled": true,
            "alarm_actions": [
              "arn:aws:sns:us-west-2:585008069642:service-quota"
            ],
            "alarm_description": "This alarm triggers when 80% of the applied Service Quota limit is reached.",
            "alarm_name": "Service: ssm | Quota: Transactions per second (TPS) for the GetAutomationExecution API",
            "arn": "arn:aws:cloudwatch:us-west-2:585008069642:alarm:Service: ssm | Quota: Transactions per second (TPS) for the GetAutomationExecution API",
            "comparison_operator": "GreaterThanOrEqualToThreshold",
            "datapoints_to_alarm": 5,
            "dimensions": null,
            "evaluate_low_sample_count_percentiles": "",
            "evaluation_periods": 5,
            "extended_statistic": "",
            "id": "Service: ssm | Quota: Transactions per second (TPS) for the GetAutomationExecution API",
            "insufficient_data_actions": null,
            "metric_name": "",
            "metric_query": [
              {
                "account_id": "",
                "expression": "",
                "id": "usage_data",
                "label": "",
                "metric": [
                  {
                    "dimensions": {
                      "Class": "None",
                      "Resource": "GetAutomationExecution",
                      "Service": "SSM",
                      "Type": "API"
                    },
                    "metric_name": "CallCount",
                    "namespace": "AWS/Usage",
                    "period": 60,
                    "stat": "Sum",
                    "unit": ""
                  }
                ],
                "period": 0,
                "return_data": false
              },
              {
                "account_id": "",
                "expression": "(usage_data/SERVICE_QUOTA(usage_data))*100",
                "id": "pct_utilization",
                "label": "% Utilization",
                "metric": [],
                "period": null,
                "return_data": true
              }
            ],
            "namespace": "",
            "ok_actions": null,
            "period": 0,
            "statistic": "",
            "tags": null,
            "tags_all": {},
            "threshold": 80,
            "threshold_metric_id": "",
            "treat_missing_data": "missing",
            "unit": ""
          },
          "sensitive_attributes": [],
          "identity_schema_version": 0,
          "private": "eyJzY2hlbWFfdmVyc2lvbiI6IjEifQ==",
          "dependencies": [
            "aws_sns_topic.sns"
          ]
        }
      ]
    },
    {
      "mode": "managed",
      "type": "aws_cloudwatch_metric_alarm",
      "name": "getawsdefaultservicequota",
      "provider": "provider[\"registry.terraform.io/hashicorp/aws\"]",
      "instances": [
        {
          "schema_version": 1,
          "attributes": {
            "actions_enabled": true,
            "alarm_actions": [
              "arn:aws:sns:us-west-2:585008069642:service-quota"
            ],
            "alarm_description": "This alarm triggers when 80% of the applied Service Quota limit is reached.",
            "alarm_name": "Service: servicequotas | Quota: Throttle rate for GetAWSDefaultServiceQuota",
            "arn": "arn:aws:cloudwatch:us-west-2:585008069642:alarm:Service: servicequotas | Quota: Throttle rate for GetAWSDefaultServiceQuota",
            "comparison_operator": "GreaterThanOrEqualToThreshold",
            "datapoints_to_alarm": 5,
            "dimensions": null,
            "evaluate_low_sample_count_percentiles": "",
            "evaluation_periods": 5,
            "extended_statistic": "",
            "id": "Service: servicequotas | Quota: Throttle rate for GetAWSDefaultServiceQuota",
            "insufficient_data_actions": null,
            "metric_name": "",
            "metric_query": [
              {
                "account_id": "",
                "expression": "",
                "id": "usage_data",
                "label": "",
                "metric": [
                  {
                    "dimensions": {
                      "Class": "None",
                      "Resource": "GetAWSDefaultServiceQuota",
                      "Service": "Service Quotas",
                      "Type": "API"
                    },
                    "metric_name": "CallCount",
                    "namespace": "AWS/Usage",
                    "period": 60,
                    "stat": "Sum",
                    "unit": ""
                  }
                ],
                "period": 0,
                "return_data": false
              },
              {
                "account_id": "",
                "expression": "(usage_data/SERVICE_QUOTA(usage_data))*100",
                "id": "pct_utilization",
                "label": "% Utilization",
                "metric": [],
                "period": null,
                "return_data": true
              }
            ],
            "namespace": "",
            "ok_actions": null,
            "period": 0,
            "statistic": "",
            "tags": null,
            "tags_all": {},
            "threshold": 80,
            "threshold_metric_id": "",
            "treat_missing_data": "missing",
            "unit": ""
          },
          "sensitive_attributes": [],
          "identity_schema_version": 0,
          "private": "eyJzY2hlbWFfdmVyc2lvbiI6IjEifQ==",
          "dependencies": [
            "aws_sns_topic.sns"
          ]
        }
      ]
    },
    {
      "mode": "managed",
      "type": "aws_cloudwatch_metric_alarm",
      "name": "getdeployablepatchsnapshotforinstance-tps",
      "provider": "provider[\"registry.terraform.io/hashicorp/aws\"]",
      "instances": [
        {
          "schema_version": 1,
          "attributes": {
            "actions_enabled": true,
            "alarm_actions": [
              "arn:aws:sns:us-west-2:585008069642:service-quota"
            ],
            "alarm_description": "This alarm triggers when 80% of the applied Service Quota limit is reached.",
            "alarm_name": "Service: ssm | Quota: Transactions per second (TPS) for the GetDeployablePatchSnapshotForInstance API",
            "arn": "arn:aws:cloudwatch:us-west-2:585008069642:alarm:Service: ssm | Quota: Transactions per second (TPS) for the GetDeployablePatchSnapshotForInstance API",
            "comparison_operator": "GreaterThanOrEqualToThreshold",
            "datapoints_to_alarm": 5,
            "dimensions": null,
            "evaluate_low_sample_count_percentiles": "",
            "evaluation_periods": 5,
            "extended_statistic": "",
            "id": "Service: ssm | Quota: Transactions per second (TPS) for the GetDeployablePatchSnapshotForInstance API",
            "insufficient_data_actions": null,
            "metric_name": "",
            "metric_query": [
              {
                "account_id": "",
                "expression": "",
                "id": "usage_data",
                "label": "",
                "metric": [
                  {
                    "dimensions": {
                      "Class": "None",
                      "Resource": "GetDeployablePatchSnapshotForInstance",
                      "Service": "SSM",
                      "Type": "API"
                    },
                    "metric_name": "CallCount",
                    "namespace": "AWS/Usage",
                    "period": 60,
                    "stat": "Maximum",
                    "unit": ""
                  }
                ],
                "period": 0,
                "return_data": false
              },
              {
                "account_id": "",
                "expression": "(usage_data/SERVICE_QUOTA(usage_data))*100",
                "id": "pct_utilization",
                "label": "% Utilization",
                "metric": [],
                "period": null,
                "return_data": true
              }
            ],
            "namespace": "",
            "ok_actions": null,
            "period": 0,
            "statistic": "",
            "tags": null,
            "tags_all": {},
            "threshold": 80,
            "threshold_metric_id": "",
            "treat_missing_data": "missing",
            "unit": ""
          },
          "sensitive_attributes": [],
          "identity_schema_version": 0,
          "private": "eyJzY2hlbWFfdmVyc2lvbiI6IjEifQ==",
          "dependencies": [
            "aws_sns_topic.sns"
          ]
        }
      ]
    },
    {
      "mode": "managed",
      "type": "aws_cloudwatch_metric_alarm",
      "name": "getkeypolicy-request-rate",
      "provider": "provider[\"registry.terraform.io/hashicorp/aws\"]",
      "instances": [
        {
          "schema_version": 1,
          "attributes": {
            "actions_enabled": true,
            "alarm_actions": [
              "arn:aws:sns:us-west-2:585008069642:service-quota"
            ],
            "alarm_description": "This alarm triggers when 80% of the applied Service Quota limit is reached.",
            "alarm_name": "Service: kms | Quota: GetKeyPolicy request rate",
            "arn": "arn:aws:cloudwatch:us-west-2:585008069642:alarm:Service: kms | Quota: GetKeyPolicy request rate",
            "comparison_operator": "GreaterThanOrEqualToThreshold",
            "datapoints_to_alarm": 5,
            "dimensions": null,
            "evaluate_low_sample_count_percentiles": "",
            "evaluation_periods": 5,
            "extended_statistic": "",
            "id": "Service: kms | Quota: GetKeyPolicy request rate",
            "insufficient_data_actions": null,
            "metric_name": "",
            "metric_query": [
              {
                "account_id": "",
                "expression": "",
                "id": "usage_data",
                "label": "",
                "metric": [
                  {
                    "dimensions": {
                      "Class": "None",
                      "Resource": "GetKeyPolicy",
                      "Service": "KMS",
                      "Type": "API"
                    },
                    "metric_name": "CallCount",
                    "namespace": "AWS/Usage",
                    "period": 60,
                    "stat": "Sum",
                    "unit": ""
                  }
                ],
                "period": 0,
                "return_data": false
              },
              {
                "account_id": "",
                "expression": "(usage_data/SERVICE_QUOTA(usage_data))*100",
                "id": "pct_utilization",
                "label": "% Utilization",
                "metric": [],
                "period": null,
                "return_data": true
              }
            ],
            "namespace": "",
            "ok_actions": null,
            "period": 0,
            "statistic": "",
            "tags": null,
            "tags_all": {},
            "threshold": 80,
            "threshold_metric_id": "",
            "treat_missing_data": "missing",
            "unit": ""
          },
          "sensitive_attributes": [],
          "identity_schema_version": 0,
          "private": "eyJzY2hlbWFfdmVyc2lvbiI6IjEifQ==",
          "dependencies": [
            "aws_sns_topic.sns"
          ]
        }
      ]
    },
    {
      "mode": "managed",
      "type": "aws_cloudwatch_metric_alarm",
      "name": "getservicequota",
      "provider": "provider[\"registry.terraform.io/hashicorp/aws\"]",
      "instances": [
        {
          "schema_version": 1,
          "attributes": {
            "actions_enabled": true,
            "alarm_actions": [
              "arn:aws:sns:us-west-2:585008069642:service-quota"
            ],
            "alarm_description": "This alarm triggers when 80% of the applied Service Quota limit is reached.",
            "alarm_name": "Service: servicequotas | Quota: Throttle rate for GetServiceQuota",
            "arn": "arn:aws:cloudwatch:us-west-2:585008069642:alarm:Service: servicequotas | Quota: Throttle rate for GetServiceQuota",
            "comparison_operator": "GreaterThanOrEqualToThreshold",
            "datapoints_to_alarm": 5,
            "dimensions": null,
            "evaluate_low_sample_count_percentiles": "",
            "evaluation_periods": 5,
            "extended_statistic": "",
            "id": "Service: servicequotas | Quota: Throttle rate for GetServiceQuota",
            "insufficient_data_actions": null,
            "metric_name": "",
            "metric_query": [
              {
                "account_id": "",
                "expression": "",
                "id": "usage_data",
                "label": "",
                "metric": [
                  {
                    "dimensions": {
                      "Class": "None",
                      "Resource": "GetServiceQuota",
                      "Service": "Service Quotas",
                      "Type": "API"
                    },
                    "metric_name": "CallCount",
                    "namespace": "AWS/Usage",
                    "period": 60,
                    "stat": "Sum",
                    "unit": ""
                  }
                ],
                "period": 0,
                "return_data": false
              },
              {
                "account_id": "",
                "expression": "(usage_data/SERVICE_QUOTA(usage_data))*100",
                "id": "pct_utilization",
                "label": "% Utilization",
                "metric": [],
                "period": null,
                "return_data": true
              }
            ],
            "namespace": "",
            "ok_actions": null,
            "period": 0,
            "statistic": "",
            "tags": null,
            "tags_all": {},
            "threshold": 80,
            "threshold_metric_id": "",
            "treat_missing_data": "missing",
            "unit": ""
          },
          "sensitive_attributes": [],
          "identity_schema_version": 0,
          "private": "eyJzY2hlbWFfdmVyc2lvbiI6IjEifQ==",
          "dependencies": [
            "aws_sns_topic.sns"
          ]
        }
      ]
    },
    {
      "mode": "managed",
      "type": "aws_cloudwatch_metric_alarm",
      "name": "gettopicattributes-transactions-per-second",
      "provider": "provider[\"registry.terraform.io/hashicorp/aws\"]",
      "instances": [
        {
          "schema_version": 1,
          "attributes": {
            "actions_enabled": true,
            "alarm_actions": [
              "arn:aws:sns:us-west-2:585008069642:service-quota"
            ],
            "alarm_description": "This alarm triggers when 80% of the applied Service Quota limit is reached.",
            "alarm_name": "Service: sns | Quota: GetTopicAttributes Transactions per Second",
            "arn": "arn:aws:cloudwatch:us-west-2:585008069642:alarm:Service: sns | Quota: GetTopicAttributes Transactions per Second",
            "comparison_operator": "GreaterThanOrEqualToThreshold",
            "datapoints_to_alarm": 5,
            "dimensions": null,
            "evaluate_low_sample_count_percentiles": "",
            "evaluation_periods": 5,
            "extended_statistic": "",
            "id": "Service: sns | Quota: GetTopicAttributes Transactions per Second",
            "insufficient_data_actions": null,
            "metric_name": "",
            "metric_query": [
              {
                "account_id": "",
                "expression": "",
                "id": "usage_data",
                "label": "",
                "metric": [
                  {
                    "dimensions": {
                      "Class": "None",
                      "Resource": "GetTopicAttributes",
                      "Service": "SNS",
                      "Type": "API"
                    },
                    "metric_name": "CallCount",
                    "namespace": "AWS/Usage",
                    "period": 60,
                    "stat": "Sum",
                    "unit": ""
                  }
                ],
                "period": 0,
                "return_data": false
              },
              {
                "account_id": "",
                "expression": "(usage_data/SERVICE_QUOTA(usage_data))*100",
                "id": "pct_utilization",
                "label": "% Utilization",
                "metric": [],
                "period": null,
                "return_data": true
              }
            ],
            "namespace": "",
            "ok_actions": null,
            "period": 0,
            "statistic": "",
            "tags": null,
            "tags_all": {},
            "threshold": 80,
            "threshold_metric_id": "",
            "treat_missing_data": "missing",
            "unit": ""
          },
          "sensitive_attributes": [],
          "identity_schema_version": 0,
          "private": "eyJzY2hlbWFfdmVyc2lvbiI6IjEifQ==",
          "dependencies": [
            "aws_sns_topic.sns"
          ]
        }
      ]
    },
    {
      "mode": "managed",
      "type": "aws_cloudwatch_metric_alarm",
      "name": "invocations-throttle-limit-in-transactions-per-second",
      "provider": "provider[\"registry.terraform.io/hashicorp/aws\"]",
      "instances": [
        {
          "schema_version": 1,
          "attributes": {
            "actions_enabled": true,
            "alarm_actions": [
              "arn:aws:sns:us-west-2:585008069642:service-quota"
            ],
            "alarm_description": "This alarm triggers when 80% of the applied Service Quota limit is reached.",
            "alarm_name": "Service: events | Quota: Invocations throttle limit in transactions per second",
            "arn": "arn:aws:cloudwatch:us-west-2:585008069642:alarm:Service: events | Quota: Invocations throttle limit in transactions per second",
            "comparison_operator": "GreaterThanOrEqualToThreshold",
            "datapoints_to_alarm": 5,
            "dimensions": null,
            "evaluate_low_sample_count_percentiles": "",
            "evaluation_periods": 5,
            "extended_statistic": "",
            "id": "Service: events | Quota: Invocations throttle limit in transactions per second",
            "insufficient_data_actions": null,
            "metric_name": "",
            "metric_query": [
              {
                "account_id": "",
                "expression": "",
                "id": "usage_data",
                "label": "",
                "metric": [
                  {
                    "dimensions": {
                      "Class": "None",
                      "Resource": "Invocations",
                      "Service": "EventBridge",
                      "Type": "API"
                    },
                    "metric_name": "CallCount",
                    "namespace": "AWS/Usage",
                    "period": 60,
                    "stat": "Sum",
                    "unit": ""
                  }
                ],
                "period": 0,
                "return_data": false
              },
              {
                "account_id": "",
                "expression": "(usage_data/SERVICE_QUOTA(usage_data))*100",
                "id": "pct_utilization",
                "label": "% Utilization",
                "metric": [],
                "period": null,
                "return_data": true
              }
            ],
            "namespace": "",
            "ok_actions": null,
            "period": 0,
            "statistic": "",
            "tags": null,
            "tags_all": {},
            "threshold": 80,
            "threshold_metric_id": "",
            "treat_missing_data": "missing",
            "unit": ""
          },
          "sensitive_attributes": [],
          "identity_schema_version": 0,
          "private": "eyJzY2hlbWFfdmVyc2lvbiI6IjEifQ==",
          "dependencies": [
            "aws_sns_topic.sns"
          ]
        }
      ]
    },
    {
      "mode": "managed",
      "type": "aws_cloudwatch_metric_alarm",
      "name": "listawsdefaultservicequotas",
      "provider": "provider[\"registry.terraform.io/hashicorp/aws\"]",
      "instances": [
        {
          "schema_version": 1,
          "attributes": {
            "actions_enabled": true,
            "alarm_actions": [
              "arn:aws:sns:us-west-2:585008069642:service-quota"
            ],
            "alarm_description": "This alarm triggers when 80% of the applied Service Quota limit is reached.",
            "alarm_name": "Service: servicequotas | Quota: Throttle rate for ListAWSDefaultServiceQuotas",
            "arn": "arn:aws:cloudwatch:us-west-2:585008069642:alarm:Service: servicequotas | Quota: Throttle rate for ListAWSDefaultServiceQuotas",
            "comparison_operator": "GreaterThanOrEqualToThreshold",
            "datapoints_to_alarm": 5,
            "dimensions": null,
            "evaluate_low_sample_count_percentiles": "",
            "evaluation_periods": 5,
            "extended_statistic": "",
            "id": "Service: servicequotas | Quota: Throttle rate for ListAWSDefaultServiceQuotas",
            "insufficient_data_actions": null,
            "metric_name": "",
            "metric_query": [
              {
                "account_id": "",
                "expression": "",
                "id": "usage_data",
                "label": "",
                "metric": [
                  {
                    "dimensions": {
                      "Class": "None",
                      "Resource": "ListAWSDefaultServiceQuotas",
                      "Service": "Service Quotas",
                      "Type": "API"
                    },
                    "metric_name": "CallCount",
                    "namespace": "AWS/Usage",
                    "period": 60,
                    "stat": "Sum",
                    "unit": ""
                  }
                ],
                "period": null,
                "return_data": false
              },
              {
                "account_id": "",
                "expression": "(usage_data/SERVICE_QUOTA(usage_data))*100",
                "id": "pct_utilization",
                "label": "% Utilization",
                "metric": [],
                "period": null,
                "return_data": true
              }
            ],
            "namespace": "",
            "ok_actions": null,
            "period": 0,
            "statistic": "",
            "tags": null,
            "tags_all": {},
            "threshold": 80,
            "threshold_metric_id": "",
            "treat_missing_data": "missing",
            "unit": ""
          },
          "sensitive_attributes": [],
          "identity_schema_version": 0,
          "private": "eyJzY2hlbWFfdmVyc2lvbiI6IjEifQ==",
          "dependencies": [
            "aws_sns_topic.sns"
          ]
        }
      ]
    },
    {
      "mode": "managed",
      "type": "aws_cloudwatch_metric_alarm",
      "name": "listeners-per-application-load-balancer",
      "provider": "provider[\"registry.terraform.io/hashicorp/aws\"]",
      "instances": [
        {
          "schema_version": 1,
          "attributes": {
            "actions_enabled": true,
            "alarm_actions": [
              "arn:aws:sns:us-west-2:585008069642:service-quota"
            ],
            "alarm_description": "This alarm triggers when 80% of the applied Service Quota limit is reached.",
            "alarm_name": "Service: elasticloadbalancing | Quota: Listeners per Application Load Balancer",
            "arn": "arn:aws:cloudwatch:us-west-2:585008069642:alarm:Service: elasticloadbalancing | Quota: Listeners per Application Load Balancer",
            "comparison_operator": "GreaterThanOrEqualToThreshold",
            "datapoints_to_alarm": 5,
            "dimensions": null,
            "evaluate_low_sample_count_percentiles": "",
            "evaluation_periods": 5,
            "extended_statistic": "",
            "id": "Service: elasticloadbalancing | Quota: Listeners per Application Load Balancer",
            "insufficient_data_actions": null,
            "metric_name": "",
            "metric_query": [
              {
                "account_id": "",
                "expression": "",
                "id": "usage_data",
                "label": "",
                "metric": [
                  {
                    "dimensions": {
                      "Class": "None",
                      "Resource": "ListenersPerApplicationLoadBalancer",
                      "Service": "Elastic Load Balancing",
                      "Type": "Resource"
                    },
                    "metric_name": "ResourceCount",
                    "namespace": "AWS/Usage",
                    "period": 60,
                    "stat": "Maximum",
                    "unit": ""
                  }
                ],
                "period": 0,
                "return_data": false
              },
              {
                "account_id": "",
                "expression": "(usage_data/SERVICE_QUOTA(usage_data))*100",
                "id": "pct_utilization",
                "label": "% Utilization",
                "metric": [],
                "period": null,
                "return_data": true
              }
            ],
            "namespace": "",
            "ok_actions": null,
            "period": 0,
            "statistic": "",
            "tags": null,
            "tags_all": {},
            "threshold": 80,
            "threshold_metric_id": "",
            "treat_missing_data": "missing",
            "unit": ""
          },
          "sensitive_attributes": [],
          "identity_schema_version": 0,
          "private": "eyJzY2hlbWFfdmVyc2lvbiI6IjEifQ==",
          "dependencies": [
            "aws_sns_topic.sns"
          ]
        }
      ]
    },
    {
      "mode": "managed",
      "type": "aws_cloudwatch_metric_alarm",
      "name": "listeners-per-network-load-balancer",
      "provider": "provider[\"registry.terraform.io/hashicorp/aws\"]",
      "instances": [
        {
          "schema_version": 1,
          "attributes": {
            "actions_enabled": true,
            "alarm_actions": [
              "arn:aws:sns:us-west-2:585008069642:service-quota"
            ],
            "alarm_description": "This alarm triggers when 80% of the applied Service Quota limit is reached.",
            "alarm_name": "Service: elasticloadbalancing | Quota: Listeners per Network Load Balancer",
            "arn": "arn:aws:cloudwatch:us-west-2:585008069642:alarm:Service: elasticloadbalancing | Quota: Listeners per Network Load Balancer",
            "comparison_operator": "GreaterThanOrEqualToThreshold",
            "datapoints_to_alarm": 5,
            "dimensions": null,
            "evaluate_low_sample_count_percentiles": "",
            "evaluation_periods": 5,
            "extended_statistic": "",
            "id": "Service: elasticloadbalancing | Quota: Listeners per Network Load Balancer",
            "insufficient_data_actions": null,
            "metric_name": "",
            "metric_query": [
              {
                "account_id": "",
                "expression": "",
                "id": "usage_data",
                "label": "",
                "metric": [
                  {
                    "dimensions": {
                      "Class": "None",
                      "Resource": "ListenersPerNetworkLoadBalancer",
                      "Service": "Elastic Load Balancing",
                      "Type": "Resource"
                    },
                    "metric_name": "ResourceCount",
                    "namespace": "AWS/Usage",
                    "period": 60,
                    "stat": "Maximum",
                    "unit": ""
                  }
                ],
                "period": 0,
                "return_data": false
              },
              {
                "account_id": "",
                "expression": "(usage_data/SERVICE_QUOTA(usage_data))*100",
                "id": "pct_utilization",
                "label": "% Utilization",
                "metric": [],
                "period": null,
                "return_data": true
              }
            ],
            "namespace": "",
            "ok_actions": null,
            "period": 0,
            "statistic": "",
            "tags": null,
            "tags_all": {},
            "threshold": 80,
            "threshold_metric_id": "",
            "treat_missing_data": "missing",
            "unit": ""
          },
          "sensitive_attributes": [],
          "identity_schema_version": 0,
          "private": "eyJzY2hlbWFfdmVyc2lvbiI6IjEifQ==",
          "dependencies": [
            "aws_sns_topic.sns"
          ]
        }
      ]
    },
    {
      "mode": "managed",
      "type": "aws_cloudwatch_metric_alarm",
      "name": "listgrants-request-rate",
      "provider": "provider[\"registry.terraform.io/hashicorp/aws\"]",
      "instances": [
        {
          "schema_version": 1,
          "attributes": {
            "actions_enabled": true,
            "alarm_actions": [
              "arn:aws:sns:us-west-2:585008069642:service-quota"
            ],
            "alarm_description": "This alarm triggers when 80% of the applied Service Quota limit is reached.",
            "alarm_name": "Service: kms | Quota: ListGrants request rate",
            "arn": "arn:aws:cloudwatch:us-west-2:585008069642:alarm:Service: kms | Quota: ListGrants request rate",
            "comparison_operator": "GreaterThanOrEqualToThreshold",
            "datapoints_to_alarm": 5,
            "dimensions": null,
            "evaluate_low_sample_count_percentiles": "",
            "evaluation_periods": 5,
            "extended_statistic": "",
            "id": "Service: kms | Quota: ListGrants request rate",
            "insufficient_data_actions": null,
            "metric_name": "",
            "metric_query": [
              {
                "account_id": "",
                "expression": "",
                "id": "usage_data",
                "label": "",
                "metric": [
                  {
                    "dimensions": {
                      "Class": "None",
                      "Resource": "ListGrants",
                      "Service": "KMS",
                      "Type": "API"
                    },
                    "metric_name": "CallCount",
                    "namespace": "AWS/Usage",
                    "period": 60,
                    "stat": "Sum",
                    "unit": ""
                  }
                ],
                "period": 0,
                "return_data": false
              },
              {
                "account_id": "",
                "expression": "(usage_data/SERVICE_QUOTA(usage_data))*100",
                "id": "pct_utilization",
                "label": "% Utilization",
                "metric": [],
                "period": null,
                "return_data": true
              }
            ],
            "namespace": "",
            "ok_actions": null,
            "period": 0,
            "statistic": "",
            "tags": null,
            "tags_all": {},
            "threshold": 80,
            "threshold_metric_id": "",
            "treat_missing_data": "missing",
            "unit": ""
          },
          "sensitive_attributes": [],
          "identity_schema_version": 0,
          "private": "eyJzY2hlbWFfdmVyc2lvbiI6IjEifQ==",
          "dependencies": [
            "aws_sns_topic.sns"
          ]
        }
      ]
    },
    {
      "mode": "managed",
      "type": "aws_cloudwatch_metric_alarm",
      "name": "listservicequotas",
      "provider": "provider[\"registry.terraform.io/hashicorp/aws\"]",
      "instances": [
        {
          "schema_version": 1,
          "attributes": {
            "actions_enabled": true,
            "alarm_actions": [
              "arn:aws:sns:us-west-2:585008069642:service-quota"
            ],
            "alarm_description": "This alarm triggers when 80% of the applied Service Quota limit is reached.",
            "alarm_name": "Service: servicequotas | Quota: Throttle rate for ListServiceQuotas",
            "arn": "arn:aws:cloudwatch:us-west-2:585008069642:alarm:Service: servicequotas | Quota: Throttle rate for ListServiceQuotas",
            "comparison_operator": "GreaterThanOrEqualToThreshold",
            "datapoints_to_alarm": 5,
            "dimensions": null,
            "evaluate_low_sample_count_percentiles": "",
            "evaluation_periods": 5,
            "extended_statistic": "",
            "id": "Service: servicequotas | Quota: Throttle rate for ListServiceQuotas",
            "insufficient_data_actions": null,
            "metric_name": "",
            "metric_query": [
              {
                "account_id": "",
                "expression": "",
                "id": "usage_data",
                "label": "",
                "metric": [
                  {
                    "dimensions": {
                      "Class": "None",
                      "Resource": "ListServiceQuotas",
                      "Service": "Service Quotas",
                      "Type": "API"
                    },
                    "metric_name": "CallCount",
                    "namespace": "AWS/Usage",
                    "period": 60,
                    "stat": "Sum",
                    "unit": ""
                  }
                ],
                "period": 0,
                "return_data": false
              },
              {
                "account_id": "",
                "expression": "(usage_data/SERVICE_QUOTA(usage_data))*100",
                "id": "pct_utilization",
                "label": "% Utilization",
                "metric": [],
                "period": null,
                "return_data": true
              }
            ],
            "namespace": "",
            "ok_actions": null,
            "period": 0,
            "statistic": "",
            "tags": null,
            "tags_all": {},
            "threshold": 80,
            "threshold_metric_id": "",
            "treat_missing_data": "missing",
            "unit": ""
          },
          "sensitive_attributes": [],
          "identity_schema_version": 0,
          "private": "eyJzY2hlbWFfdmVyc2lvbiI6IjEifQ==",
          "dependencies": [
            "aws_sns_topic.sns"
          ]
        }
      ]
    },
    {
      "mode": "managed",
      "type": "aws_cloudwatch_metric_alarm",
      "name": "listservices",
      "provider": "provider[\"registry.terraform.io/hashicorp/aws\"]",
      "instances": [
        {
          "schema_version": 1,
          "attributes": {
            "actions_enabled": true,
            "alarm_actions": [
              "arn:aws:sns:us-west-2:585008069642:service-quota"
            ],
            "alarm_description": "This alarm triggers when 80% of the applied Service Quota limit is reached.",
            "alarm_name": "Service: servicequotas | Quota: Throttle rate for ListServices",
            "arn": "arn:aws:cloudwatch:us-west-2:585008069642:alarm:Service: servicequotas | Quota: Throttle rate for ListServices",
            "comparison_operator": "GreaterThanOrEqualToThreshold",
            "datapoints_to_alarm": 5,
            "dimensions": null,
            "evaluate_low_sample_count_percentiles": "",
            "evaluation_periods": 5,
            "extended_statistic": "",
            "id": "Service: servicequotas | Quota: Throttle rate for ListServices",
            "insufficient_data_actions": null,
            "metric_name": "",
            "metric_query": [
              {
                "account_id": "",
                "expression": "",
                "id": "usage_data",
                "label": "",
                "metric": [
                  {
                    "dimensions": {
                      "Class": "None",
                      "Resource": "ListServices",
                      "Service": "Service Quotas",
                      "Type": "API"
                    },
                    "metric_name": "CallCount",
                    "namespace": "AWS/Usage",
                    "period": 60,
                    "stat": "Sum",
                    "unit": ""
                  }
                ],
                "period": 0,
                "return_data": false
              },
              {
                "account_id": "",
                "expression": "(usage_data/SERVICE_QUOTA(usage_data))*100",
                "id": "pct_utilization",
                "label": "% Utilization",
                "metric": [],
                "period": null,
                "return_data": true
              }
            ],
            "namespace": "",
            "ok_actions": null,
            "period": 0,
            "statistic": "",
            "tags": null,
            "tags_all": {},
            "threshold": 80,
            "threshold_metric_id": "",
            "treat_missing_data": "missing",
            "unit": ""
          },
          "sensitive_attributes": [],
          "identity_schema_version": 0,
          "private": "eyJzY2hlbWFfdmVyc2lvbiI6IjEifQ==",
          "dependencies": [
            "aws_sns_topic.sns"
          ]
        }
      ]
    },
    {
      "mode": "managed",
      "type": "aws_cloudwatch_metric_alarm",
      "name": "listtagsforresource-transactions-per-second",
      "provider": "provider[\"registry.terraform.io/hashicorp/aws\"]",
      "instances": [
        {
          "schema_version": 1,
          "attributes": {
            "actions_enabled": true,
            "alarm_actions": [
              "arn:aws:sns:us-west-2:585008069642:service-quota"
            ],
            "alarm_description": "This alarm triggers when 80% of the applied Service Quota limit is reached.",
            "alarm_name": "Service: sns | Quota: ListTagsForResource Transactions per Second",
            "arn": "arn:aws:cloudwatch:us-west-2:585008069642:alarm:Service: sns | Quota: ListTagsForResource Transactions per Second",
            "comparison_operator": "GreaterThanOrEqualToThreshold",
            "datapoints_to_alarm": 5,
            "dimensions": null,
            "evaluate_low_sample_count_percentiles": "",
            "evaluation_periods": 5,
            "extended_statistic": "",
            "id": "Service: sns | Quota: ListTagsForResource Transactions per Second",
            "insufficient_data_actions": null,
            "metric_name": "",
            "metric_query": [
              {
                "account_id": "",
                "expression": "",
                "id": "usage_data",
                "label": "",
                "metric": [
                  {
                    "dimensions": {
                      "Class": "None",
                      "Resource": "ListTagsForResource",
                      "Service": "SNS",
                      "Type": "API"
                    },
                    "metric_name": "CallCount",
                    "namespace": "AWS/Usage",
                    "period": 60,
                    "stat": "Sum",
                    "unit": ""
                  }
                ],
                "period": 0,
                "return_data": false
              },
              {
                "account_id": "",
                "expression": "(usage_data/SERVICE_QUOTA(usage_data))*100",
                "id": "pct_utilization",
                "label": "% Utilization",
                "metric": [],
                "period": null,
                "return_data": true
              }
            ],
            "namespace": "",
            "ok_actions": null,
            "period": 0,
            "statistic": "",
            "tags": null,
            "tags_all": {},
            "threshold": 80,
            "threshold_metric_id": "",
            "treat_missing_data": "missing",
            "unit": ""
          },
          "sensitive_attributes": [],
          "identity_schema_version": 0,
          "private": "eyJzY2hlbWFfdmVyc2lvbiI6IjEifQ==",
          "dependencies": [
            "aws_sns_topic.sns"
          ]
        }
      ]
    },
    {
      "mode": "managed",
      "type": "aws_cloudwatch_metric_alarm",
      "name": "listthings-api-tps",
      "provider": "provider[\"registry.terraform.io/hashicorp/aws\"]",
      "instances": [
        {
          "schema_version": 1,
          "attributes": {
            "actions_enabled": true,
            "alarm_actions": [
              "arn:aws:sns:us-west-2:585008069642:service-quota"
            ],
            "alarm_description": "This alarm triggers when 80% of the applied Service Quota limit is reached.",
            "alarm_name": "Service: iotcore | Quota: ListThings API TPS",
            "arn": "arn:aws:cloudwatch:us-west-2:585008069642:alarm:Service: iotcore | Quota: ListThings API TPS",
            "comparison_operator": "GreaterThanOrEqualToThreshold",
            "datapoints_to_alarm": 5,
            "dimensions": null,
            "evaluate_low_sample_count_percentiles": "",
            "evaluation_periods": 5,
            "extended_statistic": "",
            "id": "Service: iotcore | Quota: ListThings API TPS",
            "insufficient_data_actions": null,
            "metric_name": "",
            "metric_query": [
              {
                "account_id": "",
                "expression": "",
                "id": "usage_data",
                "label": "",
                "metric": [
                  {
                    "dimensions": {
                      "Class": "None",
                      "Resource": "ListThings",
                      "Service": "IoT",
                      "Type": "API"
                    },
                    "metric_name": "CallCount",
                    "namespace": "AWS/Usage",
                    "period": 60,
                    "stat": "Sum",
                    "unit": ""
                  }
                ],
                "period": 0,
                "return_data": false
              },
              {
                "account_id": "",
                "expression": "(usage_data/SERVICE_QUOTA(usage_data))*100",
                "id": "pct_utilization",
                "label": "% Utilization",
                "metric": [],
                "period": null,
                "return_data": true
              }
            ],
            "namespace": "",
            "ok_actions": null,
            "period": 0,
            "statistic": "",
            "tags": null,
            "tags_all": {},
            "threshold": 80,
            "threshold_metric_id": "",
            "treat_missing_data": "missing",
            "unit": ""
          },
          "sensitive_attributes": [],
          "identity_schema_version": 0,
          "private": "eyJzY2hlbWFfdmVyc2lvbiI6IjEifQ==",
          "dependencies": [
            "aws_sns_topic.sns"
          ]
        }
      ]
    },
    {
      "mode": "managed",
      "type": "aws_cloudwatch_metric_alarm",
      "name": "listtopics-transactions-per-second",
      "provider": "provider[\"registry.terraform.io/hashicorp/aws\"]",
      "instances": [
        {
          "schema_version": 1,
          "attributes": {
            "actions_enabled": true,
            "alarm_actions": [
              "arn:aws:sns:us-west-2:585008069642:service-quota"
            ],
            "alarm_description": "This alarm triggers when 80% of the applied Service Quota limit is reached.",
            "alarm_name": "Service: sns | Quota: ListTopics Transactions per Second",
            "arn": "arn:aws:cloudwatch:us-west-2:585008069642:alarm:Service: sns | Quota: ListTopics Transactions per Second",
            "comparison_operator": "GreaterThanOrEqualToThreshold",
            "datapoints_to_alarm": 5,
            "dimensions": null,
            "evaluate_low_sample_count_percentiles": "",
            "evaluation_periods": 5,
            "extended_statistic": "",
            "id": "Service: sns | Quota: ListTopics Transactions per Second",
            "insufficient_data_actions": null,
            "metric_name": "",
            "metric_query": [
              {
                "account_id": "",
                "expression": "",
                "id": "usage_data",
                "label": "",
                "metric": [
                  {
                    "dimensions": {
                      "Class": "None",
                      "Resource": "ListTopics",
                      "Service": "SNS",
                      "Type": "API"
                    },
                    "metric_name": "CallCount",
                    "namespace": "AWS/Usage",
                    "period": 60,
                    "stat": "Sum",
                    "unit": ""
                  }
                ],
                "period": 0,
                "return_data": false
              },
              {
                "account_id": "",
                "expression": "(usage_data/SERVICE_QUOTA(usage_data))*100",
                "id": "pct_utilization",
                "label": "% Utilization",
                "metric": [],
                "period": null,
                "return_data": true
              }
            ],
            "namespace": "",
            "ok_actions": null,
            "period": 0,
            "statistic": "",
            "tags": null,
            "tags_all": {},
            "threshold": 80,
            "threshold_metric_id": "",
            "treat_missing_data": "missing",
            "unit": ""
          },
          "sensitive_attributes": [],
          "identity_schema_version": 0,
          "private": "eyJzY2hlbWFfdmVyc2lvbiI6IjEifQ==",
          "dependencies": [
            "aws_sns_topic.sns"
          ]
        }
      ]
    },
    {
      "mode": "managed",
      "type": "aws_cloudwatch_metric_alarm",
      "name": "manual-db-instance-snapshots",
      "provider": "provider[\"registry.terraform.io/hashicorp/aws\"]",
      "instances": [
        {
          "schema_version": 1,
          "attributes": {
            "actions_enabled": true,
            "alarm_actions": [
              "arn:aws:sns:us-west-2:585008069642:service-quota"
            ],
            "alarm_description": "This alarm triggers when 80% of the applied Service Quota limit is reached.",
            "alarm_name": "Service: rds | Quota: Manual DB instance snapshots",
            "arn": "arn:aws:cloudwatch:us-west-2:585008069642:alarm:Service: rds | Quota: Manual DB instance snapshots",
            "comparison_operator": "GreaterThanOrEqualToThreshold",
            "datapoints_to_alarm": 5,
            "dimensions": null,
            "evaluate_low_sample_count_percentiles": "",
            "evaluation_periods": 5,
            "extended_statistic": "",
            "id": "Service: rds | Quota: Manual DB instance snapshots",
            "insufficient_data_actions": null,
            "metric_name": "",
            "metric_query": [
              {
                "account_id": "",
                "expression": "",
                "id": "usage_data",
                "label": "",
                "metric": [
                  {
                    "dimensions": {
                      "Class": "None",
                      "Resource": "ManualSnapshots",
                      "Service": "RDS",
                      "Type": "Resource"
                    },
                    "metric_name": "ResourceCount",
                    "namespace": "AWS/Usage",
                    "period": 60,
                    "stat": "Maximum",
                    "unit": ""
                  }
                ],
                "period": 0,
                "return_data": false
              },
              {
                "account_id": "",
                "expression": "(usage_data/SERVICE_QUOTA(usage_data))*100",
                "id": "pct_utilization",
                "label": "% Utilization",
                "metric": [],
                "period": null,
                "return_data": true
              }
            ],
            "namespace": "",
            "ok_actions": null,
            "period": 0,
            "statistic": "",
            "tags": null,
            "tags_all": {},
            "threshold": 80,
            "threshold_metric_id": "",
            "treat_missing_data": "missing",
            "unit": ""
          },
          "sensitive_attributes": [],
          "identity_schema_version": 0,
          "private": "eyJzY2hlbWFfdmVyc2lvbiI6IjEifQ==",
          "dependencies": [
            "aws_sns_topic.sns"
          ]
        }
      ]
    },
    {
      "mode": "managed",
      "type": "aws_cloudwatch_metric_alarm",
      "name": "maximum-number-of-tables",
      "provider": "provider[\"registry.terraform.io/hashicorp/aws\"]",
      "instances": [
        {
          "schema_version": 1,
          "attributes": {
            "actions_enabled": true,
            "alarm_actions": [
              "arn:aws:sns:us-west-2:585008069642:service-quota"
            ],
            "alarm_description": "This alarm triggers when 80% of the applied Service Quota limit is reached.",
            "alarm_name": "Service: dynamodb | Quota: Maximum number of tables",
            "arn": "arn:aws:cloudwatch:us-west-2:585008069642:alarm:Service: dynamodb | Quota: Maximum number of tables",
            "comparison_operator": "GreaterThanOrEqualToThreshold",
            "datapoints_to_alarm": 5,
            "dimensions": null,
            "evaluate_low_sample_count_percentiles": "",
            "evaluation_periods": 5,
            "extended_statistic": "",
            "id": "Service: dynamodb | Quota: Maximum number of tables",
            "insufficient_data_actions": null,
            "metric_name": "",
            "metric_query": [
              {
                "account_id": "",
                "expression": "",
                "id": "usage_data",
                "label": "",
                "metric": [
                  {
                    "dimensions": {
                      "Class": "None",
                      "Resource": "TableCount",
                      "Service": "DynamoDB",
                      "Type": "Resource"
                    },
                    "metric_name": "ResourceCount",
                    "namespace": "AWS/Usage",
                    "period": 60,
                    "stat": "Maximum",
                    "unit": ""
                  }
                ],
                "period": 0,
                "return_data": false
              },
              {
                "account_id": "",
                "expression": "(usage_data/SERVICE_QUOTA(usage_data))*100",
                "id": "pct_utilization",
                "label": "% Utilization",
                "metric": [],
                "period": null,
                "return_data": true
              }
            ],
            "namespace": "",
            "ok_actions": null,
            "period": 0,
            "statistic": "",
            "tags": null,
            "tags_all": {},
            "threshold": 80,
            "threshold_metric_id": "",
            "treat_missing_data": "missing",
            "unit": ""
          },
          "sensitive_attributes": [],
          "identity_schema_version": 0,
          "private": "eyJzY2hlbWFfdmVyc2lvbiI6IjEifQ==",
          "dependencies": [
            "aws_sns_topic.sns"
          ]
        }
      ]
    },
    {
      "mode": "managed",
      "type": "aws_cloudwatch_metric_alarm",
      "name": "maximum-regex-pattern-sets-per-account-regional",
      "provider": "provider[\"registry.terraform.io/hashicorp/aws\"]",
      "instances": [
        {
          "schema_version": 1,
          "attributes": {
            "actions_enabled": true,
            "alarm_actions": [
              "arn:aws:sns:us-west-2:585008069642:service-quota"
            ],
            "alarm_description": "This alarm triggers when 80% of the applied Service Quota limit is reached.",
            "alarm_name": "Service: wafv2 | Quota: Maximum regex pattern sets per account in WAF for regional",
            "arn": "arn:aws:cloudwatch:us-west-2:585008069642:alarm:Service: wafv2 | Quota: Maximum regex pattern sets per account in WAF for regional",
            "comparison_operator": "GreaterThanOrEqualToThreshold",
            "datapoints_to_alarm": 5,
            "dimensions": null,
            "evaluate_low_sample_count_percentiles": "",
            "evaluation_periods": 5,
            "extended_statistic": "",
            "id": "Service: wafv2 | Quota: Maximum regex pattern sets per account in WAF for regional",
            "insufficient_data_actions": null,
            "metric_name": "",
            "metric_query": [
              {
                "account_id": "",
                "expression": "",
                "id": "usage_data",
                "label": "",
                "metric": [
                  {
                    "dimensions": {
                      "Class": "None",
                      "Resource": "RegexPatternSetsPerAccountRegional",
                      "Service": "AWS WAF",
                      "Type": "Resource"
                    },
                    "metric_name": "ResourceCount",
                    "namespace": "AWS/Usage",
                    "period": 60,
                    "stat": "Maximum",
                    "unit": ""
                  }
                ],
                "period": 0,
                "return_data": false
              },
              {
                "account_id": "",
                "expression": "(usage_data/SERVICE_QUOTA(usage_data))*100",
                "id": "pct_utilization",
                "label": "% Utilization",
                "metric": [],
                "period": null,
                "return_data": true
              }
            ],
            "namespace": "",
            "ok_actions": null,
            "period": 0,
            "statistic": "",
            "tags": null,
            "tags_all": {},
            "threshold": 80,
            "threshold_metric_id": "",
            "treat_missing_data": "missing",
            "unit": ""
          },
          "sensitive_attributes": [],
          "identity_schema_version": 0,
          "private": "eyJzY2hlbWFfdmVyc2lvbiI6IjEifQ==",
          "dependencies": [
            "aws_sns_topic.sns"
          ]
        }
      ]
    },
    {
      "mode": "managed",
      "type": "aws_cloudwatch_metric_alarm",
      "name": "maximum-webacls-per-account-regional",
      "provider": "provider[\"registry.terraform.io/hashicorp/aws\"]",
      "instances": [
        {
          "schema_version": 1,
          "attributes": {
            "actions_enabled": true,
            "alarm_actions": [
              "arn:aws:sns:us-west-2:585008069642:service-quota"
            ],
            "alarm_description": "This alarm triggers when 80% of the applied Service Quota limit is reached.",
            "alarm_name": "Service: wafv2 | Quota: Maximum web ACLs per account in WAF for regional",
            "arn": "arn:aws:cloudwatch:us-west-2:585008069642:alarm:Service: wafv2 | Quota: Maximum web ACLs per account in WAF for regional",
            "comparison_operator": "GreaterThanOrEqualToThreshold",
            "datapoints_to_alarm": 5,
            "dimensions": null,
            "evaluate_low_sample_count_percentiles": "",
            "evaluation_periods": 5,
            "extended_statistic": "",
            "id": "Service: wafv2 | Quota: Maximum web ACLs per account in WAF for regional",
            "insufficient_data_actions": null,
            "metric_name": "",
            "metric_query": [
              {
                "account_id": "",
                "expression": "",
                "id": "usage_data",
                "label": "",
                "metric": [
                  {
                    "dimensions": {
                      "Class": "None",
                      "Resource": "WebAclsPerAccountRegional",
                      "Service": "AWS WAF",
                      "Type": "Resource"
                    },
                    "metric_name": "ResourceCount",
                    "namespace": "AWS/Usage",
                    "period": 60,
                    "stat": "Maximum",
                    "unit": ""
                  }
                ],
                "period": 0,
                "return_data": false
              },
              {
                "account_id": "",
                "expression": "(usage_data/SERVICE_QUOTA(usage_data))*100",
                "id": "pct_utilization",
                "label": "% Utilization",
                "metric": [],
                "period": null,
                "return_data": true
              }
            ],
            "namespace": "",
            "ok_actions": null,
            "period": 0,
            "statistic": "",
            "tags": null,
            "tags_all": {},
            "threshold": 80,
            "threshold_metric_id": "",
            "treat_missing_data": "missing",
            "unit": ""
          },
          "sensitive_attributes": [],
          "identity_schema_version": 0,
          "private": "eyJzY2hlbWFfdmVyc2lvbiI6IjEifQ==",
          "dependencies": [
            "aws_sns_topic.sns"
          ]
        }
      ]
    },
    {
      "mode": "managed",
      "type": "aws_cloudwatch_metric_alarm",
      "name": "messages-published-per-second",
      "provider": "provider[\"registry.terraform.io/hashicorp/aws\"]",
      "instances": [
        {
          "schema_version": 1,
          "attributes": {
            "actions_enabled": true,
            "alarm_actions": [
              "arn:aws:sns:us-west-2:585008069642:service-quota"
            ],
            "alarm_description": "This alarm triggers when 80% of the applied Service Quota limit is reached.",
            "alarm_name": "Service: sns | Quota: Messages Published per Second",
            "arn": "arn:aws:cloudwatch:us-west-2:585008069642:alarm:Service: sns | Quota: Messages Published per Second",
            "comparison_operator": "GreaterThanOrEqualToThreshold",
            "datapoints_to_alarm": 5,
            "dimensions": null,
            "evaluate_low_sample_count_percentiles": "",
            "evaluation_periods": 5,
            "extended_statistic": "",
            "id": "Service: sns | Quota: Messages Published per Second",
            "insufficient_data_actions": null,
            "metric_name": "",
            "metric_query": [
              {
                "account_id": "",
                "expression": "",
                "id": "usage_data",
                "label": "",
                "metric": [
                  {
                    "dimensions": {
                      "Class": "None",
                      "Resource": "NumberOfMessagesPublishedPerAccount",
                      "Service": "SNS",
                      "Type": "Resource"
                    },
                    "metric_name": "ResourceCount",
                    "namespace": "AWS/Usage",
                    "period": 60,
                    "stat": "Sum",
                    "unit": ""
                  }
                ],
                "period": 0,
                "return_data": false
              },
              {
                "account_id": "",
                "expression": "(usage_data/SERVICE_QUOTA(usage_data))*100",
                "id": "pct_utilization",
                "label": "% Utilization",
                "metric": [],
                "period": null,
                "return_data": true
              }
            ],
            "namespace": "",
            "ok_actions": null,
            "period": 0,
            "statistic": "",
            "tags": null,
            "tags_all": {},
            "threshold": 80,
            "threshold_metric_id": "",
            "treat_missing_data": "missing",
            "unit": ""
          },
          "sensitive_attributes": [],
          "identity_schema_version": 0,
          "private": "eyJzY2hlbWFfdmVyc2lvbiI6IjEifQ==",
          "dependencies": [
            "aws_sns_topic.sns"
          ]
        }
      ]
    },
    {
      "mode": "managed",
      "type": "aws_cloudwatch_metric_alarm",
      "name": "network-load-balancer-enis-per-vpc",
      "provider": "provider[\"registry.terraform.io/hashicorp/aws\"]",
      "instances": [
        {
          "schema_version": 1,
          "attributes": {
            "actions_enabled": true,
            "alarm_actions": [
              "arn:aws:sns:us-west-2:585008069642:service-quota"
            ],
            "alarm_description": "This alarm triggers when 80% of the applied Service Quota limit is reached.",
            "alarm_name": "Service: elasticloadbalancing | Quota: Network Load Balancer ENIs per VPC",
            "arn": "arn:aws:cloudwatch:us-west-2:585008069642:alarm:Service: elasticloadbalancing | Quota: Network Load Balancer ENIs per VPC",
            "comparison_operator": "GreaterThanOrEqualToThreshold",
            "datapoints_to_alarm": 5,
            "dimensions": null,
            "evaluate_low_sample_count_percentiles": "",
            "evaluation_periods": 5,
            "extended_statistic": "",
            "id": "Service: elasticloadbalancing | Quota: Network Load Balancer ENIs per VPC",
            "insufficient_data_actions": null,
            "metric_name": "",
            "metric_query": [
              {
                "account_id": "",
                "expression": "",
                "id": "usage_data",
                "label": "",
                "metric": [
                  {
                    "dimensions": {
                      "Class": "None",
                      "Resource": "NetworkLoadBalancersENIsPerVPC",
                      "Service": "Elastic Load Balancing",
                      "Type": "Resource"
                    },
                    "metric_name": "ResourceCount",
                    "namespace": "AWS/Usage",
                    "period": 60,
                    "stat": "Maximum",
                    "unit": ""
                  }
                ],
                "period": 0,
                "return_data": false
              },
              {
                "account_id": "",
                "expression": "(usage_data/SERVICE_QUOTA(usage_data))*100",
                "id": "pct_utilization",
                "label": "% Utilization",
                "metric": [],
                "period": null,
                "return_data": true
              }
            ],
            "namespace": "",
            "ok_actions": null,
            "period": 0,
            "statistic": "",
            "tags": null,
            "tags_all": {},
            "threshold": 80,
            "threshold_metric_id": "",
            "treat_missing_data": "missing",
            "unit": ""
          },
          "sensitive_attributes": [],
          "identity_schema_version": 0,
          "private": "eyJzY2hlbWFfdmVyc2lvbiI6IjEifQ==",
          "dependencies": [
            "aws_sns_topic.sns"
          ]
        }
      ]
    },
    {
      "mode": "managed",
      "type": "aws_cloudwatch_metric_alarm",
      "name": "network-load-balancers-per-region",
      "provider": "provider[\"registry.terraform.io/hashicorp/aws\"]",
      "instances": [
        {
          "schema_version": 1,
          "attributes": {
            "actions_enabled": true,
            "alarm_actions": [
              "arn:aws:sns:us-west-2:585008069642:service-quota"
            ],
            "alarm_description": "This alarm triggers when 80% of the applied Service Quota limit is reached.",
            "alarm_name": "Service: elasticloadbalancing | Quota: Network Load Balancers per Region",
            "arn": "arn:aws:cloudwatch:us-west-2:585008069642:alarm:Service: elasticloadbalancing | Quota: Network Load Balancers per Region",
            "comparison_operator": "GreaterThanOrEqualToThreshold",
            "datapoints_to_alarm": 5,
            "dimensions": null,
            "evaluate_low_sample_count_percentiles": "",
            "evaluation_periods": 5,
            "extended_statistic": "",
            "id": "Service: elasticloadbalancing | Quota: Network Load Balancers per Region",
            "insufficient_data_actions": null,
            "metric_name": "",
            "metric_query": [
              {
                "account_id": "",
                "expression": "",
                "id": "usage_data",
                "label": "",
                "metric": [
                  {
                    "dimensions": {
                      "Class": "None",
                      "Resource": "NetworkLoadBalancersPerRegion",
                      "Service": "Elastic Load Balancing",
                      "Type": "Resource"
                    },
                    "metric_name": "ResourceCount",
                    "namespace": "AWS/Usage",
                    "period": 60,
                    "stat": "Maximum",
                    "unit": ""
                  }
                ],
                "period": 0,
                "return_data": false
              },
              {
                "account_id": "",
                "expression": "(usage_data/SERVICE_QUOTA(usage_data))*100",
                "id": "pct_utilization",
                "label": "% Utilization",
                "metric": [],
                "period": null,
                "return_data": true
              }
            ],
            "namespace": "",
            "ok_actions": null,
            "period": 0,
            "statistic": "",
            "tags": null,
            "tags_all": {},
            "threshold": 80,
            "threshold_metric_id": "",
            "treat_missing_data": "missing",
            "unit": ""
          },
          "sensitive_attributes": [],
          "identity_schema_version": 0,
          "private": "eyJzY2hlbWFfdmVyc2lvbiI6IjEifQ==",
          "dependencies": [
            "aws_sns_topic.sns"
          ]
        }
      ]
    },
    {
      "mode": "managed",
      "type": "aws_cloudwatch_metric_alarm",
      "name": "nodes-per-cluster-cluster-mode-enabled",
      "provider": "provider[\"registry.terraform.io/hashicorp/aws\"]",
      "instances": [
        {
          "schema_version": 1,
          "attributes": {
            "actions_enabled": true,
            "alarm_actions": [
              "arn:aws:sns:us-west-2:585008069642:service-quota"
            ],
            "alarm_description": "This alarm triggers when 80% of the applied Service Quota limit is reached.",
            "alarm_name": "Service: elasticache | Quota: Nodes per cluster (cluster mode enabled)",
            "arn": "arn:aws:cloudwatch:us-west-2:585008069642:alarm:Service: elasticache | Quota: Nodes per cluster (cluster mode enabled)",
            "comparison_operator": "GreaterThanOrEqualToThreshold",
            "datapoints_to_alarm": 5,
            "dimensions": null,
            "evaluate_low_sample_count_percentiles": "",
            "evaluation_periods": 5,
            "extended_statistic": "",
            "id": "Service: elasticache | Quota: Nodes per cluster (cluster mode enabled)",
            "insufficient_data_actions": null,
            "metric_name": "",
            "metric_query": [
              {
                "account_id": "",
                "expression": "",
                "id": "usage_data",
                "label": "",
                "metric": [
                  {
                    "dimensions": {
                      "Class": "None",
                      "Resource": "NodesPerCluster",
                      "Service": "ElastiCache",
                      "Type": "Resource"
                    },
                    "metric_name": "ResourceCount",
                    "namespace": "AWS/Usage",
                    "period": 60,
                    "stat": "Maximum",
                    "unit": ""
                  }
                ],
                "period": 0,
                "return_data": false
              },
              {
                "account_id": "",
                "expression": "(usage_data/SERVICE_QUOTA(usage_data))*100",
                "id": "pct_utilization",
                "label": "% Utilization",
                "metric": [],
                "period": null,
                "return_data": true
              }
            ],
            "namespace": "",
            "ok_actions": null,
            "period": 0,
            "statistic": "",
            "tags": null,
            "tags_all": {},
            "threshold": 80,
            "threshold_metric_id": "",
            "treat_missing_data": "missing",
            "unit": ""
          },
          "sensitive_attributes": [],
          "identity_schema_version": 0,
          "private": "eyJzY2hlbWFfdmVyc2lvbiI6IjEifQ==",
          "dependencies": [
            "aws_sns_topic.sns"
          ]
        }
      ]
    },
    {
      "mode": "managed",
      "type": "aws_cloudwatch_metric_alarm",
      "name": "nodes-per-region",
      "provider": "provider[\"registry.terraform.io/hashicorp/aws\"]",
      "instances": [
        {
          "schema_version": 1,
          "attributes": {
            "actions_enabled": true,
            "alarm_actions": [
              "arn:aws:sns:us-west-2:585008069642:service-quota"
            ],
            "alarm_description": "This alarm triggers when 80% of the applied Service Quota limit is reached.",
            "alarm_name": "Service: elasticache | Quota: Nodes per Region",
            "arn": "arn:aws:cloudwatch:us-west-2:585008069642:alarm:Service: elasticache | Quota: Nodes per Region",
            "comparison_operator": "GreaterThanOrEqualToThreshold",
            "datapoints_to_alarm": 5,
            "dimensions": null,
            "evaluate_low_sample_count_percentiles": "",
            "evaluation_periods": 5,
            "extended_statistic": "",
            "id": "Service: elasticache | Quota: Nodes per Region",
            "insufficient_data_actions": null,
            "metric_name": "",
            "metric_query": [
              {
                "account_id": "",
                "expression": "",
                "id": "usage_data",
                "label": "",
                "metric": [
                  {
                    "dimensions": {
                      "Class": "None",
                      "Resource": "NodesPerRegion",
                      "Service": "ElastiCache",
                      "Type": "Resource"
                    },
                    "metric_name": "ResourceCount",
                    "namespace": "AWS/Usage",
                    "period": 60,
                    "stat": "Maximum",
                    "unit": ""
                  }
                ],
                "period": 0,
                "return_data": false
              },
              {
                "account_id": "",
                "expression": "(usage_data/SERVICE_QUOTA(usage_data))*100",
                "id": "pct_utilization",
                "label": "% Utilization",
                "metric": [],
                "period": null,
                "return_data": true
              }
            ],
            "namespace": "",
            "ok_actions": null,
            "period": 0,
            "statistic": "",
            "tags": null,
            "tags_all": {},
            "threshold": 80,
            "threshold_metric_id": "",
            "treat_missing_data": "missing",
            "unit": ""
          },
          "sensitive_attributes": [],
          "identity_schema_version": 0,
          "private": "eyJzY2hlbWFfdmVyc2lvbiI6IjEifQ==",
          "dependencies": [
            "aws_sns_topic.sns"
          ]
        }
      ]
    },
    {
      "mode": "managed",
      "type": "aws_cloudwatch_metric_alarm",
      "name": "number-of-contributor-insights-rules",
      "provider": "provider[\"registry.terraform.io/hashicorp/aws\"]",
      "instances": [
        {
          "schema_version": 1,
          "attributes": {
            "actions_enabled": true,
            "alarm_actions": [
              "arn:aws:sns:us-west-2:585008069642:service-quota"
            ],
            "alarm_description": "This alarm triggers when 80% of the applied Service Quota limit is reached.",
            "alarm_name": "Service: monitoring | Quota: Number of Contributor Insights rules",
            "arn": "arn:aws:cloudwatch:us-west-2:585008069642:alarm:Service: monitoring | Quota: Number of Contributor Insights rules",
            "comparison_operator": "GreaterThanOrEqualToThreshold",
            "datapoints_to_alarm": 5,
            "dimensions": null,
            "evaluate_low_sample_count_percentiles": "",
            "evaluation_periods": 5,
            "extended_statistic": "",
            "id": "Service: monitoring | Quota: Number of Contributor Insights rules",
            "insufficient_data_actions": null,
            "metric_name": "",
            "metric_query": [
              {
                "account_id": "",
                "expression": "",
                "id": "usage_data",
                "label": "",
                "metric": [
                  {
                    "dimensions": {
                      "Class": "None",
                      "Resource": "InsightRule",
                      "Service": "CloudWatch",
                      "Type": "Resource"
                    },
                    "metric_name": "ResourceCount",
                    "namespace": "AWS/Usage",
                    "period": 60,
                    "stat": "Maximum",
                    "unit": ""
                  }
                ],
                "period": 0,
                "return_data": false
              },
              {
                "account_id": "",
                "expression": "(usage_data/SERVICE_QUOTA(usage_data))*100",
                "id": "pct_utilization",
                "label": "% Utilization",
                "metric": [],
                "period": null,
                "return_data": true
              }
            ],
            "namespace": "",
            "ok_actions": null,
            "period": 0,
            "statistic": "",
            "tags": null,
            "tags_all": {},
            "threshold": 80,
            "threshold_metric_id": "",
            "treat_missing_data": "missing",
            "unit": ""
          },
          "sensitive_attributes": [],
          "identity_schema_version": 0,
          "private": "eyJzY2hlbWFfdmVyc2lvbiI6IjEifQ==",
          "dependencies": [
            "aws_sns_topic.sns"
          ]
        }
      ]
    },
    {
      "mode": "managed",
      "type": "aws_cloudwatch_metric_alarm",
      "name": "parameter-groups",
      "provider": "provider[\"registry.terraform.io/hashicorp/aws\"]",
      "instances": [
        {
          "schema_version": 1,
          "attributes": {
            "actions_enabled": true,
            "alarm_actions": [
              "arn:aws:sns:us-west-2:585008069642:service-quota"
            ],
            "alarm_description": "This alarm triggers when 80% of the applied Service Quota limit is reached.",
            "alarm_name": "Service: rds | Quota: Parameter groups",
            "arn": "arn:aws:cloudwatch:us-west-2:585008069642:alarm:Service: rds | Quota: Parameter groups",
            "comparison_operator": "GreaterThanOrEqualToThreshold",
            "datapoints_to_alarm": 5,
            "dimensions": null,
            "evaluate_low_sample_count_percentiles": "",
            "evaluation_periods": 5,
            "extended_statistic": "",
            "id": "Service: rds | Quota: Parameter groups",
            "insufficient_data_actions": null,
            "metric_name": "",
            "metric_query": [
              {
                "account_id": "",
                "expression": "",
                "id": "usage_data",
                "label": "",
                "metric": [
                  {
                    "dimensions": {
                      "Class": "None",
                      "Resource": "DBParameterGroups",
                      "Service": "RDS",
                      "Type": "Resource"
                    },
                    "metric_name": "ResourceCount",
                    "namespace": "AWS/Usage",
                    "period": 60,
                    "stat": "Maximum",
                    "unit": ""
                  }
                ],
                "period": 0,
                "return_data": false
              },
              {
                "account_id": "",
                "expression": "(usage_data/SERVICE_QUOTA(usage_data))*100",
                "id": "pct_utilization",
                "label": "% Utilization",
                "metric": [],
                "period": null,
                "return_data": true
              }
            ],
            "namespace": "",
            "ok_actions": null,
            "period": 0,
            "statistic": "",
            "tags": null,
            "tags_all": {},
            "threshold": 80,
            "threshold_metric_id": "",
            "treat_missing_data": "missing",
            "unit": ""
          },
          "sensitive_attributes": [],
          "identity_schema_version": 0,
          "private": "eyJzY2hlbWFfdmVyc2lvbiI6IjEifQ==",
          "dependencies": [
            "aws_sns_topic.sns"
          ]
        }
      ]
    },
    {
      "mode": "managed",
      "type": "aws_cloudwatch_metric_alarm",
      "name": "putcomplianceitems-tps",
      "provider": "provider[\"registry.terraform.io/hashicorp/aws\"]",
      "instances": [
        {
          "schema_version": 1,
          "attributes": {
            "actions_enabled": true,
            "alarm_actions": [
              "arn:aws:sns:us-west-2:585008069642:service-quota"
            ],
            "alarm_description": "This alarm triggers when 80% of the applied Service Quota limit is reached.",
            "alarm_name": "Service: ssm | Quota: Transactions per second (TPS) for the PutComplianceItems API",
            "arn": "arn:aws:cloudwatch:us-west-2:585008069642:alarm:Service: ssm | Quota: Transactions per second (TPS) for the PutComplianceItems API",
            "comparison_operator": "GreaterThanOrEqualToThreshold",
            "datapoints_to_alarm": 5,
            "dimensions": null,
            "evaluate_low_sample_count_percentiles": "",
            "evaluation_periods": 5,
            "extended_statistic": "",
            "id": "Service: ssm | Quota: Transactions per second (TPS) for the PutComplianceItems API",
            "insufficient_data_actions": null,
            "metric_name": "",
            "metric_query": [
              {
                "account_id": "",
                "expression": "",
                "id": "usage_data",
                "label": "",
                "metric": [
                  {
                    "dimensions": {
                      "Class": "None",
                      "Resource": "PutComplianceItems",
                      "Service": "SSM",
                      "Type": "API"
                    },
                    "metric_name": "CallCount",
                    "namespace": "AWS/Usage",
                    "period": 60,
                    "stat": "Sum",
                    "unit": ""
                  }
                ],
                "period": 0,
                "return_data": false
              },
              {
                "account_id": "",
                "expression": "(usage_data/SERVICE_QUOTA(usage_data))*100",
                "id": "pct_utilization",
                "label": "% Utilization",
                "metric": [],
                "period": null,
                "return_data": true
              }
            ],
            "namespace": "",
            "ok_actions": null,
            "period": 0,
            "statistic": "",
            "tags": null,
            "tags_all": {},
            "threshold": 80,
            "threshold_metric_id": "",
            "treat_missing_data": "missing",
            "unit": ""
          },
          "sensitive_attributes": [],
          "identity_schema_version": 0,
          "private": "eyJzY2hlbWFfdmVyc2lvbiI6IjEifQ==",
          "dependencies": [
            "aws_sns_topic.sns"
          ]
        }
      ]
    },
    {
      "mode": "managed",
      "type": "aws_cloudwatch_metric_alarm",
      "name": "putlogevents-throttle-limit-in-transactions-per-second",
      "provider": "provider[\"registry.terraform.io/hashicorp/aws\"]",
      "instances": [
        {
          "schema_version": 1,
          "attributes": {
            "actions_enabled": true,
            "alarm_actions": [
              "arn:aws:sns:us-west-2:585008069642:service-quota"
            ],
            "alarm_description": "This alarm triggers when 80% of the applied Service Quota limit is reached.",
            "alarm_name": "Service: logs | Quota: PutLogEvents throttle limit in transactions per second",
            "arn": "arn:aws:cloudwatch:us-west-2:585008069642:alarm:Service: logs | Quota: PutLogEvents throttle limit in transactions per second",
            "comparison_operator": "GreaterThanOrEqualToThreshold",
            "datapoints_to_alarm": 5,
            "dimensions": null,
            "evaluate_low_sample_count_percentiles": "",
            "evaluation_periods": 5,
            "extended_statistic": "",
            "id": "Service: logs | Quota: PutLogEvents throttle limit in transactions per second",
            "insufficient_data_actions": null,
            "metric_name": "",
            "metric_query": [
              {
                "account_id": "",
                "expression": "",
                "id": "usage_data",
                "label": "",
                "metric": [
                  {
                    "dimensions": {
                      "Class": "None",
                      "Resource": "PutLogEvents",
                      "Service": "Logs",
                      "Type": "API"
                    },
                    "metric_name": "CallCount",
                    "namespace": "AWS/Usage",
                    "period": 60,
                    "stat": "Sum",
                    "unit": ""
                  }
                ],
                "period": 0,
                "return_data": false
              },
              {
                "account_id": "",
                "expression": "(usage_data/SERVICE_QUOTA(usage_data))*100",
                "id": "pct_utilization",
                "label": "% Utilization",
                "metric": [],
                "period": null,
                "return_data": true
              }
            ],
            "namespace": "",
            "ok_actions": null,
            "period": 0,
            "statistic": "",
            "tags": null,
            "tags_all": {},
            "threshold": 80,
            "threshold_metric_id": "",
            "treat_missing_data": "missing",
            "unit": ""
          },
          "sensitive_attributes": [],
          "identity_schema_version": 0,
          "private": "eyJzY2hlbWFfdmVyc2lvbiI6IjEifQ==",
          "dependencies": [
            "aws_sns_topic.sns"
          ]
        }
      ]
    },
    {
      "mode": "managed",
      "type": "aws_cloudwatch_metric_alarm",
      "name": "putretentionpolicy-throttle-limit-in-transactions-per-second",
      "provider": "provider[\"registry.terraform.io/hashicorp/aws\"]",
      "instances": [
        {
          "schema_version": 1,
          "attributes": {
            "actions_enabled": true,
            "alarm_actions": [
              "arn:aws:sns:us-west-2:585008069642:service-quota"
            ],
            "alarm_description": "This alarm triggers when 80% of the applied Service Quota limit is reached.",
            "alarm_name": "Service: logs | Quota: PutRetentionPolicy throttle limit in transactions per second",
            "arn": "arn:aws:cloudwatch:us-west-2:585008069642:alarm:Service: logs | Quota: PutRetentionPolicy throttle limit in transactions per second",
            "comparison_operator": "GreaterThanOrEqualToThreshold",
            "datapoints_to_alarm": 5,
            "dimensions": null,
            "evaluate_low_sample_count_percentiles": "",
            "evaluation_periods": 5,
            "extended_statistic": "",
            "id": "Service: logs | Quota: PutRetentionPolicy throttle limit in transactions per second",
            "insufficient_data_actions": null,
            "metric_name": "",
            "metric_query": [
              {
                "account_id": "",
                "expression": "",
                "id": "usage_data",
                "label": "",
                "metric": [
                  {
                    "dimensions": {
                      "Class": "None",
                      "Resource": "PutRetentionPolicy",
                      "Service": "Logs",
                      "Type": "API"
                    },
                    "metric_name": "CallCount",
                    "namespace": "AWS/Usage",
                    "period": 60,
                    "stat": "Sum",
                    "unit": ""
                  }
                ],
                "period": 0,
                "return_data": false
              },
              {
                "account_id": "",
                "expression": "(usage_data/SERVICE_QUOTA(usage_data))*100",
                "id": "pct_utilization",
                "label": "% Utilization",
                "metric": [],
                "period": null,
                "return_data": true
              }
            ],
            "namespace": "",
            "ok_actions": null,
            "period": 0,
            "statistic": "",
            "tags": null,
            "tags_all": {},
            "threshold": 80,
            "threshold_metric_id": "",
            "treat_missing_data": "missing",
            "unit": ""
          },
          "sensitive_attributes": [],
          "identity_schema_version": 0,
          "private": "eyJzY2hlbWFfdmVyc2lvbiI6IjEifQ==",
          "dependencies": [
            "aws_sns_topic.sns"
          ]
        }
      ]
    },
    {
      "mode": "managed",
      "type": "aws_cloudwatch_metric_alarm",
      "name": "rate-of-batchgetimage-requests",
      "provider": "provider[\"registry.terraform.io/hashicorp/aws\"]",
      "instances": [
        {
          "schema_version": 1,
          "attributes": {
            "actions_enabled": true,
            "alarm_actions": [
              "arn:aws:sns:us-west-2:585008069642:service-quota"
            ],
            "alarm_description": "This alarm triggers when 80% of the applied Service Quota limit is reached.",
            "alarm_name": "Service: ecr | Quota: Rate of BatchGetImage requests",
            "arn": "arn:aws:cloudwatch:us-west-2:585008069642:alarm:Service: ecr | Quota: Rate of BatchGetImage requests",
            "comparison_operator": "GreaterThanOrEqualToThreshold",
            "datapoints_to_alarm": 5,
            "dimensions": null,
            "evaluate_low_sample_count_percentiles": "",
            "evaluation_periods": 5,
            "extended_statistic": "",
            "id": "Service: ecr | Quota: Rate of BatchGetImage requests",
            "insufficient_data_actions": null,
            "metric_name": "",
            "metric_query": [
              {
                "account_id": "",
                "expression": "",
                "id": "usage_data",
                "label": "",
                "metric": [
                  {
                    "dimensions": {
                      "Class": "None",
                      "Resource": "BatchGetImage",
                      "Service": "ECR",
                      "Type": "API"
                    },
                    "metric_name": "CallCount",
                    "namespace": "AWS/Usage",
                    "period": 60,
                    "stat": "Sum",
                    "unit": ""
                  }
                ],
                "period": 0,
                "return_data": false
              },
              {
                "account_id": "",
                "expression": "(usage_data/SERVICE_QUOTA(usage_data))*100",
                "id": "pct_utilization",
                "label": "% Utilization",
                "metric": [],
                "period": null,
                "return_data": true
              }
            ],
            "namespace": "",
            "ok_actions": null,
            "period": 0,
            "statistic": "",
            "tags": null,
            "tags_all": {},
            "threshold": 80,
            "threshold_metric_id": "",
            "treat_missing_data": "missing",
            "unit": ""
          },
          "sensitive_attributes": [],
          "identity_schema_version": 0,
          "private": "eyJzY2hlbWFfdmVyc2lvbiI6IjEifQ==",
          "dependencies": [
            "aws_sns_topic.sns"
          ]
        }
      ]
    },
    {
      "mode": "managed",
      "type": "aws_cloudwatch_metric_alarm",
      "name": "rate-of-describealarms-requests",
      "provider": "provider[\"registry.terraform.io/hashicorp/aws\"]",
      "instances": [
        {
          "schema_version": 1,
          "attributes": {
            "actions_enabled": true,
            "alarm_actions": [
              "arn:aws:sns:us-west-2:585008069642:service-quota"
            ],
            "alarm_description": "This alarm triggers when 80% of the applied Service Quota limit is reached.",
            "alarm_name": "Service: monitoring | Quota: Rate of DescribeAlarms requests",
            "arn": "arn:aws:cloudwatch:us-west-2:585008069642:alarm:Service: monitoring | Quota: Rate of DescribeAlarms requests",
            "comparison_operator": "GreaterThanOrEqualToThreshold",
            "datapoints_to_alarm": 5,
            "dimensions": null,
            "evaluate_low_sample_count_percentiles": "",
            "evaluation_periods": 5,
            "extended_statistic": "",
            "id": "Service: monitoring | Quota: Rate of DescribeAlarms requests",
            "insufficient_data_actions": null,
            "metric_name": "",
            "metric_query": [
              {
                "account_id": "",
                "expression": "",
                "id": "usage_data",
                "label": "",
                "metric": [
                  {
                    "dimensions": {
                      "Class": "None",
                      "Resource": "DescribeAlarms",
                      "Service": "CloudWatch",
                      "Type": "API"
                    },
                    "metric_name": "CallCount",
                    "namespace": "AWS/Usage",
                    "period": 60,
                    "stat": "Sum",
                    "unit": ""
                  }
                ],
                "period": 0,
                "return_data": false
              },
              {
                "account_id": "",
                "expression": "(usage_data/SERVICE_QUOTA(usage_data))*100",
                "id": "pct_utilization",
                "label": "% Utilization",
                "metric": [],
                "period": null,
                "return_data": true
              }
            ],
            "namespace": "",
            "ok_actions": null,
            "period": 0,
            "statistic": "",
            "tags": null,
            "tags_all": {},
            "threshold": 80,
            "threshold_metric_id": "",
            "treat_missing_data": "missing",
            "unit": ""
          },
          "sensitive_attributes": [],
          "identity_schema_version": 0,
          "private": "eyJzY2hlbWFfdmVyc2lvbiI6IjEifQ==",
          "dependencies": [
            "aws_sns_topic.sns"
          ]
        }
      ]
    },
    {
      "mode": "managed",
      "type": "aws_cloudwatch_metric_alarm",
      "name": "rate-of-describeparameters-requests",
      "provider": "provider[\"registry.terraform.io/hashicorp/aws\"]",
      "instances": [
        {
          "schema_version": 1,
          "attributes": {
            "actions_enabled": true,
            "alarm_actions": [
              "arn:aws:sns:us-west-2:585008069642:service-quota"
            ],
            "alarm_description": "This alarm triggers when 80% of the applied Service Quota limit is reached.",
            "alarm_name": "Service: ssm | Quota: Rate of DescribeParameters requests",
            "arn": "arn:aws:cloudwatch:us-west-2:585008069642:alarm:Service: ssm | Quota: Rate of DescribeParameters requests",
            "comparison_operator": "GreaterThanOrEqualToThreshold",
            "datapoints_to_alarm": 5,
            "dimensions": null,
            "evaluate_low_sample_count_percentiles": "",
            "evaluation_periods": 5,
            "extended_statistic": "",
            "id": "Service: ssm | Quota: Rate of DescribeParameters requests",
            "insufficient_data_actions": null,
            "metric_name": "",
            "metric_query": [
              {
                "account_id": "",
                "expression": "",
                "id": "usage_data",
                "label": "",
                "metric": [
                  {
                    "dimensions": {
                      "Class": "None",
                      "Resource": "DescribeParameters",
                      "Service": "SSM",
                      "Type": "API"
                    },
                    "metric_name": "CallCount",
                    "namespace": "AWS/Usage",
                    "period": 60,
                    "stat": "Maximum",
                    "unit": ""
                  }
                ],
                "period": 0,
                "return_data": false
              },
              {
                "account_id": "",
                "expression": "(usage_data/SERVICE_QUOTA(usage_data))*100",
                "id": "pct_utilization",
                "label": "% Utilization",
                "metric": [],
                "period": null,
                "return_data": true
              }
            ],
            "namespace": "",
            "ok_actions": null,
            "period": 0,
            "statistic": "",
            "tags": null,
            "tags_all": {},
            "threshold": 80,
            "threshold_metric_id": "",
            "treat_missing_data": "missing",
            "unit": ""
          },
          "sensitive_attributes": [],
          "identity_schema_version": 0,
          "private": "eyJzY2hlbWFfdmVyc2lvbiI6IjEifQ==",
          "dependencies": [
            "aws_sns_topic.sns"
          ]
        }
      ]
    },
    {
      "mode": "managed",
      "type": "aws_cloudwatch_metric_alarm",
      "name": "rate-of-getauthorizationtoken-requests",
      "provider": "provider[\"registry.terraform.io/hashicorp/aws\"]",
      "instances": [
        {
          "schema_version": 1,
          "attributes": {
            "actions_enabled": true,
            "alarm_actions": [
              "arn:aws:sns:us-west-2:585008069642:service-quota"
            ],
            "alarm_description": "This alarm triggers when 80% of the applied Service Quota limit is reached.",
            "alarm_name": "Service: ecr | Quota: Rate of GetAuthorizationToken requests",
            "arn": "arn:aws:cloudwatch:us-west-2:585008069642:alarm:Service: ecr | Quota: Rate of GetAuthorizationToken requests",
            "comparison_operator": "GreaterThanOrEqualToThreshold",
            "datapoints_to_alarm": 5,
            "dimensions": null,
            "evaluate_low_sample_count_percentiles": "",
            "evaluation_periods": 5,
            "extended_statistic": "",
            "id": "Service: ecr | Quota: Rate of GetAuthorizationToken requests",
            "insufficient_data_actions": null,
            "metric_name": "",
            "metric_query": [
              {
                "account_id": "",
                "expression": "",
                "id": "usage_data",
                "label": "",
                "metric": [
                  {
                    "dimensions": {
                      "Class": "None",
                      "Resource": "GetAuthorizationToken",
                      "Service": "ECR",
                      "Type": "API"
                    },
                    "metric_name": "CallCount",
                    "namespace": "AWS/Usage",
                    "period": 60,
                    "stat": "Sum",
                    "unit": ""
                  }
                ],
                "period": 0,
                "return_data": false
              },
              {
                "account_id": "",
                "expression": "(usage_data/SERVICE_QUOTA(usage_data))*100",
                "id": "pct_utilization",
                "label": "% Utilization",
                "metric": [],
                "period": null,
                "return_data": true
              }
            ],
            "namespace": "",
            "ok_actions": null,
            "period": 0,
            "statistic": "",
            "tags": null,
            "tags_all": {},
            "threshold": 80,
            "threshold_metric_id": "",
            "treat_missing_data": "missing",
            "unit": ""
          },
          "sensitive_attributes": [],
          "identity_schema_version": 0,
          "private": "eyJzY2hlbWFfdmVyc2lvbiI6IjEifQ==",
          "dependencies": [
            "aws_sns_topic.sns"
          ]
        }
      ]
    },
    {
      "mode": "managed",
      "type": "aws_cloudwatch_metric_alarm",
      "name": "rate-of-getdownloadurlforlayer-requests",
      "provider": "provider[\"registry.terraform.io/hashicorp/aws\"]",
      "instances": [
        {
          "schema_version": 1,
          "attributes": {
            "actions_enabled": true,
            "alarm_actions": [
              "arn:aws:sns:us-west-2:585008069642:service-quota"
            ],
            "alarm_description": "This alarm triggers when 80% of the applied Service Quota limit is reached.",
            "alarm_name": "Service: ecr | Quota: Rate of GetDownloadUrlForLayer requests",
            "arn": "arn:aws:cloudwatch:us-west-2:585008069642:alarm:Service: ecr | Quota: Rate of GetDownloadUrlForLayer requests",
            "comparison_operator": "GreaterThanOrEqualToThreshold",
            "datapoints_to_alarm": 5,
            "dimensions": null,
            "evaluate_low_sample_count_percentiles": "",
            "evaluation_periods": 5,
            "extended_statistic": "",
            "id": "Service: ecr | Quota: Rate of GetDownloadUrlForLayer requests",
            "insufficient_data_actions": null,
            "metric_name": "",
            "metric_query": [
              {
                "account_id": "",
                "expression": "",
                "id": "usage_data",
                "label": "",
                "metric": [
                  {
                    "dimensions": {
                      "Class": "None",
                      "Resource": "GetDownloadUrlForLayer",
                      "Service": "ECR",
                      "Type": "API"
                    },
                    "metric_name": "CallCount",
                    "namespace": "AWS/Usage",
                    "period": 60,
                    "stat": "Sum",
                    "unit": ""
                  }
                ],
                "period": 0,
                "return_data": false
              },
              {
                "account_id": "",
                "expression": "(usage_data/SERVICE_QUOTA(usage_data))*100",
                "id": "pct_utilization",
                "label": "% Utilization",
                "metric": [],
                "period": null,
                "return_data": true
              }
            ],
            "namespace": "",
            "ok_actions": null,
            "period": 0,
            "statistic": "",
            "tags": null,
            "tags_all": {},
            "threshold": 80,
            "threshold_metric_id": "",
            "treat_missing_data": "missing",
            "unit": ""
          },
          "sensitive_attributes": [],
          "identity_schema_version": 0,
          "private": "eyJzY2hlbWFfdmVyc2lvbiI6IjEifQ==",
          "dependencies": [
            "aws_sns_topic.sns"
          ]
        }
      ]
    },
    {
      "mode": "managed",
      "type": "aws_cloudwatch_metric_alarm",
      "name": "rate-of-getmetricdata-requests",
      "provider": "provider[\"registry.terraform.io/hashicorp/aws\"]",
      "instances": [
        {
          "schema_version": 1,
          "attributes": {
            "actions_enabled": true,
            "alarm_actions": [
              "arn:aws:sns:us-west-2:585008069642:service-quota"
            ],
            "alarm_description": "This alarm triggers when 80% of the applied Service Quota limit is reached.",
            "alarm_name": "Service: monitoring | Quota: Rate of GetMetricData requests",
            "arn": "arn:aws:cloudwatch:us-west-2:585008069642:alarm:Service: monitoring | Quota: Rate of GetMetricData requests",
            "comparison_operator": "GreaterThanOrEqualToThreshold",
            "datapoints_to_alarm": 5,
            "dimensions": null,
            "evaluate_low_sample_count_percentiles": "",
            "evaluation_periods": 5,
            "extended_statistic": "",
            "id": "Service: monitoring | Quota: Rate of GetMetricData requests",
            "insufficient_data_actions": null,
            "metric_name": "",
            "metric_query": [
              {
                "account_id": "",
                "expression": "",
                "id": "usage_data",
                "label": "",
                "metric": [
                  {
                    "dimensions": {
                      "Class": "None",
                      "Resource": "GetMetricData",
                      "Service": "CloudWatch",
                      "Type": "API"
                    },
                    "metric_name": "CallCount",
                    "namespace": "AWS/Usage",
                    "period": 60,
                    "stat": "Sum",
                    "unit": ""
                  }
                ],
                "period": 0,
                "return_data": false
              },
              {
                "account_id": "",
                "expression": "(usage_data/SERVICE_QUOTA(usage_data))*100",
                "id": "pct_utilization",
                "label": "% Utilization",
                "metric": [],
                "period": null,
                "return_data": true
              }
            ],
            "namespace": "",
            "ok_actions": null,
            "period": 0,
            "statistic": "",
            "tags": null,
            "tags_all": {},
            "threshold": 80,
            "threshold_metric_id": "",
            "treat_missing_data": "missing",
            "unit": ""
          },
          "sensitive_attributes": [],
          "identity_schema_version": 0,
          "private": "eyJzY2hlbWFfdmVyc2lvbiI6IjEifQ==",
          "dependencies": [
            "aws_sns_topic.sns"
          ]
        }
      ]
    },
    {
      "mode": "managed",
      "type": "aws_cloudwatch_metric_alarm",
      "name": "rate-of-getmetricstatistics-requests",
      "provider": "provider[\"registry.terraform.io/hashicorp/aws\"]",
      "instances": [
        {
          "schema_version": 1,
          "attributes": {
            "actions_enabled": true,
            "alarm_actions": [
              "arn:aws:sns:us-west-2:585008069642:service-quota"
            ],
            "alarm_description": "This alarm triggers when 80% of the applied Service Quota limit is reached.",
            "alarm_name": "Service: monitoring | Quota: Rate of GetMetricStatistics requests",
            "arn": "arn:aws:cloudwatch:us-west-2:585008069642:alarm:Service: monitoring | Quota: Rate of GetMetricStatistics requests",
            "comparison_operator": "GreaterThanOrEqualToThreshold",
            "datapoints_to_alarm": 5,
            "dimensions": null,
            "evaluate_low_sample_count_percentiles": "",
            "evaluation_periods": 5,
            "extended_statistic": "",
            "id": "Service: monitoring | Quota: Rate of GetMetricStatistics requests",
            "insufficient_data_actions": null,
            "metric_name": "",
            "metric_query": [
              {
                "account_id": "",
                "expression": "",
                "id": "usage_data",
                "label": "",
                "metric": [
                  {
                    "dimensions": {
                      "Class": "None",
                      "Resource": "GetMetricStatistics",
                      "Service": "CloudWatch",
                      "Type": "API"
                    },
                    "metric_name": "CallCount",
                    "namespace": "AWS/Usage",
                    "period": 60,
                    "stat": "Sum",
                    "unit": ""
                  }
                ],
                "period": 0,
                "return_data": false
              },
              {
                "account_id": "",
                "expression": "(usage_data/SERVICE_QUOTA(usage_data))*100",
                "id": "pct_utilization",
                "label": "% Utilization",
                "metric": [],
                "period": null,
                "return_data": true
              }
            ],
            "namespace": "",
            "ok_actions": null,
            "period": 0,
            "statistic": "",
            "tags": null,
            "tags_all": {},
            "threshold": 80,
            "threshold_metric_id": "",
            "treat_missing_data": "missing",
            "unit": ""
          },
          "sensitive_attributes": [],
          "identity_schema_version": 0,
          "private": "eyJzY2hlbWFfdmVyc2lvbiI6IjEifQ==",
          "dependencies": [
            "aws_sns_topic.sns"
          ]
        }
      ]
    },
    {
      "mode": "managed",
      "type": "aws_cloudwatch_metric_alarm",
      "name": "rate-of-getparameter-requests",
      "provider": "provider[\"registry.terraform.io/hashicorp/aws\"]",
      "instances": [
        {
          "schema_version": 1,
          "attributes": {
            "actions_enabled": true,
            "alarm_actions": [
              "arn:aws:sns:us-west-2:585008069642:service-quota"
            ],
            "alarm_description": "This alarm triggers when 80% of the applied Service Quota limit is reached.",
            "alarm_name": "Service: ssm | Quota: Rate of GetParameter requests",
            "arn": "arn:aws:cloudwatch:us-west-2:585008069642:alarm:Service: ssm | Quota: Rate of GetParameter requests",
            "comparison_operator": "GreaterThanOrEqualToThreshold",
            "datapoints_to_alarm": 5,
            "dimensions": null,
            "evaluate_low_sample_count_percentiles": "",
            "evaluation_periods": 5,
            "extended_statistic": "",
            "id": "Service: ssm | Quota: Rate of GetParameter requests",
            "insufficient_data_actions": null,
            "metric_name": "",
            "metric_query": [
              {
                "account_id": "",
                "expression": "",
                "id": "usage_data",
                "label": "",
                "metric": [
                  {
                    "dimensions": {
                      "Class": "None",
                      "Resource": "GetParameter",
                      "Service": "SSM",
                      "Type": "API"
                    },
                    "metric_name": "CallCount",
                    "namespace": "AWS/Usage",
                    "period": 60,
                    "stat": "Maximum",
                    "unit": ""
                  }
                ],
                "period": 0,
                "return_data": false
              },
              {
                "account_id": "",
                "expression": "(usage_data/SERVICE_QUOTA(usage_data))*100",
                "id": "pct_utilization",
                "label": "% Utilization",
                "metric": [],
                "period": null,
                "return_data": true
              }
            ],
            "namespace": "",
            "ok_actions": null,
            "period": 0,
            "statistic": "",
            "tags": null,
            "tags_all": {},
            "threshold": 80,
            "threshold_metric_id": "",
            "treat_missing_data": "missing",
            "unit": ""
          },
          "sensitive_attributes": [],
          "identity_schema_version": 0,
          "private": "eyJzY2hlbWFfdmVyc2lvbiI6IjEifQ==",
          "dependencies": [
            "aws_sns_topic.sns"
          ]
        }
      ]
    },
    {
      "mode": "managed",
      "type": "aws_cloudwatch_metric_alarm",
      "name": "rate-of-putmetricdata-requests",
      "provider": "provider[\"registry.terraform.io/hashicorp/aws\"]",
      "instances": [
        {
          "schema_version": 1,
          "attributes": {
            "actions_enabled": true,
            "alarm_actions": [
              "arn:aws:sns:us-west-2:585008069642:service-quota"
            ],
            "alarm_description": "This alarm triggers when 80% of the applied Service Quota limit is reached.",
            "alarm_name": "Service: monitoring | Quota: Rate of PutMetricData requests",
            "arn": "arn:aws:cloudwatch:us-west-2:585008069642:alarm:Service: monitoring | Quota: Rate of PutMetricData requests",
            "comparison_operator": "GreaterThanOrEqualToThreshold",
            "datapoints_to_alarm": 5,
            "dimensions": null,
            "evaluate_low_sample_count_percentiles": "",
            "evaluation_periods": 5,
            "extended_statistic": "",
            "id": "Service: monitoring | Quota: Rate of PutMetricData requests",
            "insufficient_data_actions": null,
            "metric_name": "",
            "metric_query": [
              {
                "account_id": "",
                "expression": "",
                "id": "usage_data",
                "label": "",
                "metric": [
                  {
                    "dimensions": {
                      "Class": "None",
                      "Resource": "PutMetricData",
                      "Service": "CloudWatch",
                      "Type": "API"
                    },
                    "metric_name": "CallCount",
                    "namespace": "AWS/Usage",
                    "period": 60,
                    "stat": "Sum",
                    "unit": ""
                  }
                ],
                "period": 0,
                "return_data": false
              },
              {
                "account_id": "",
                "expression": "(usage_data/SERVICE_QUOTA(usage_data))*100",
                "id": "pct_utilization",
                "label": "% Utilization",
                "metric": [],
                "period": null,
                "return_data": true
              }
            ],
            "namespace": "",
            "ok_actions": null,
            "period": 0,
            "statistic": "",
            "tags": null,
            "tags_all": {},
            "threshold": 80,
            "threshold_metric_id": "",
            "treat_missing_data": "missing",
            "unit": ""
          },
          "sensitive_attributes": [],
          "identity_schema_version": 0,
          "private": "eyJzY2hlbWFfdmVyc2lvbiI6IjEifQ==",
          "dependencies": [
            "aws_sns_topic.sns"
          ]
        }
      ]
    },
    {
      "mode": "managed",
      "type": "aws_cloudwatch_metric_alarm",
      "name": "read-replicas-per-primary",
      "provider": "provider[\"registry.terraform.io/hashicorp/aws\"]",
      "instances": [
        {
          "schema_version": 1,
          "attributes": {
            "actions_enabled": true,
            "alarm_actions": [
              "arn:aws:sns:us-west-2:585008069642:service-quota"
            ],
            "alarm_description": "This alarm triggers when 80% of the applied Service Quota limit is reached.",
            "alarm_name": "Service: rds | Quota: Read replicas per primary",
            "arn": "arn:aws:cloudwatch:us-west-2:585008069642:alarm:Service: rds | Quota: Read replicas per primary",
            "comparison_operator": "GreaterThanOrEqualToThreshold",
            "datapoints_to_alarm": 5,
            "dimensions": null,
            "evaluate_low_sample_count_percentiles": "",
            "evaluation_periods": 5,
            "extended_statistic": "",
            "id": "Service: rds | Quota: Read replicas per primary",
            "insufficient_data_actions": null,
            "metric_name": "",
            "metric_query": [
              {
                "account_id": "",
                "expression": "",
                "id": "usage_data",
                "label": "",
                "metric": [
                  {
                    "dimensions": {
                      "Class": "None",
                      "Resource": "ReadReplicasPerMaster",
                      "Service": "RDS",
                      "Type": "Resource"
                    },
                    "metric_name": "ResourceCount",
                    "namespace": "AWS/Usage",
                    "period": 60,
                    "stat": "Maximum",
                    "unit": ""
                  }
                ],
                "period": 0,
                "return_data": false
              },
              {
                "account_id": "",
                "expression": "(usage_data/SERVICE_QUOTA(usage_data))*100",
                "id": "pct_utilization",
                "label": "% Utilization",
                "metric": [],
                "period": null,
                "return_data": true
              }
            ],
            "namespace": "",
            "ok_actions": null,
            "period": 0,
            "statistic": "",
            "tags": null,
            "tags_all": {},
            "threshold": 80,
            "threshold_metric_id": "",
            "treat_missing_data": "missing",
            "unit": ""
          },
          "sensitive_attributes": [],
          "identity_schema_version": 0,
          "private": "eyJzY2hlbWFfdmVyc2lvbiI6IjEifQ==",
          "dependencies": [
            "aws_sns_topic.sns"
          ]
        }
      ]
    },
    {
      "mode": "managed",
      "type": "aws_cloudwatch_metric_alarm",
      "name": "rules-per-application-load-balancer",
      "provider": "provider[\"registry.terraform.io/hashicorp/aws\"]",
      "instances": [
        {
          "schema_version": 1,
          "attributes": {
            "actions_enabled": true,
            "alarm_actions": [
              "arn:aws:sns:us-west-2:585008069642:service-quota"
            ],
            "alarm_description": "This alarm triggers when 80% of the applied Service Quota limit is reached.",
            "alarm_name": "Service: elasticloadbalancing | Quota: Rules per Application Load Balancer",
            "arn": "arn:aws:cloudwatch:us-west-2:585008069642:alarm:Service: elasticloadbalancing | Quota: Rules per Application Load Balancer",
            "comparison_operator": "GreaterThanOrEqualToThreshold",
            "datapoints_to_alarm": 5,
            "dimensions": null,
            "evaluate_low_sample_count_percentiles": "",
            "evaluation_periods": 5,
            "extended_statistic": "",
            "id": "Service: elasticloadbalancing | Quota: Rules per Application Load Balancer",
            "insufficient_data_actions": null,
            "metric_name": "",
            "metric_query": [
              {
                "account_id": "",
                "expression": "",
                "id": "usage_data",
                "label": "",
                "metric": [
                  {
                    "dimensions": {
                      "Class": "None",
                      "Resource": "RoutingRulesPerApplicationLoadBalancer",
                      "Service": "Elastic Load Balancing",
                      "Type": "Resource"
                    },
                    "metric_name": "ResourceCount",
                    "namespace": "AWS/Usage",
                    "period": 60,
                    "stat": "Maximum",
                    "unit": ""
                  }
                ],
                "period": 0,
                "return_data": false
              },
              {
                "account_id": "",
                "expression": "(usage_data/SERVICE_QUOTA(usage_data))*100",
                "id": "pct_utilization",
                "label": "% Utilization",
                "metric": [],
                "period": null,
                "return_data": true
              }
            ],
            "namespace": "",
            "ok_actions": null,
            "period": 0,
            "statistic": "",
            "tags": null,
            "tags_all": {},
            "threshold": 80,
            "threshold_metric_id": "",
            "treat_missing_data": "missing",
            "unit": ""
          },
          "sensitive_attributes": [],
          "identity_schema_version": 0,
          "private": "eyJzY2hlbWFfdmVyc2lvbiI6IjEifQ==",
          "dependencies": [
            "aws_sns_topic.sns"
          ]
        }
      ]
    },
    {
      "mode": "managed",
      "type": "aws_cloudwatch_metric_alarm",
      "name": "shards-per-region",
      "provider": "provider[\"registry.terraform.io/hashicorp/aws\"]",
      "instances": [
        {
          "schema_version": 1,
          "attributes": {
            "actions_enabled": true,
            "alarm_actions": [
              "arn:aws:sns:us-west-2:585008069642:service-quota"
            ],
            "alarm_description": "This alarm triggers when 80% of the applied Service Quota limit is reached.",
            "alarm_name": "Service: kinesis | Quota: Shards per Region",
            "arn": "arn:aws:cloudwatch:us-west-2:585008069642:alarm:Service: kinesis | Quota: Shards per Region",
            "comparison_operator": "GreaterThanOrEqualToThreshold",
            "datapoints_to_alarm": 5,
            "dimensions": null,
            "evaluate_low_sample_count_percentiles": "",
            "evaluation_periods": 5,
            "extended_statistic": "",
            "id": "Service: kinesis | Quota: Shards per Region",
            "insufficient_data_actions": null,
            "metric_name": "",
            "metric_query": [
              {
                "account_id": "",
                "expression": "",
                "id": "usage_data",
                "label": "",
                "metric": [
                  {
                    "dimensions": {
                      "Class": "None",
                      "Resource": "ProvisionedShards",
                      "Service": "Kinesis Data Streams",
                      "Type": "Resource"
                    },
                    "metric_name": "ResourceCount",
                    "namespace": "AWS/Usage",
                    "period": 60,
                    "stat": "Maximum",
                    "unit": ""
                  }
                ],
                "period": 0,
                "return_data": false
              },
              {
                "account_id": "",
                "expression": "(usage_data/SERVICE_QUOTA(usage_data))*100",
                "id": "pct_utilization",
                "label": "% Utilization",
                "metric": [],
                "period": null,
                "return_data": true
              }
            ],
            "namespace": "",
            "ok_actions": null,
            "period": 0,
            "statistic": "",
            "tags": null,
            "tags_all": {},
            "threshold": 80,
            "threshold_metric_id": "",
            "treat_missing_data": "missing",
            "unit": ""
          },
          "sensitive_attributes": [],
          "identity_schema_version": 0,
          "private": "eyJzY2hlbWFfdmVyc2lvbiI6IjEifQ==",
          "dependencies": [
            "aws_sns_topic.sns"
          ]
        }
      ]
    },
    {
      "mode": "managed",
      "type": "aws_cloudwatch_metric_alarm",
      "name": "ssm-managed-node-fleet-size",
      "provider": "provider[\"registry.terraform.io/hashicorp/aws\"]",
      "instances": [
        {
          "schema_version": 1,
          "attributes": {
            "actions_enabled": true,
            "alarm_actions": [
              "arn:aws:sns:us-west-2:585008069642:service-quota"
            ],
            "alarm_description": "This alarm triggers when 80% of the applied Service Quota limit is reached.",
            "alarm_name": "Service: ssm | Quota: Systems Manager managed node fleet size",
            "arn": "arn:aws:cloudwatch:us-west-2:585008069642:alarm:Service: ssm | Quota: Systems Manager managed node fleet size",
            "comparison_operator": "GreaterThanOrEqualToThreshold",
            "datapoints_to_alarm": 5,
            "dimensions": null,
            "evaluate_low_sample_count_percentiles": "",
            "evaluation_periods": 5,
            "extended_statistic": "",
            "id": "Service: ssm | Quota: Systems Manager managed node fleet size",
            "insufficient_data_actions": null,
            "metric_name": "",
            "metric_query": [
              {
                "account_id": "",
                "expression": "",
                "id": "usage_data",
                "label": "",
                "metric": [
                  {
                    "dimensions": {
                      "Class": "None",
                      "Resource": "UpdateInstanceInformation",
                      "Service": "SSM",
                      "Type": "API"
                    },
                    "metric_name": "CallCount",
                    "namespace": "AWS/Usage",
                    "period": 60,
                    "stat": "Sum",
                    "unit": ""
                  }
                ],
                "period": 0,
                "return_data": false
              },
              {
                "account_id": "",
                "expression": "(usage_data/SERVICE_QUOTA(usage_data))*100",
                "id": "pct_utilization",
                "label": "% Utilization",
                "metric": [],
                "period": null,
                "return_data": true
              }
            ],
            "namespace": "",
            "ok_actions": null,
            "period": 0,
            "statistic": "",
            "tags": null,
            "tags_all": {},
            "threshold": 80,
            "threshold_metric_id": "",
            "treat_missing_data": "missing",
            "unit": ""
          },
          "sensitive_attributes": [],
          "identity_schema_version": 0,
          "private": "eyJzY2hlbWFfdmVyc2lvbiI6IjEifQ==",
          "dependencies": [
            "aws_sns_topic.sns"
          ]
        }
      ]
    },
    {
      "mode": "managed",
      "type": "aws_cloudwatch_metric_alarm",
      "name": "ssm_quota_describe_instance_info_rate",
      "provider": "provider[\"registry.terraform.io/hashicorp/aws\"]",
      "instances": [
        {
          "schema_version": 1,
          "attributes": {
            "actions_enabled": true,
            "alarm_actions": [
              "arn:aws:sns:us-west-2:585008069642:service-quota"
            ],
            "alarm_description": "This alarm triggers when 80% of the applied Service Quota limit is reached.",
            "alarm_name": "Service: ssm | Quota: Describe instance (node) information rate",
            "arn": "arn:aws:cloudwatch:us-west-2:585008069642:alarm:Service: ssm | Quota: Describe instance (node) information rate",
            "comparison_operator": "GreaterThanOrEqualToThreshold",
            "datapoints_to_alarm": 5,
            "dimensions": null,
            "evaluate_low_sample_count_percentiles": "",
            "evaluation_periods": 5,
            "extended_statistic": "",
            "id": "Service: ssm | Quota: Describe instance (node) information rate",
            "insufficient_data_actions": null,
            "metric_name": "",
            "metric_query": [
              {
                "account_id": "",
                "expression": "",
                "id": "usage_data",
                "label": "",
                "metric": [
                  {
                    "dimensions": {
                      "Class": "None",
                      "Resource": "DescribeInstanceInformation",
                      "Service": "SSM",
                      "Type": "API"
                    },
                    "metric_name": "CallCount",
                    "namespace": "AWS/Usage",
                    "period": 60,
                    "stat": "Sum",
                    "unit": ""
                  }
                ],
                "period": 0,
                "return_data": false
              },
              {
                "account_id": "",
                "expression": "(usage_data/SERVICE_QUOTA(usage_data))*100",
                "id": "pct_utilization",
                "label": "% Utilization",
                "metric": [],
                "period": null,
                "return_data": true
              }
            ],
            "namespace": "",
            "ok_actions": null,
            "period": 0,
            "statistic": "",
            "tags": {
              "ServiceQuotaMonitor": "L-63DB636A"
            },
            "tags_all": {
              "ServiceQuotaMonitor": "L-63DB636A"
            },
            "threshold": 80,
            "threshold_metric_id": "",
            "treat_missing_data": "missing",
            "unit": ""
          },
          "sensitive_attributes": [],
          "identity_schema_version": 0,
          "private": "eyJzY2hlbWFfdmVyc2lvbiI6IjEifQ==",
          "dependencies": [
            "aws_sns_topic.sns"
          ]
        }
      ]
    },
    {
      "mode": "managed",
      "type": "aws_cloudwatch_metric_alarm",
      "name": "stack-sets-per-administrator-account",
      "provider": "provider[\"registry.terraform.io/hashicorp/aws\"]",
      "instances": [
        {
          "schema_version": 1,
          "attributes": {
            "actions_enabled": true,
            "alarm_actions": [
              "arn:aws:sns:us-west-2:585008069642:service-quota"
            ],
            "alarm_description": "This alarm triggers when 80% of the applied Service Quota limit is reached.",
            "alarm_name": "Service: cloudformation | Quota: Stack sets per administrator account",
            "arn": "arn:aws:cloudwatch:us-west-2:585008069642:alarm:Service: cloudformation | Quota: Stack sets per administrator account",
            "comparison_operator": "GreaterThanOrEqualToThreshold",
            "datapoints_to_alarm": 5,
            "dimensions": null,
            "evaluate_low_sample_count_percentiles": "",
            "evaluation_periods": 5,
            "extended_statistic": "",
            "id": "Service: cloudformation | Quota: Stack sets per administrator account",
            "insufficient_data_actions": null,
            "metric_name": "",
            "metric_query": [
              {
                "account_id": "",
                "expression": "",
                "id": "usage_data",
                "label": "",
                "metric": [
                  {
                    "dimensions": {
                      "Class": "None",
                      "Resource": "StackSets",
                      "Service": "CloudFormation",
                      "Type": "Resource"
                    },
                    "metric_name": "ResourceCount",
                    "namespace": "AWS/Usage",
                    "period": 60,
                    "stat": "Maximum",
                    "unit": ""
                  }
                ],
                "period": 0,
                "return_data": false
              },
              {
                "account_id": "",
                "expression": "(usage_data/SERVICE_QUOTA(usage_data))*100",
                "id": "pct_utilization",
                "label": "% Utilization",
                "metric": [],
                "period": null,
                "return_data": true
              }
            ],
            "namespace": "",
            "ok_actions": null,
            "period": 0,
            "statistic": "",
            "tags": null,
            "tags_all": {},
            "threshold": 80,
            "threshold_metric_id": "",
            "treat_missing_data": "missing",
            "unit": ""
          },
          "sensitive_attributes": [],
          "identity_schema_version": 0,
          "private": "eyJzY2hlbWFfdmVyc2lvbiI6IjEifQ==",
          "dependencies": [
            "aws_sns_topic.sns"
          ]
        }
      ]
    },
    {
      "mode": "managed",
      "type": "aws_cloudwatch_metric_alarm",
      "name": "stacks",
      "provider": "provider[\"registry.terraform.io/hashicorp/aws\"]",
      "instances": [
        {
          "schema_version": 1,
          "attributes": {
            "actions_enabled": true,
            "alarm_actions": [
              "arn:aws:sns:us-west-2:585008069642:service-quota"
            ],
            "alarm_description": "This alarm triggers when 80% of the applied Service Quota limit is reached.",
            "alarm_name": "Service: cloudformation | Quota: Stacks",
            "arn": "arn:aws:cloudwatch:us-west-2:585008069642:alarm:Service: cloudformation | Quota: Stacks",
            "comparison_operator": "GreaterThanOrEqualToThreshold",
            "datapoints_to_alarm": 5,
            "dimensions": null,
            "evaluate_low_sample_count_percentiles": "",
            "evaluation_periods": 5,
            "extended_statistic": "",
            "id": "Service: cloudformation | Quota: Stacks",
            "insufficient_data_actions": null,
            "metric_name": "",
            "metric_query": [
              {
                "account_id": "",
                "expression": "",
                "id": "usage_data",
                "label": "",
                "metric": [
                  {
                    "dimensions": {
                      "Class": "None",
                      "Resource": "Stack",
                      "Service": "CloudFormation",
                      "Type": "Resource"
                    },
                    "metric_name": "ResourceCount",
                    "namespace": "AWS/Usage",
                    "period": 60,
                    "stat": "Maximum",
                    "unit": ""
                  }
                ],
                "period": 0,
                "return_data": false
              },
              {
                "account_id": "",
                "expression": "(usage_data/SERVICE_QUOTA(usage_data))*100",
                "id": "pct_utilization",
                "label": "% Utilization",
                "metric": [],
                "period": null,
                "return_data": true
              }
            ],
            "namespace": "",
            "ok_actions": null,
            "period": 0,
            "statistic": "",
            "tags": null,
            "tags_all": {},
            "threshold": 80,
            "threshold_metric_id": "",
            "treat_missing_data": "missing",
            "unit": ""
          },
          "sensitive_attributes": [],
          "identity_schema_version": 0,
          "private": "eyJzY2hlbWFfdmVyc2lvbiI6IjEifQ==",
          "dependencies": [
            "aws_sns_topic.sns"
          ]
        }
      ]
    },
    {
      "mode": "managed",
      "type": "aws_cloudwatch_metric_alarm",
      "name": "standard-parameters",
      "provider": "provider[\"registry.terraform.io/hashicorp/aws\"]",
      "instances": [
        {
          "schema_version": 1,
          "attributes": {
            "actions_enabled": true,
            "alarm_actions": [
              "arn:aws:sns:us-west-2:585008069642:service-quota"
            ],
            "alarm_description": "This alarm triggers when 80% of the applied Service Quota limit is reached.",
            "alarm_name": "Service: ssm | Quota: Standard parameters",
            "arn": "arn:aws:cloudwatch:us-west-2:585008069642:alarm:Service: ssm | Quota: Standard parameters",
            "comparison_operator": "GreaterThanOrEqualToThreshold",
            "datapoints_to_alarm": 5,
            "dimensions": null,
            "evaluate_low_sample_count_percentiles": "",
            "evaluation_periods": 5,
            "extended_statistic": "",
            "id": "Service: ssm | Quota: Standard parameters",
            "insufficient_data_actions": null,
            "metric_name": "",
            "metric_query": [
              {
                "account_id": "",
                "expression": "",
                "id": "usage_data",
                "label": "",
                "metric": [
                  {
                    "dimensions": {
                      "Class": "None",
                      "Resource": "StandardParameterCount",
                      "Service": "SSM",
                      "Type": "Resource"
                    },
                    "metric_name": "ResourceCount",
                    "namespace": "AWS/Usage",
                    "period": 60,
                    "stat": "Maximum",
                    "unit": ""
                  }
                ],
                "period": 0,
                "return_data": false
              },
              {
                "account_id": "",
                "expression": "(usage_data/SERVICE_QUOTA(usage_data))*100",
                "id": "pct_utilization",
                "label": "% Utilization",
                "metric": [],
                "period": null,
                "return_data": true
              }
            ],
            "namespace": "",
            "ok_actions": null,
            "period": 0,
            "statistic": "",
            "tags": null,
            "tags_all": {},
            "threshold": 80,
            "threshold_metric_id": "",
            "treat_missing_data": "missing",
            "unit": ""
          },
          "sensitive_attributes": [],
          "identity_schema_version": 0,
          "private": "eyJzY2hlbWFfdmVyc2lvbiI6IjEifQ==",
          "dependencies": [
            "aws_sns_topic.sns"
          ]
        }
      ]
    },
    {
      "mode": "managed",
      "type": "aws_cloudwatch_metric_alarm",
      "name": "startautomationexecution-tps",
      "provider": "provider[\"registry.terraform.io/hashicorp/aws\"]",
      "instances": [
        {
          "schema_version": 1,
          "attributes": {
            "actions_enabled": true,
            "alarm_actions": [
              "arn:aws:sns:us-west-2:585008069642:service-quota"
            ],
            "alarm_description": "This alarm triggers when 80% of the applied Service Quota limit is reached.",
            "alarm_name": "Service: ssm | Quota: Transactions per second (TPS) for the StartAutomationExecution API",
            "arn": "arn:aws:cloudwatch:us-west-2:585008069642:alarm:Service: ssm | Quota: Transactions per second (TPS) for the StartAutomationExecution API",
            "comparison_operator": "GreaterThanOrEqualToThreshold",
            "datapoints_to_alarm": 5,
            "dimensions": null,
            "evaluate_low_sample_count_percentiles": "",
            "evaluation_periods": 5,
            "extended_statistic": "",
            "id": "Service: ssm | Quota: Transactions per second (TPS) for the StartAutomationExecution API",
            "insufficient_data_actions": null,
            "metric_name": "",
            "metric_query": [
              {
                "account_id": "",
                "expression": "",
                "id": "usage_data",
                "label": "",
                "metric": [
                  {
                    "dimensions": {
                      "Class": "None",
                      "Resource": "StartAutomationExecution",
                      "Service": "SSM",
                      "Type": "API"
                    },
                    "metric_name": "CallCount",
                    "namespace": "AWS/Usage",
                    "period": 60,
                    "stat": "Sum",
                    "unit": ""
                  }
                ],
                "period": 0,
                "return_data": false
              },
              {
                "account_id": "",
                "expression": "(usage_data/SERVICE_QUOTA(usage_data))*100",
                "id": "pct_utilization",
                "label": "% Utilization",
                "metric": [],
                "period": null,
                "return_data": true
              }
            ],
            "namespace": "",
            "ok_actions": null,
            "period": 0,
            "statistic": "",
            "tags": null,
            "tags_all": {},
            "threshold": 80,
            "threshold_metric_id": "",
            "treat_missing_data": "missing",
            "unit": ""
          },
          "sensitive_attributes": [],
          "identity_schema_version": 0,
          "private": "eyJzY2hlbWFfdmVyc2lvbiI6IjEifQ==",
          "dependencies": [
            "aws_sns_topic.sns"
          ]
        }
      ]
    },
    {
      "mode": "managed",
      "type": "aws_cloudwatch_metric_alarm",
      "name": "subnet-groups-per-region",
      "provider": "provider[\"registry.terraform.io/hashicorp/aws\"]",
      "instances": [
        {
          "schema_version": 1,
          "attributes": {
            "actions_enabled": true,
            "alarm_actions": [
              "arn:aws:sns:us-west-2:585008069642:service-quota"
            ],
            "alarm_description": "This alarm triggers when 80% of the applied Service Quota limit is reached.",
            "alarm_name": "Service: elasticache | Quota: Subnet groups per Region",
            "arn": "arn:aws:cloudwatch:us-west-2:585008069642:alarm:Service: elasticache | Quota: Subnet groups per Region",
            "comparison_operator": "GreaterThanOrEqualToThreshold",
            "datapoints_to_alarm": 5,
            "dimensions": null,
            "evaluate_low_sample_count_percentiles": "",
            "evaluation_periods": 5,
            "extended_statistic": "",
            "id": "Service: elasticache | Quota: Subnet groups per Region",
            "insufficient_data_actions": null,
            "metric_name": "",
            "metric_query": [
              {
                "account_id": "",
                "expression": "",
                "id": "usage_data",
                "label": "",
                "metric": [
                  {
                    "dimensions": {
                      "Class": "None",
                      "Resource": "SubnetGroup",
                      "Service": "ElastiCache",
                      "Type": "Resource"
                    },
                    "metric_name": "ResourceCount",
                    "namespace": "AWS/Usage",
                    "period": 60,
                    "stat": "Maximum",
                    "unit": ""
                  }
                ],
                "period": 0,
                "return_data": false
              },
              {
                "account_id": "",
                "expression": "(usage_data/SERVICE_QUOTA(usage_data))*100",
                "id": "pct_utilization",
                "label": "% Utilization",
                "metric": [],
                "period": null,
                "return_data": true
              }
            ],
            "namespace": "",
            "ok_actions": null,
            "period": 0,
            "statistic": "",
            "tags": null,
            "tags_all": {},
            "threshold": 80,
            "threshold_metric_id": "",
            "treat_missing_data": "missing",
            "unit": ""
          },
          "sensitive_attributes": [],
          "identity_schema_version": 0,
          "private": "eyJzY2hlbWFfdmVyc2lvbiI6IjEifQ==",
          "dependencies": [
            "aws_sns_topic.sns"
          ]
        }
      ]
    },
    {
      "mode": "managed",
      "type": "aws_cloudwatch_metric_alarm",
      "name": "subnets-per-db-subnet-group",
      "provider": "provider[\"registry.terraform.io/hashicorp/aws\"]",
      "instances": [
        {
          "schema_version": 1,
          "attributes": {
            "actions_enabled": true,
            "alarm_actions": [
              "arn:aws:sns:us-west-2:585008069642:service-quota"
            ],
            "alarm_description": "This alarm triggers when 80% of the applied Service Quota limit is reached.",
            "alarm_name": "Service: rds | Quota: Subnets per DB subnet group",
            "arn": "arn:aws:cloudwatch:us-west-2:585008069642:alarm:Service: rds | Quota: Subnets per DB subnet group",
            "comparison_operator": "GreaterThanOrEqualToThreshold",
            "datapoints_to_alarm": 5,
            "dimensions": null,
            "evaluate_low_sample_count_percentiles": "",
            "evaluation_periods": 5,
            "extended_statistic": "",
            "id": "Service: rds | Quota: Subnets per DB subnet group",
            "insufficient_data_actions": null,
            "metric_name": "",
            "metric_query": [
              {
                "account_id": "",
                "expression": "",
                "id": "usage_data",
                "label": "",
                "metric": [
                  {
                    "dimensions": {
                      "Class": "None",
                      "Resource": "SubnetsPerDBSubnetGroup",
                      "Service": "RDS",
                      "Type": "Resource"
                    },
                    "metric_name": "ResourceCount",
                    "namespace": "AWS/Usage",
                    "period": 60,
                    "stat": "Maximum",
                    "unit": ""
                  }
                ],
                "period": 0,
                "return_data": false
              },
              {
                "account_id": "",
                "expression": "(usage_data/SERVICE_QUOTA(usage_data))*100",
                "id": "pct_utilization",
                "label": "% Utilization",
                "metric": [],
                "period": null,
                "return_data": true
              }
            ],
            "namespace": "",
            "ok_actions": null,
            "period": 0,
            "statistic": "",
            "tags": null,
            "tags_all": {},
            "threshold": 80,
            "threshold_metric_id": "",
            "treat_missing_data": "missing",
            "unit": ""
          },
          "sensitive_attributes": [],
          "identity_schema_version": 0,
          "private": "eyJzY2hlbWFfdmVyc2lvbiI6IjEifQ==",
          "dependencies": [
            "aws_sns_topic.sns"
          ]
        }
      ]
    },
    {
      "mode": "managed",
      "type": "aws_cloudwatch_metric_alarm",
      "name": "subnets-per-subnet-group",
      "provider": "provider[\"registry.terraform.io/hashicorp/aws\"]",
      "instances": [
        {
          "schema_version": 1,
          "attributes": {
            "actions_enabled": true,
            "alarm_actions": [
              "arn:aws:sns:us-west-2:585008069642:service-quota"
            ],
            "alarm_description": "This alarm triggers when 80% of the applied Service Quota limit is reached.",
            "alarm_name": "Service: elasticache | Quota: Subnets per subnet group",
            "arn": "arn:aws:cloudwatch:us-west-2:585008069642:alarm:Service: elasticache | Quota: Subnets per subnet group",
            "comparison_operator": "GreaterThanOrEqualToThreshold",
            "datapoints_to_alarm": 5,
            "dimensions": null,
            "evaluate_low_sample_count_percentiles": "",
            "evaluation_periods": 5,
            "extended_statistic": "",
            "id": "Service: elasticache | Quota: Subnets per subnet group",
            "insufficient_data_actions": null,
            "metric_name": "",
            "metric_query": [
              {
                "account_id": "",
                "expression": "",
                "id": "usage_data",
                "label": "",
                "metric": [
                  {
                    "dimensions": {
                      "Class": "None",
                      "Resource": "SubnetsPerSubnetGroup",
                      "Service": "ElastiCache",
                      "Type": "Resource"
                    },
                    "metric_name": "ResourceCount",
                    "namespace": "AWS/Usage",
                    "period": 60,
                    "stat": "Maximum",
                    "unit": ""
                  }
                ],
                "period": 0,
                "return_data": false
              },
              {
                "account_id": "",
                "expression": "(usage_data/SERVICE_QUOTA(usage_data))*100",
                "id": "pct_utilization",
                "label": "% Utilization",
                "metric": [],
                "period": null,
                "return_data": true
              }
            ],
            "namespace": "",
            "ok_actions": null,
            "period": 0,
            "statistic": "",
            "tags": null,
            "tags_all": {},
            "threshold": 80,
            "threshold_metric_id": "",
            "treat_missing_data": "missing",
            "unit": ""
          },
          "sensitive_attributes": [],
          "identity_schema_version": 0,
          "private": "eyJzY2hlbWFfdmVyc2lvbiI6IjEifQ==",
          "dependencies": [
            "aws_sns_topic.sns"
          ]
        }
      ]
    },
    {
      "mode": "managed",
      "type": "aws_cloudwatch_metric_alarm",
      "name": "target-groups-per-action-per-application-load-balancer",
      "provider": "provider[\"registry.terraform.io/hashicorp/aws\"]",
      "instances": [
        {
          "schema_version": 1,
          "attributes": {
            "actions_enabled": true,
            "alarm_actions": [
              "arn:aws:sns:us-west-2:585008069642:service-quota"
            ],
            "alarm_description": "This alarm triggers when 80% of the applied Service Quota limit is reached.",
            "alarm_name": "Service: elasticloadbalancing | Quota: Target Groups per Action per Application Load Balancer",
            "arn": "arn:aws:cloudwatch:us-west-2:585008069642:alarm:Service: elasticloadbalancing | Quota: Target Groups per Action per Application Load Balancer",
            "comparison_operator": "GreaterThanOrEqualToThreshold",
            "datapoints_to_alarm": 5,
            "dimensions": null,
            "evaluate_low_sample_count_percentiles": "",
            "evaluation_periods": 5,
            "extended_statistic": "",
            "id": "Service: elasticloadbalancing | Quota: Target Groups per Action per Application Load Balancer",
            "insufficient_data_actions": null,
            "metric_name": "",
            "metric_query": [
              {
                "account_id": "",
                "expression": "",
                "id": "usage_data",
                "label": "",
                "metric": [
                  {
                    "dimensions": {
                      "Class": "None",
                      "Resource": "TargetGroupsPerActionPerApplicationLoadBalancer",
                      "Service": "Elastic Load Balancing",
                      "Type": "Resource"
                    },
                    "metric_name": "ResourceCount",
                    "namespace": "AWS/Usage",
                    "period": 60,
                    "stat": "Maximum",
                    "unit": ""
                  }
                ],
                "period": 0,
                "return_data": false
              },
              {
                "account_id": "",
                "expression": "(usage_data/SERVICE_QUOTA(usage_data))*100",
                "id": "pct_utilization",
                "label": "% Utilization",
                "metric": [],
                "period": null,
                "return_data": true
              }
            ],
            "namespace": "",
            "ok_actions": null,
            "period": 0,
            "statistic": "",
            "tags": null,
            "tags_all": {},
            "threshold": 80,
            "threshold_metric_id": "",
            "treat_missing_data": "missing",
            "unit": ""
          },
          "sensitive_attributes": [],
          "identity_schema_version": 0,
          "private": "eyJzY2hlbWFfdmVyc2lvbiI6IjEifQ==",
          "dependencies": [
            "aws_sns_topic.sns"
          ]
        }
      ]
    },
    {
      "mode": "managed",
      "type": "aws_cloudwatch_metric_alarm",
      "name": "target-groups-per-application-load-balancer",
      "provider": "provider[\"registry.terraform.io/hashicorp/aws\"]",
      "instances": [
        {
          "schema_version": 1,
          "attributes": {
            "actions_enabled": true,
            "alarm_actions": [
              "arn:aws:sns:us-west-2:585008069642:service-quota"
            ],
            "alarm_description": "This alarm triggers when 80% of the applied Service Quota limit is reached.",
            "alarm_name": "Service: elasticloadbalancing | Quota: Target Groups per Application Load Balancer",
            "arn": "arn:aws:cloudwatch:us-west-2:585008069642:alarm:Service: elasticloadbalancing | Quota: Target Groups per Application Load Balancer",
            "comparison_operator": "GreaterThanOrEqualToThreshold",
            "datapoints_to_alarm": 5,
            "dimensions": null,
            "evaluate_low_sample_count_percentiles": "",
            "evaluation_periods": 5,
            "extended_statistic": "",
            "id": "Service: elasticloadbalancing | Quota: Target Groups per Application Load Balancer",
            "insufficient_data_actions": null,
            "metric_name": "",
            "metric_query": [
              {
                "account_id": "",
                "expression": "",
                "id": "usage_data",
                "label": "",
                "metric": [
                  {
                    "dimensions": {
                      "Class": "None",
                      "Resource": "TargetGroupsPerApplicationLoadBalancer",
                      "Service": "Elastic Load Balancing",
                      "Type": "Resource"
                    },
                    "metric_name": "ResourceCount",
                    "namespace": "AWS/Usage",
                    "period": 60,
                    "stat": "Maximum",
                    "unit": ""
                  }
                ],
                "period": 0,
                "return_data": false
              },
              {
                "account_id": "",
                "expression": "(usage_data/SERVICE_QUOTA(usage_data))*100",
                "id": "pct_utilization",
                "label": "% Utilization",
                "metric": [],
                "period": null,
                "return_data": true
              }
            ],
            "namespace": "",
            "ok_actions": null,
            "period": 0,
            "statistic": "",
            "tags": null,
            "tags_all": {},
            "threshold": 80,
            "threshold_metric_id": "",
            "treat_missing_data": "missing",
            "unit": ""
          },
          "sensitive_attributes": [],
          "identity_schema_version": 0,
          "private": "eyJzY2hlbWFfdmVyc2lvbiI6IjEifQ==",
          "dependencies": [
            "aws_sns_topic.sns"
          ]
        }
      ]
    },
    {
      "mode": "managed",
      "type": "aws_cloudwatch_metric_alarm",
      "name": "target-groups-per-region",
      "provider": "provider[\"registry.terraform.io/hashicorp/aws\"]",
      "instances": [
        {
          "schema_version": 1,
          "attributes": {
            "actions_enabled": true,
            "alarm_actions": [
              "arn:aws:sns:us-west-2:585008069642:service-quota"
            ],
            "alarm_description": "This alarm triggers when 80% of the applied Service Quota limit is reached.",
            "alarm_name": "Service: elasticloadbalancing | Quota: Target Groups per Region",
            "arn": "arn:aws:cloudwatch:us-west-2:585008069642:alarm:Service: elasticloadbalancing | Quota: Target Groups per Region",
            "comparison_operator": "GreaterThanOrEqualToThreshold",
            "datapoints_to_alarm": 5,
            "dimensions": null,
            "evaluate_low_sample_count_percentiles": "",
            "evaluation_periods": 5,
            "extended_statistic": "",
            "id": "Service: elasticloadbalancing | Quota: Target Groups per Region",
            "insufficient_data_actions": null,
            "metric_name": "",
            "metric_query": [
              {
                "account_id": "",
                "expression": "",
                "id": "usage_data",
                "label": "",
                "metric": [
                  {
                    "dimensions": {
                      "Class": "None",
                      "Resource": "TargetGroupsPerRegion",
                      "Service": "Elastic Load Balancing",
                      "Type": "Resource"
                    },
                    "metric_name": "ResourceCount",
                    "namespace": "AWS/Usage",
                    "period": 60,
                    "stat": "Maximum",
                    "unit": ""
                  }
                ],
                "period": 0,
                "return_data": false
              },
              {
                "account_id": "",
                "expression": "(usage_data/SERVICE_QUOTA(usage_data))*100",
                "id": "pct_utilization",
                "label": "% Utilization",
                "metric": [],
                "period": null,
                "return_data": true
              }
            ],
            "namespace": "",
            "ok_actions": null,
            "period": 0,
            "statistic": "",
            "tags": null,
            "tags_all": {},
            "threshold": 80,
            "threshold_metric_id": "",
            "treat_missing_data": "missing",
            "unit": ""
          },
          "sensitive_attributes": [],
          "identity_schema_version": 0,
          "private": "eyJzY2hlbWFfdmVyc2lvbiI6IjEifQ==",
          "dependencies": [
            "aws_sns_topic.sns"
          ]
        }
      ]
    },
    {
      "mode": "managed",
      "type": "aws_cloudwatch_metric_alarm",
      "name": "targets-per-application-load-balancer",
      "provider": "provider[\"registry.terraform.io/hashicorp/aws\"]",
      "instances": [
        {
          "schema_version": 1,
          "attributes": {
            "actions_enabled": true,
            "alarm_actions": [
              "arn:aws:sns:us-west-2:585008069642:service-quota"
            ],
            "alarm_description": "This alarm triggers when 80% of the applied Service Quota limit is reached.",
            "alarm_name": "Service: elasticloadbalancing | Quota: Targets per Application Load Balancer",
            "arn": "arn:aws:cloudwatch:us-west-2:585008069642:alarm:Service: elasticloadbalancing | Quota: Targets per Application Load Balancer",
            "comparison_operator": "GreaterThanOrEqualToThreshold",
            "datapoints_to_alarm": 5,
            "dimensions": null,
            "evaluate_low_sample_count_percentiles": "",
            "evaluation_periods": 5,
            "extended_statistic": "",
            "id": "Service: elasticloadbalancing | Quota: Targets per Application Load Balancer",
            "insufficient_data_actions": null,
            "metric_name": "",
            "metric_query": [
              {
                "account_id": "",
                "expression": "",
                "id": "usage_data",
                "label": "",
                "metric": [
                  {
                    "dimensions": {
                      "Class": "None",
                      "Resource": "TargetsPerApplicationLoadBalancer",
                      "Service": "Elastic Load Balancing",
                      "Type": "Resource"
                    },
                    "metric_name": "ResourceCount",
                    "namespace": "AWS/Usage",
                    "period": 60,
                    "stat": "Maximum",
                    "unit": ""
                  }
                ],
                "period": 0,
                "return_data": false
              },
              {
                "account_id": "",
                "expression": "(usage_data/SERVICE_QUOTA(usage_data))*100",
                "id": "pct_utilization",
                "label": "% Utilization",
                "metric": [],
                "period": null,
                "return_data": true
              }
            ],
            "namespace": "",
            "ok_actions": null,
            "period": 0,
            "statistic": "",
            "tags": null,
            "tags_all": {},
            "threshold": 80,
            "threshold_metric_id": "",
            "treat_missing_data": "missing",
            "unit": ""
          },
          "sensitive_attributes": [],
          "identity_schema_version": 0,
          "private": "eyJzY2hlbWFfdmVyc2lvbiI6IjEifQ==",
          "dependencies": [
            "aws_sns_topic.sns"
          ]
        }
      ]
    },
    {
      "mode": "managed",
      "type": "aws_cloudwatch_metric_alarm",
      "name": "targets-per-availability-zone-per-network-load-balancer",
      "provider": "provider[\"registry.terraform.io/hashicorp/aws\"]",
      "instances": [
        {
          "schema_version": 1,
          "attributes": {
            "actions_enabled": true,
            "alarm_actions": [
              "arn:aws:sns:us-west-2:585008069642:service-quota"
            ],
            "alarm_description": "This alarm triggers when 80% of the applied Service Quota limit is reached.",
            "alarm_name": "Service: elasticloadbalancing | Quota: Targets per Availability Zone per Network Load Balancer",
            "arn": "arn:aws:cloudwatch:us-west-2:585008069642:alarm:Service: elasticloadbalancing | Quota: Targets per Availability Zone per Network Load Balancer",
            "comparison_operator": "GreaterThanOrEqualToThreshold",
            "datapoints_to_alarm": 5,
            "dimensions": null,
            "evaluate_low_sample_count_percentiles": "",
            "evaluation_periods": 5,
            "extended_statistic": "",
            "id": "Service: elasticloadbalancing | Quota: Targets per Availability Zone per Network Load Balancer",
            "insufficient_data_actions": null,
            "metric_name": "",
            "metric_query": [
              {
                "account_id": "",
                "expression": "",
                "id": "usage_data",
                "label": "",
                "metric": [
                  {
                    "dimensions": {
                      "Class": "None",
                      "Resource": "TargetsPerAvailabilityZonePerNetworkLoadBalancer",
                      "Service": "Elastic Load Balancing",
                      "Type": "Resource"
                    },
                    "metric_name": "ResourceCount",
                    "namespace": "AWS/Usage",
                    "period": 60,
                    "stat": "Maximum",
                    "unit": ""
                  }
                ],
                "period": 0,
                "return_data": false
              },
              {
                "account_id": "",
                "expression": "(usage_data/SERVICE_QUOTA(usage_data))*100",
                "id": "pct_utilization",
                "label": "% Utilization",
                "metric": [],
                "period": null,
                "return_data": true
              }
            ],
            "namespace": "",
            "ok_actions": null,
            "period": 0,
            "statistic": "",
            "tags": null,
            "tags_all": {},
            "threshold": 80,
            "threshold_metric_id": "",
            "treat_missing_data": "missing",
            "unit": ""
          },
          "sensitive_attributes": [],
          "identity_schema_version": 0,
          "private": "eyJzY2hlbWFfdmVyc2lvbiI6IjEifQ==",
          "dependencies": [
            "aws_sns_topic.sns"
          ]
        }
      ]
    },
    {
      "mode": "managed",
      "type": "aws_cloudwatch_metric_alarm",
      "name": "targets-per-network-load-balancer",
      "provider": "provider[\"registry.terraform.io/hashicorp/aws\"]",
      "instances": [
        {
          "schema_version": 1,
          "attributes": {
            "actions_enabled": true,
            "alarm_actions": [
              "arn:aws:sns:us-west-2:585008069642:service-quota"
            ],
            "alarm_description": "This alarm triggers when 80% of the applied Service Quota limit is reached.",
            "alarm_name": "Service: elasticloadbalancing | Quota: Targets per Network Load Balancer",
            "arn": "arn:aws:cloudwatch:us-west-2:585008069642:alarm:Service: elasticloadbalancing | Quota: Targets per Network Load Balancer",
            "comparison_operator": "GreaterThanOrEqualToThreshold",
            "datapoints_to_alarm": 5,
            "dimensions": null,
            "evaluate_low_sample_count_percentiles": "",
            "evaluation_periods": 5,
            "extended_statistic": "",
            "id": "Service: elasticloadbalancing | Quota: Targets per Network Load Balancer",
            "insufficient_data_actions": null,
            "metric_name": "",
            "metric_query": [
              {
                "account_id": "",
                "expression": "",
                "id": "usage_data",
                "label": "",
                "metric": [
                  {
                    "dimensions": {
                      "Class": "None",
                      "Resource": "TargetsPerNetworkLoadBalancer",
                      "Service": "Elastic Load Balancing",
                      "Type": "Resource"
                    },
                    "metric_name": "ResourceCount",
                    "namespace": "AWS/Usage",
                    "period": 60,
                    "stat": "Maximum",
                    "unit": ""
                  }
                ],
                "period": 0,
                "return_data": false
              },
              {
                "account_id": "",
                "expression": "(usage_data/SERVICE_QUOTA(usage_data))*100",
                "id": "pct_utilization",
                "label": "% Utilization",
                "metric": [],
                "period": null,
                "return_data": true
              }
            ],
            "namespace": "",
            "ok_actions": null,
            "period": 0,
            "statistic": "",
            "tags": null,
            "tags_all": {},
            "threshold": 80,
            "threshold_metric_id": "",
            "treat_missing_data": "missing",
            "unit": ""
          },
          "sensitive_attributes": [],
          "identity_schema_version": 0,
          "private": "eyJzY2hlbWFfdmVyc2lvbiI6IjEifQ==",
          "dependencies": [
            "aws_sns_topic.sns"
          ]
        }
      ]
    },
    {
      "mode": "managed",
      "type": "aws_cloudwatch_metric_alarm",
      "name": "targets-per-target-group-per-region",
      "provider": "provider[\"registry.terraform.io/hashicorp/aws\"]",
      "instances": [
        {
          "schema_version": 1,
          "attributes": {
            "actions_enabled": true,
            "alarm_actions": [
              "arn:aws:sns:us-west-2:585008069642:service-quota"
            ],
            "alarm_description": "This alarm triggers when 80% of the applied Service Quota limit is reached.",
            "alarm_name": "Service: elasticloadbalancing | Quota: Targets per Target Group per Region",
            "arn": "arn:aws:cloudwatch:us-west-2:585008069642:alarm:Service: elasticloadbalancing | Quota: Targets per Target Group per Region",
            "comparison_operator": "GreaterThanOrEqualToThreshold",
            "datapoints_to_alarm": 5,
            "dimensions": null,
            "evaluate_low_sample_count_percentiles": "",
            "evaluation_periods": 5,
            "extended_statistic": "",
            "id": "Service: elasticloadbalancing | Quota: Targets per Target Group per Region",
            "insufficient_data_actions": null,
            "metric_name": "",
            "metric_query": [
              {
                "account_id": "",
                "expression": "",
                "id": "usage_data",
                "label": "",
                "metric": [
                  {
                    "dimensions": {
                      "Class": "None",
                      "Resource": "TargetsPerTargetGroupPerRegion",
                      "Service": "Elastic Load Balancing",
                      "Type": "Resource"
                    },
                    "metric_name": "ResourceCount",
                    "namespace": "AWS/Usage",
                    "period": 60,
                    "stat": "Maximum",
                    "unit": ""
                  }
                ],
                "period": 0,
                "return_data": false
              },
              {
                "account_id": "",
                "expression": "(usage_data/SERVICE_QUOTA(usage_data))*100",
                "id": "pct_utilization",
                "label": "% Utilization",
                "metric": [],
                "period": null,
                "return_data": true
              }
            ],
            "namespace": "",
            "ok_actions": null,
            "period": 0,
            "statistic": "",
            "tags": null,
            "tags_all": {},
            "threshold": 80,
            "threshold_metric_id": "",
            "treat_missing_data": "missing",
            "unit": ""
          },
          "sensitive_attributes": [],
          "identity_schema_version": 0,
          "private": "eyJzY2hlbWFfdmVyc2lvbiI6IjEifQ==",
          "dependencies": [
            "aws_sns_topic.sns"
          ]
        }
      ]
    },
    {
      "mode": "managed",
      "type": "aws_cloudwatch_metric_alarm",
      "name": "the-maximum-number-of-listclusters-api-requests-that-you-can-make-per-second",
      "provider": "provider[\"registry.terraform.io/hashicorp/aws\"]",
      "instances": [
        {
          "schema_version": 1,
          "attributes": {
            "actions_enabled": true,
            "alarm_actions": [
              "arn:aws:sns:us-west-2:585008069642:service-quota"
            ],
            "alarm_description": "This alarm triggers when 80% of the applied Service Quota limit is reached.",
            "alarm_name": "Service: elasticmapreduce | Quota: The maximum number of ListClusters API requests that you can make per second",
            "arn": "arn:aws:cloudwatch:us-west-2:585008069642:alarm:Service: elasticmapreduce | Quota: The maximum number of ListClusters API requests that you can make per second",
            "comparison_operator": "GreaterThanOrEqualToThreshold",
            "datapoints_to_alarm": 5,
            "dimensions": null,
            "evaluate_low_sample_count_percentiles": "",
            "evaluation_periods": 5,
            "extended_statistic": "",
            "id": "Service: elasticmapreduce | Quota: The maximum number of ListClusters API requests that you can make per second",
            "insufficient_data_actions": null,
            "metric_name": "",
            "metric_query": [
              {
                "account_id": "",
                "expression": "",
                "id": "usage_data",
                "label": "",
                "metric": [
                  {
                    "dimensions": {
                      "Class": "None",
                      "Resource": "ListClusters",
                      "Service": "EMR",
                      "Type": "API"
                    },
                    "metric_name": "CallCount",
                    "namespace": "AWS/Usage",
                    "period": 60,
                    "stat": "Sum",
                    "unit": ""
                  }
                ],
                "period": 0,
                "return_data": false
              },
              {
                "account_id": "",
                "expression": "(usage_data/SERVICE_QUOTA(usage_data))*100",
                "id": "pct_utilization",
                "label": "% Utilization",
                "metric": [],
                "period": null,
                "return_data": true
              }
            ],
            "namespace": "",
            "ok_actions": null,
            "period": 0,
            "statistic": "",
            "tags": null,
            "tags_all": {},
            "threshold": 80,
            "threshold_metric_id": "",
            "treat_missing_data": "missing",
            "unit": ""
          },
          "sensitive_attributes": [],
          "identity_schema_version": 0,
          "private": "eyJzY2hlbWFfdmVyc2lvbiI6IjEifQ==",
          "dependencies": [
            "aws_sns_topic.sns"
          ]
        }
      ]
    },
    {
      "mode": "managed",
      "type": "aws_cloudwatch_metric_alarm",
      "name": "throttle-rate-limit-for-describeaccountlimits",
      "provider": "provider[\"registry.terraform.io/hashicorp/aws\"]",
      "instances": [
        {
          "schema_version": 1,
          "attributes": {
            "actions_enabled": true,
            "alarm_actions": [
              "arn:aws:sns:us-west-2:585008069642:service-quota"
            ],
            "alarm_description": "This alarm triggers when 80% of the applied Service Quota limit is reached.",
            "alarm_name": "Service: cloudformation | Quota: Throttle rate limit for DescribeAccountLimits",
            "arn": "arn:aws:cloudwatch:us-west-2:585008069642:alarm:Service: cloudformation | Quota: Throttle rate limit for DescribeAccountLimits",
            "comparison_operator": "GreaterThanOrEqualToThreshold",
            "datapoints_to_alarm": 5,
            "dimensions": null,
            "evaluate_low_sample_count_percentiles": "",
            "evaluation_periods": 5,
            "extended_statistic": "",
            "id": "Service: cloudformation | Quota: Throttle rate limit for DescribeAccountLimits",
            "insufficient_data_actions": null,
            "metric_name": "",
            "metric_query": [
              {
                "account_id": "",
                "expression": "",
                "id": "usage_data",
                "label": "",
                "metric": [
                  {
                    "dimensions": {
                      "Class": "None",
                      "Resource": "DescribeAccountLimits",
                      "Service": "CloudFormation",
                      "Type": "API"
                    },
                    "metric_name": "CallCount",
                    "namespace": "AWS/Usage",
                    "period": 60,
                    "stat": "Sum",
                    "unit": ""
                  }
                ],
                "period": 0,
                "return_data": false
              },
              {
                "account_id": "",
                "expression": "(usage_data/SERVICE_QUOTA(usage_data))*100",
                "id": "pct_utilization",
                "label": "% Utilization",
                "metric": [],
                "period": null,
                "return_data": true
              }
            ],
            "namespace": "",
            "ok_actions": null,
            "period": 0,
            "statistic": "",
            "tags": null,
            "tags_all": {},
            "threshold": 80,
            "threshold_metric_id": "",
            "treat_missing_data": "missing",
            "unit": ""
          },
          "sensitive_attributes": [],
          "identity_schema_version": 0,
          "private": "eyJzY2hlbWFfdmVyc2lvbiI6IjEifQ==",
          "dependencies": [
            "aws_sns_topic.sns"
          ]
        }
      ]
    },
    {
      "mode": "managed",
      "type": "aws_cloudwatch_metric_alarm",
      "name": "throttle-rate-limit-for-describestacks",
      "provider": "provider[\"registry.terraform.io/hashicorp/aws\"]",
      "instances": [
        {
          "schema_version": 1,
          "attributes": {
            "actions_enabled": true,
            "alarm_actions": [
              "arn:aws:sns:us-west-2:585008069642:service-quota"
            ],
            "alarm_description": "This alarm triggers when 80% of the applied Service Quota limit is reached.",
            "alarm_name": "Service: cloudformation | Quota: Throttle rate limit for DescribeStacks",
            "arn": "arn:aws:cloudwatch:us-west-2:585008069642:alarm:Service: cloudformation | Quota: Throttle rate limit for DescribeStacks",
            "comparison_operator": "GreaterThanOrEqualToThreshold",
            "datapoints_to_alarm": 5,
            "dimensions": null,
            "evaluate_low_sample_count_percentiles": "",
            "evaluation_periods": 5,
            "extended_statistic": "",
            "id": "Service: cloudformation | Quota: Throttle rate limit for DescribeStacks",
            "insufficient_data_actions": null,
            "metric_name": "",
            "metric_query": [
              {
                "account_id": "",
                "expression": "",
                "id": "usage_data",
                "label": "",
                "metric": [
                  {
                    "dimensions": {
                      "Class": "None",
                      "Resource": "DescribeStacks",
                      "Service": "CloudFormation",
                      "Type": "API"
                    },
                    "metric_name": "CallCount",
                    "namespace": "AWS/Usage",
                    "period": 60,
                    "stat": "Sum",
                    "unit": ""
                  }
                ],
                "period": 0,
                "return_data": false
              },
              {
                "account_id": "",
                "expression": "(usage_data/SERVICE_QUOTA(usage_data))*100",
                "id": "pct_utilization",
                "label": "% Utilization",
                "metric": [],
                "period": null,
                "return_data": true
              }
            ],
            "namespace": "",
            "ok_actions": null,
            "period": 0,
            "statistic": "",
            "tags": null,
            "tags_all": {},
            "threshold": 80,
            "threshold_metric_id": "",
            "treat_missing_data": "missing",
            "unit": ""
          },
          "sensitive_attributes": [],
          "identity_schema_version": 0,
          "private": "eyJzY2hlbWFfdmVyc2lvbiI6IjEifQ==",
          "dependencies": [
            "aws_sns_topic.sns"
          ]
        }
      ]
    },
    {
      "mode": "managed",
      "type": "aws_cloudwatch_metric_alarm",
      "name": "throttle-rate-limit-for-liststackresources",
      "provider": "provider[\"registry.terraform.io/hashicorp/aws\"]",
      "instances": [
        {
          "schema_version": 1,
          "attributes": {
            "actions_enabled": true,
            "alarm_actions": [
              "arn:aws:sns:us-west-2:585008069642:service-quota"
            ],
            "alarm_description": "This alarm triggers when 80% of the applied Service Quota limit is reached.",
            "alarm_name": "Service: cloudformation | Quota: Throttle rate limit for ListStackResources",
            "arn": "arn:aws:cloudwatch:us-west-2:585008069642:alarm:Service: cloudformation | Quota: Throttle rate limit for ListStackResources",
            "comparison_operator": "GreaterThanOrEqualToThreshold",
            "datapoints_to_alarm": 5,
            "dimensions": null,
            "evaluate_low_sample_count_percentiles": "",
            "evaluation_periods": 5,
            "extended_statistic": "",
            "id": "Service: cloudformation | Quota: Throttle rate limit for ListStackResources",
            "insufficient_data_actions": null,
            "metric_name": "",
            "metric_query": [
              {
                "account_id": "",
                "expression": "",
                "id": "usage_data",
                "label": "",
                "metric": [
                  {
                    "dimensions": {
                      "Class": "None",
                      "Resource": "ListStackResources",
                      "Service": "CloudFormation",
                      "Type": "API"
                    },
                    "metric_name": "CallCount",
                    "namespace": "AWS/Usage",
                    "period": 60,
                    "stat": "Sum",
                    "unit": ""
                  }
                ],
                "period": 0,
                "return_data": false
              },
              {
                "account_id": "",
                "expression": "(usage_data/SERVICE_QUOTA(usage_data))*100",
                "id": "pct_utilization",
                "label": "% Utilization",
                "metric": [],
                "period": null,
                "return_data": true
              }
            ],
            "namespace": "",
            "ok_actions": null,
            "period": 0,
            "statistic": "",
            "tags": null,
            "tags_all": {},
            "threshold": 80,
            "threshold_metric_id": "",
            "treat_missing_data": "missing",
            "unit": ""
          },
          "sensitive_attributes": [],
          "identity_schema_version": 0,
          "private": "eyJzY2hlbWFfdmVyc2lvbiI6IjEifQ==",
          "dependencies": [
            "aws_sns_topic.sns"
          ]
        }
      ]
    },
    {
      "mode": "managed",
      "type": "aws_cloudwatch_metric_alarm",
      "name": "throttle-rate-limit-for-liststacks",
      "provider": "provider[\"registry.terraform.io/hashicorp/aws\"]",
      "instances": [
        {
          "schema_version": 1,
          "attributes": {
            "actions_enabled": true,
            "alarm_actions": [
              "arn:aws:sns:us-west-2:585008069642:service-quota"
            ],
            "alarm_description": "This alarm triggers when 80% of the applied Service Quota limit is reached.",
            "alarm_name": "Service: cloudformation | Quota: Throttle rate limit for ListStacks",
            "arn": "arn:aws:cloudwatch:us-west-2:585008069642:alarm:Service: cloudformation | Quota: Throttle rate limit for ListStacks",
            "comparison_operator": "GreaterThanOrEqualToThreshold",
            "datapoints_to_alarm": 5,
            "dimensions": null,
            "evaluate_low_sample_count_percentiles": "",
            "evaluation_periods": 5,
            "extended_statistic": "",
            "id": "Service: cloudformation | Quota: Throttle rate limit for ListStacks",
            "insufficient_data_actions": null,
            "metric_name": "",
            "metric_query": [
              {
                "account_id": "",
                "expression": "",
                "id": "usage_data",
                "label": "",
                "metric": [
                  {
                    "dimensions": {
                      "Class": "None",
                      "Resource": "ListStacks",
                      "Service": "CloudFormation",
                      "Type": "API"
                    },
                    "metric_name": "CallCount",
                    "namespace": "AWS/Usage",
                    "period": 60,
                    "stat": "Sum",
                    "unit": ""
                  }
                ],
                "period": 0,
                "return_data": false
              },
              {
                "account_id": "",
                "expression": "(usage_data/SERVICE_QUOTA(usage_data))*100",
                "id": "pct_utilization",
                "label": "% Utilization",
                "metric": [],
                "period": null,
                "return_data": true
              }
            ],
            "namespace": "",
            "ok_actions": null,
            "period": 0,
            "statistic": "",
            "tags": null,
            "tags_all": {},
            "threshold": 80,
            "threshold_metric_id": "",
            "treat_missing_data": "missing",
            "unit": ""
          },
          "sensitive_attributes": [],
          "identity_schema_version": 0,
          "private": "eyJzY2hlbWFfdmVyc2lvbiI6IjEifQ==",
          "dependencies": [
            "aws_sns_topic.sns"
          ]
        }
      ]
    },
    {
      "mode": "managed",
      "type": "aws_cloudwatch_metric_alarm",
      "name": "trails-per-region",
      "provider": "provider[\"registry.terraform.io/hashicorp/aws\"]",
      "instances": [
        {
          "schema_version": 1,
          "attributes": {
            "actions_enabled": true,
            "alarm_actions": [
              "arn:aws:sns:us-west-2:585008069642:service-quota"
            ],
            "alarm_description": "This alarm triggers when 80% of the applied Service Quota limit is reached.",
            "alarm_name": "Service: cloudtrail | Quota: Trails per region",
            "arn": "arn:aws:cloudwatch:us-west-2:585008069642:alarm:Service: cloudtrail | Quota: Trails per region",
            "comparison_operator": "GreaterThanOrEqualToThreshold",
            "datapoints_to_alarm": 5,
            "dimensions": null,
            "evaluate_low_sample_count_percentiles": "",
            "evaluation_periods": 5,
            "extended_statistic": "",
            "id": "Service: cloudtrail | Quota: Trails per region",
            "insufficient_data_actions": null,
            "metric_name": "",
            "metric_query": [
              {
                "account_id": "",
                "expression": "",
                "id": "usage_data",
                "label": "",
                "metric": [
                  {
                    "dimensions": {
                      "Class": "None",
                      "Resource": "Trail",
                      "Service": "CloudTrail",
                      "Type": "Resource"
                    },
                    "metric_name": "ResourceCount",
                    "namespace": "AWS/Usage",
                    "period": 60,
                    "stat": "Maximum",
                    "unit": ""
                  }
                ],
                "period": 0,
                "return_data": false
              },
              {
                "account_id": "",
                "expression": "(usage_data/SERVICE_QUOTA(usage_data))*100",
                "id": "pct_utilization",
                "label": "% Utilization",
                "metric": [],
                "period": null,
                "return_data": true
              }
            ],
            "namespace": "",
            "ok_actions": null,
            "period": 0,
            "statistic": "",
            "tags": null,
            "tags_all": {},
            "threshold": 80,
            "threshold_metric_id": "",
            "treat_missing_data": "missing",
            "unit": ""
          },
          "sensitive_attributes": [],
          "identity_schema_version": 0,
          "private": "eyJzY2hlbWFfdmVyc2lvbiI6IjEifQ==",
          "dependencies": [
            "aws_sns_topic.sns"
          ]
        }
      ]
    },
    {
      "mode": "managed",
      "type": "aws_cloudwatch_metric_alarm",
      "name": "transactions-per-second-tps-for-the-lookupevents-api",
      "provider": "provider[\"registry.terraform.io/hashicorp/aws\"]",
      "instances": [
        {
          "schema_version": 1,
          "attributes": {
            "actions_enabled": true,
            "alarm_actions": [
              "arn:aws:sns:us-west-2:585008069642:service-quota"
            ],
            "alarm_description": "This alarm triggers when 80% of the applied Service Quota limit is reached.",
            "alarm_name": "Service: cloudtrail | Quota: Transactions per second (TPS) for the LookupEvents API",
            "arn": "arn:aws:cloudwatch:us-west-2:585008069642:alarm:Service: cloudtrail | Quota: Transactions per second (TPS) for the LookupEvents API",
            "comparison_operator": "GreaterThanOrEqualToThreshold",
            "datapoints_to_alarm": 5,
            "dimensions": null,
            "evaluate_low_sample_count_percentiles": "",
            "evaluation_periods": 5,
            "extended_statistic": "",
            "id": "Service: cloudtrail | Quota: Transactions per second (TPS) for the LookupEvents API",
            "insufficient_data_actions": null,
            "metric_name": "",
            "metric_query": [
              {
                "account_id": "",
                "expression": "",
                "id": "usage_data",
                "label": "",
                "metric": [
                  {
                    "dimensions": {
                      "Class": "None",
                      "Resource": "LookupEvents",
                      "Service": "CloudTrail",
                      "Type": "API"
                    },
                    "metric_name": "CallCount",
                    "namespace": "AWS/Usage",
                    "period": 60,
                    "stat": "Sum",
                    "unit": ""
                  }
                ],
                "period": 0,
                "return_data": false
              },
              {
                "account_id": "",
                "expression": "(usage_data/SERVICE_QUOTA(usage_data))*100",
                "id": "pct_utilization",
                "label": "% Utilization",
                "metric": [],
                "period": null,
                "return_data": true
              }
            ],
            "namespace": "",
            "ok_actions": null,
            "period": 0,
            "statistic": "",
            "tags": null,
            "tags_all": {},
            "threshold": 80,
            "threshold_metric_id": "",
            "treat_missing_data": "missing",
            "unit": ""
          },
          "sensitive_attributes": [],
          "identity_schema_version": 0,
          "private": "eyJzY2hlbWFfdmVyc2lvbiI6IjEifQ==",
          "dependencies": [
            "aws_sns_topic.sns"
          ]
        }
      ]
    },
    {
      "mode": "managed",
      "type": "aws_cloudwatch_metric_alarm",
      "name": "users-per-region",
      "provider": "provider[\"registry.terraform.io/hashicorp/aws\"]",
      "instances": [
        {
          "schema_version": 1,
          "attributes": {
            "actions_enabled": true,
            "alarm_actions": [
              "arn:aws:sns:us-west-2:585008069642:service-quota"
            ],
            "alarm_description": "This alarm triggers when 80% of the applied Service Quota limit is reached.",
            "alarm_name": "Service: elasticache | Quota: Users per Region",
            "arn": "arn:aws:cloudwatch:us-west-2:585008069642:alarm:Service: elasticache | Quota: Users per Region",
            "comparison_operator": "GreaterThanOrEqualToThreshold",
            "datapoints_to_alarm": 5,
            "dimensions": null,
            "evaluate_low_sample_count_percentiles": "",
            "evaluation_periods": 5,
            "extended_statistic": "",
            "id": "Service: elasticache | Quota: Users per Region",
            "insufficient_data_actions": null,
            "metric_name": "",
            "metric_query": [
              {
                "account_id": "",
                "expression": "",
                "id": "usage_data",
                "label": "",
                "metric": [
                  {
                    "dimensions": {
                      "Class": "None",
                      "Resource": "User",
                      "Service": "ElastiCache",
                      "Type": "Resource"
                    },
                    "metric_name": "ResourceCount",
                    "namespace": "AWS/Usage",
                    "period": 60,
                    "stat": "Maximum",
                    "unit": ""
                  }
                ],
                "period": 0,
                "return_data": false
              },
              {
                "account_id": "",
                "expression": "(usage_data/SERVICE_QUOTA(usage_data))*100",
                "id": "pct_utilization",
                "label": "% Utilization",
                "metric": [],
                "period": null,
                "return_data": true
              }
            ],
            "namespace": "",
            "ok_actions": null,
            "period": 0,
            "statistic": "",
            "tags": null,
            "tags_all": {},
            "threshold": 80,
            "threshold_metric_id": "",
            "treat_missing_data": "missing",
            "unit": ""
          },
          "sensitive_attributes": [],
          "identity_schema_version": 0,
          "private": "eyJzY2hlbWFfdmVyc2lvbiI6IjEifQ==",
          "dependencies": [
            "aws_sns_topic.sns"
          ]
        }
      ]
    },
    {
      "mode": "managed",
      "type": "aws_sns_topic",
      "name": "sns",
      "provider": "provider[\"registry.terraform.io/hashicorp/aws\"]",
      "instances": [
        {
          "schema_version": 0,
          "attributes": {
            "application_failure_feedback_role_arn": "",
            "application_success_feedback_role_arn": "",
            "application_success_feedback_sample_rate": 0,
            "archive_policy": "",
            "arn": "arn:aws:sns:us-west-2:585008069642:service-quota",
            "beginning_archive_time": "",
            "content_based_deduplication": false,
            "delivery_policy": "",
            "display_name": "",
            "fifo_throughput_scope": "",
            "fifo_topic": false,
            "firehose_failure_feedback_role_arn": "",
            "firehose_success_feedback_role_arn": "",
            "firehose_success_feedback_sample_rate": 0,
            "http_failure_feedback_role_arn": "",
            "http_success_feedback_role_arn": "",
            "http_success_feedback_sample_rate": 0,
            "id": "arn:aws:sns:us-west-2:585008069642:service-quota",
            "kms_master_key_id": "",
            "lambda_failure_feedback_role_arn": "",
            "lambda_success_feedback_role_arn": "",
            "lambda_success_feedback_sample_rate": 0,
            "name": "service-quota",
            "name_prefix": "",
            "owner": "585008069642",
            "policy": "{\"Id\":\"__default_policy_ID\",\"Statement\":[{\"Action\":[\"SNS:GetTopicAttributes\",\"SNS:SetTopicAttributes\",\"SNS:AddPermission\",\"SNS:RemovePermission\",\"SNS:DeleteTopic\",\"SNS:Subscribe\",\"SNS:ListSubscriptionsByTopic\",\"SNS:Publish\"],\"Condition\":{\"StringEquals\":{\"AWS:SourceOwner\":\"585008069642\"}},\"Effect\":\"Allow\",\"Principal\":{\"AWS\":\"*\"},\"Resource\":\"arn:aws:sns:us-west-2:585008069642:service-quota\",\"Sid\":\"__default_statement_ID\"}],\"Version\":\"2008-10-17\"}",
            "signature_version": 0,
            "sqs_failure_feedback_role_arn": "",
            "sqs_success_feedback_role_arn": "",
            "sqs_success_feedback_sample_rate": 0,
            "tags": null,
            "tags_all": {},
            "tracing_config": ""
          },
          "sensitive_attributes": [],
          "identity_schema_version": 0,
          "private": "bnVsbA=="
        }
      ]
    },
    {
      "mode": "managed",
      "type": "aws_sns_topic_subscription",
      "name": "squadcast",
      "provider": "provider[\"registry.terraform.io/hashicorp/aws\"]",
      "instances": [
        {
          "schema_version": 0,
          "attributes": {
            "arn": "arn:aws:sns:us-west-2:585008069642:service-quota:765adfa9-388d-4e78-aef8-060f5e1833be",
            "confirmation_timeout_in_minutes": 1,
            "confirmation_was_authenticated": false,
            "delivery_policy": "",
            "endpoint": "https://example.com/endpoint",
            "endpoint_auto_confirms": false,
            "filter_policy": "",
            "filter_policy_scope": "",
            "id": "arn:aws:sns:us-west-2:585008069642:service-quota:765adfa9-388d-4e78-aef8-060f5e1833be",
            "owner_id": "585008069642",
            "pending_confirmation": true,
            "protocol": "https",
            "raw_message_delivery": false,
            "redrive_policy": "",
            "replay_policy": "",
            "subscription_role_arn": "",
            "topic_arn": "arn:aws:sns:us-west-2:585008069642:service-quota"
          },
          "sensitive_attributes": [],
          "identity_schema_version": 0,
          "private": "bnVsbA==",
          "dependencies": [
            "aws_sns_topic.sns"
          ]
        }
      ]
    }
  ],
  "check_results": null
}
