{
  "version": 4,
  "terraform_version": "1.13.0",
  "serial": 15,
  "lineage": "e33cd0b7-83e5-6639-c212-65678a691439",
  "outputs": {},
  "resources": [
    {
      "mode": "managed",
      "type": "aws_cloudwatch_metric_alarm",
      "name": "ec2_quota_running_on_demand_standard_instances",
      "provider": "provider[\"registry.terraform.io/hashicorp/aws\"]",
      "instances": [
        {
          "schema_version": 1,
          "attributes": {
            "actions_enabled": true,
            "alarm_actions": [
              "arn:aws:sns:us-west-2:585008069642:sns"
            ],
            "alarm_description": "This alarm triggers when 80% of the applied Service Quota limit is reached.",
            "alarm_name": "Service: ec2 | Quota: Running On-Demand Standard (A, C, D, H, I, M, R, T, Z) instances",
            "arn": "arn:aws:cloudwatch:us-west-2:585008069642:alarm:Service: ec2 | Quota: Running On-Demand Standard (A, C, D, H, I, M, R, T, Z) instances",
            "comparison_operator": "GreaterThanOrEqualToThreshold",
            "datapoints_to_alarm": 5,
            "dimensions": {},
            "evaluate_low_sample_count_percentiles": "",
            "evaluation_periods": 5,
            "extended_statistic": "",
            "id": "Service: ec2 | Quota: Running On-Demand Standard (A, C, D, H, I, M, R, T, Z) instances",
            "insufficient_data_actions": [],
            "metric_name": "",
            "metric_query": [
              {
                "account_id": "",
                "expression": "",
                "id": "usage_data",
                "label": "",
                "metric": [
                  {
                    "dimensions": {
                      "Class": "Standard/OnDemand",
                      "Resource": "vCPU",
                      "Service": "EC2",
                      "Type": "Resource"
                    },
                    "metric_name": "ResourceCount",
                    "namespace": "AWS/Usage",
                    "period": 60,
                    "stat": "Maximum",
                    "unit": ""
                  }
                ],
                "period": 0,
                "return_data": false
              },
              {
                "account_id": "",
                "expression": "(usage_data/SERVICE_QUOTA(usage_data))*100",
                "id": "pct_utilization",
                "label": "% Utilization",
                "metric": [],
                "period": 0,
                "return_data": true
              }
            ],
            "namespace": "",
            "ok_actions": [],
            "period": 0,
            "statistic": "",
            "tags": {
              "ServiceQuotaMonitor": "L-1216C47A"
            },
            "tags_all": {
              "ServiceQuotaMonitor": "L-1216C47A"
            },
            "threshold": 80,
            "threshold_metric_id": "",
            "treat_missing_data": "missing",
            "unit": ""
          },
          "sensitive_attributes": [],
          "identity_schema_version": 0,
          "private": "eyJzY2hlbWFfdmVyc2lvbiI6IjEifQ=="
        }
      ]
    },
    {
      "mode": "managed",
      "type": "aws_cloudwatch_metric_alarm",
      "name": "rds_quota_subnets_per_db_subnet_group",
      "provider": "provider[\"registry.terraform.io/hashicorp/aws\"]",
      "instances": [
        {
          "schema_version": 1,
          "attributes": {
            "actions_enabled": true,
            "alarm_actions": [
              "arn:aws:sns:us-west-2:585008069642:sns"
            ],
            "alarm_description": "This alarm triggers when 80% of the applied Service Quota limit is reached.",
            "alarm_name": "Service: rds | Quota: Subnets per DB subnet group",
            "arn": "arn:aws:cloudwatch:us-west-2:585008069642:alarm:Service: rds | Quota: Subnets per DB subnet group",
            "comparison_operator": "GreaterThanOrEqualToThreshold",
            "datapoints_to_alarm": 5,
            "dimensions": {},
            "evaluate_low_sample_count_percentiles": "",
            "evaluation_periods": 5,
            "extended_statistic": "",
            "id": "Service: rds | Quota: Subnets per DB subnet group",
            "insufficient_data_actions": [],
            "metric_name": "",
            "metric_query": [
              {
                "account_id": "",
                "expression": "",
                "id": "usage_data",
                "label": "",
                "metric": [
                  {
                    "dimensions": {
                      "Class": "None",
                      "Resource": "SubnetsPerDBSubnetGroup",
                      "Service": "RDS",
                      "Type": "Resource"
                    },
                    "metric_name": "ResourceCount",
                    "namespace": "AWS/Usage",
                    "period": 60,
                    "stat": "Maximum",
                    "unit": ""
                  }
                ],
                "period": 0,
                "return_data": false
              },
              {
                "account_id": "",
                "expression": "(usage_data/SERVICE_QUOTA(usage_data))*100",
                "id": "pct_utilization",
                "label": "% Utilization",
                "metric": [],
                "period": 0,
                "return_data": true
              }
            ],
            "namespace": "",
            "ok_actions": [],
            "period": 0,
            "statistic": "",
            "tags": {
              "ServiceQuotaMonitor": "L-6F3ACC36"
            },
            "tags_all": {
              "ServiceQuotaMonitor": "L-6F3ACC36"
            },
            "threshold": 80,
            "threshold_metric_id": "",
            "treat_missing_data": "missing",
            "unit": ""
          },
          "sensitive_attributes": [],
          "identity_schema_version": 0,
          "private": "eyJzY2hlbWFfdmVyc2lvbiI6IjEifQ=="
        }
      ]
    },
    {
      "mode": "managed",
      "type": "aws_cloudwatch_metric_alarm",
      "name": "ssm_quota_describe_instance_info_rate",
      "provider": "provider[\"registry.terraform.io/hashicorp/aws\"]",
      "instances": [
        {
          "schema_version": 1,
          "attributes": {
            "actions_enabled": true,
            "alarm_actions": [
              "arn:aws:sns:us-west-2:585008069642:sns"
            ],
            "alarm_description": "This alarm triggers when 80% of the applied Service Quota limit is reached.",
            "alarm_name": "Service: ssm | Quota: Describe instance (node) information rate",
            "arn": "arn:aws:cloudwatch:us-west-2:585008069642:alarm:Service: ssm | Quota: Describe instance (node) information rate",
            "comparison_operator": "GreaterThanOrEqualToThreshold",
            "datapoints_to_alarm": 5,
            "dimensions": {},
            "evaluate_low_sample_count_percentiles": "",
            "evaluation_periods": 5,
            "extended_statistic": "",
            "id": "Service: ssm | Quota: Describe instance (node) information rate",
            "insufficient_data_actions": [],
            "metric_name": "",
            "metric_query": [
              {
                "account_id": "",
                "expression": "",
                "id": "usage_data",
                "label": "",
                "metric": [
                  {
                    "dimensions": {
                      "Class": "None",
                      "Resource": "DescribeInstanceInformation",
                      "Service": "SSM",
                      "Type": "API"
                    },
                    "metric_name": "CallCount",
                    "namespace": "AWS/Usage",
                    "period": 60,
                    "stat": "Sum",
                    "unit": ""
                  }
                ],
                "period": 0,
                "return_data": false
              },
              {
                "account_id": "",
                "expression": "(usage_data/SERVICE_QUOTA(usage_data))*100",
                "id": "pct_utilization",
                "label": "% Utilization",
                "metric": [],
                "period": 0,
                "return_data": true
              }
            ],
            "namespace": "",
            "ok_actions": [],
            "period": 0,
            "statistic": "",
            "tags": {
              "ServiceQuotaMonitor": "L-63DB636A"
            },
            "tags_all": {
              "ServiceQuotaMonitor": "L-63DB636A"
            },
            "threshold": 80,
            "threshold_metric_id": "",
            "treat_missing_data": "missing",
            "unit": ""
          },
          "sensitive_attributes": [],
          "identity_schema_version": 0,
          "private": "eyJzY2hlbWFfdmVyc2lvbiI6IjEifQ=="
        }
      ]
    }
  ],
  "check_results": null
}
